
Microsoft Visual Studio Solution File, Format Version 12.00
# Visual Studio Version 16
VisualStudioVersion = 16.0.31702.278
MinimumVisualStudioVersion = 10.0.40219.1
Project("{9A19103F-16F7-4668-BE54-9A1E7A4F7556}") = "L.01.RandomizeWords", "L.01.RandomizeWords\L.01.RandomizeWords.csproj", "{F03CD9CC-B46D-4BBB-9914-23A11D18FA4A}"
EndProject
Project("{9A19103F-16F7-4668-BE54-9A1E7A4F7556}") = "L.02.BigFactorial", "L.02.BigFactorial\L.02.BigFactorial.csproj", "{4374F263-5240-4BFA-86E4-6E06C886FFAC}"
EndProject
Project("{9A19103F-16F7-4668-BE54-9A1E7A4F7556}") = "L.03.Songs", "L.03.Songs\L.03.Songs.csproj", "{F18BB173-2238-44CA-AFEF-735E951FBA99}"
EndProject
Project("{9A19103F-16F7-4668-BE54-9A1E7A4F7556}") = "L.04.Students", "L.04.Students\L.04.Students.csproj", "{31896AC6-5660-4E93-890D-33E41C8A230C}"
EndProject
Project("{9A19103F-16F7-4668-BE54-9A1E7A4F7556}") = "L.05.Students2.0", "L.05.Students2.0\L.05.Students2.0.csproj", "{072DC132-A415-4F26-8154-F0EA6FE962EE}"
EndProject
Project("{9A19103F-16F7-4668-BE54-9A1E7A4F7556}") = "L.06.StoreBoxes", "L.06.StoreBoxes\L.06.StoreBoxes.csproj", "{93C31717-A2E7-4D8F-B90A-690C086E1FCC}"
EndProject
Project("{9A19103F-16F7-4668-BE54-9A1E7A4F7556}") = "L.07.VehicleCatalogue", "L.07.VehicleCatalogue\L.07.VehicleCatalogue.csproj", "{219AE8AA-26A3-4EC7-9402-4AB4E18487AE}"
EndProject
Project("{9A19103F-16F7-4668-BE54-9A1E7A4F7556}") = "Ex.01.AdvertisementMessage", "Ex.01.AdvertisementMessage\Ex.01.AdvertisementMessage.csproj", "{A8AB0860-A014-44E3-B723-705394CEDDF2}"
EndProject
Project("{9A19103F-16F7-4668-BE54-9A1E7A4F7556}") = "Ex.02.Articles", "Ex.02.Articles\Ex.02.Articles.csproj", "{7F5A2248-4C6B-43E7-911B-D30D0F252ED2}"
EndProject
Project("{9A19103F-16F7-4668-BE54-9A1E7A4F7556}") = "Ex.03.Articles2.0", "Ex.03.Articles2.0\Ex.03.Articles2.0.csproj", "{C8BCCCAC-7ED0-4EBD-90FF-BD3D2830DB5F}"
EndProject
Project("{9A19103F-16F7-4668-BE54-9A1E7A4F7556}") = "Ex.04.Students", "Ex.04.Students\Ex.04.Students.csproj", "{28C94AE4-3510-486A-A05F-1D197BC53F86}"
EndProject
Project("{9A19103F-16F7-4668-BE54-9A1E7A4F7556}") = "Ex.05.TeamworkProjects", "Ex.05.TeamworkProjects\Ex.05.TeamworkProjects.csproj", "{28793E87-A316-49F7-888A-715F3B9816D6}"
EndProject
Project("{9A19103F-16F7-4668-BE54-9A1E7A4F7556}") = "Ex.05.TeamworkProjectsModV1", "Ex.05.TeamworkProjectsModV1\Ex.05.TeamworkProjectsModV1.csproj", "{53BA9C9E-7FBF-48EC-9192-2C19A721211C}"
EndProject
Project("{9A19103F-16F7-4668-BE54-9A1E7A4F7556}") = "Ex.05.TeamworkProjectsModV2", "Ex.05.TeamworkProjectsModV2\Ex.05.TeamworkProjectsModV2.csproj", "{30D224FC-0601-4A0F-95B7-D69A64AC4A8C}"
EndProject
Project("{9A19103F-16F7-4668-BE54-9A1E7A4F7556}") = "Ex.05.TeamworkProjectsModV3", "Ex.05.TeamworkProjectsModV3\Ex.05.TeamworkProjectsModV3.csproj", "{D5C9EDD6-7D6D-45DC-9AD3-2F51B7A9F469}"
EndProject
Project("{FAE04EC0-301F-11D3-BF4B-00C04F79EFBC}") = "Ex.05.TeamworkProjectsModV4", "Ex.05.TeamworkProjectsModV4\Ex.05.TeamworkProjectsModV4.csproj", "{1BA6AB7B-3192-45C2-9213-7436CCFCF09F}"
EndProject
Global
	GlobalSection(SolutionConfigurationPlatforms) = preSolution
		Debug|Any CPU = Debug|Any CPU
		Release|Any CPU = Release|Any CPU
	EndGlobalSection
	GlobalSection(ProjectConfigurationPlatforms) = postSolution
		{F03CD9CC-B46D-4BBB-9914-23A11D18FA4A}.Debug|Any CPU.ActiveCfg = Debug|Any CPU
		{F03CD9CC-B46D-4BBB-9914-23A11D18FA4A}.Debug|Any CPU.Build.0 = Debug|Any CPU
		{F03CD9CC-B46D-4BBB-9914-23A11D18FA4A}.Release|Any CPU.ActiveCfg = Release|Any CPU
		{F03CD9CC-B46D-4BBB-9914-23A11D18FA4A}.Release|Any CPU.Build.0 = Release|Any CPU
		{4374F263-5240-4BFA-86E4-6E06C886FFAC}.Debug|Any CPU.ActiveCfg = Debug|Any CPU
		{4374F263-5240-4BFA-86E4-6E06C886FFAC}.Debug|Any CPU.Build.0 = Debug|Any CPU
		{4374F263-5240-4BFA-86E4-6E06C886FFAC}.Release|Any CPU.ActiveCfg = Release|Any CPU
		{4374F263-5240-4BFA-86E4-6E06C886FFAC}.Release|Any CPU.Build.0 = Release|Any CPU
		{F18BB173-2238-44CA-AFEF-735E951FBA99}.Debug|Any CPU.ActiveCfg = Debug|Any CPU
		{F18BB173-2238-44CA-AFEF-735E951FBA99}.Debug|Any CPU.Build.0 = Debug|Any CPU
		{F18BB173-2238-44CA-AFEF-735E951FBA99}.Release|Any CPU.ActiveCfg = Release|Any CPU
		{F18BB173-2238-44CA-AFEF-735E951FBA99}.Release|Any CPU.Build.0 = Release|Any CPU
		{31896AC6-5660-4E93-890D-33E41C8A230C}.Debug|Any CPU.ActiveCfg = Debug|Any CPU
		{31896AC6-5660-4E93-890D-33E41C8A230C}.Debug|Any CPU.Build.0 = Debug|Any CPU
		{31896AC6-5660-4E93-890D-33E41C8A230C}.Release|Any CPU.ActiveCfg = Release|Any CPU
		{31896AC6-5660-4E93-890D-33E41C8A230C}.Release|Any CPU.Build.0 = Release|Any CPU
		{072DC132-A415-4F26-8154-F0EA6FE962EE}.Debug|Any CPU.ActiveCfg = Debug|Any CPU
		{072DC132-A415-4F26-8154-F0EA6FE962EE}.Debug|Any CPU.Build.0 = Debug|Any CPU
		{072DC132-A415-4F26-8154-F0EA6FE962EE}.Release|Any CPU.ActiveCfg = Release|Any CPU
		{072DC132-A415-4F26-8154-F0EA6FE962EE}.Release|Any CPU.Build.0 = Release|Any CPU
		{93C31717-A2E7-4D8F-B90A-690C086E1FCC}.Debug|Any CPU.ActiveCfg = Debug|Any CPU
		{93C31717-A2E7-4D8F-B90A-690C086E1FCC}.Debug|Any CPU.Build.0 = Debug|Any CPU
		{93C31717-A2E7-4D8F-B90A-690C086E1FCC}.Release|Any CPU.ActiveCfg = Release|Any CPU
		{93C31717-A2E7-4D8F-B90A-690C086E1FCC}.Release|Any CPU.Build.0 = Release|Any CPU
		{219AE8AA-26A3-4EC7-9402-4AB4E18487AE}.Debug|Any CPU.ActiveCfg = Debug|Any CPU
		{219AE8AA-26A3-4EC7-9402-4AB4E18487AE}.Debug|Any CPU.Build.0 = Debug|Any CPU
		{219AE8AA-26A3-4EC7-9402-4AB4E18487AE}.Release|Any CPU.ActiveCfg = Release|Any CPU
		{219AE8AA-26A3-4EC7-9402-4AB4E18487AE}.Release|Any CPU.Build.0 = Release|Any CPU
		{A8AB0860-A014-44E3-B723-705394CEDDF2}.Debug|Any CPU.ActiveCfg = Debug|Any CPU
		{A8AB0860-A014-44E3-B723-705394CEDDF2}.Debug|Any CPU.Build.0 = Debug|Any CPU
		{A8AB0860-A014-44E3-B723-705394CEDDF2}.Release|Any CPU.ActiveCfg = Release|Any CPU
		{A8AB0860-A014-44E3-B723-705394CEDDF2}.Release|Any CPU.Build.0 = Release|Any CPU
		{7F5A2248-4C6B-43E7-911B-D30D0F252ED2}.Debug|Any CPU.ActiveCfg = Debug|Any CPU
		{7F5A2248-4C6B-43E7-911B-D30D0F252ED2}.Debug|Any CPU.Build.0 = Debug|Any CPU
		{7F5A2248-4C6B-43E7-911B-D30D0F252ED2}.Release|Any CPU.ActiveCfg = Release|Any CPU
		{7F5A2248-4C6B-43E7-911B-D30D0F252ED2}.Release|Any CPU.Build.0 = Release|Any CPU
		{C8BCCCAC-7ED0-4EBD-90FF-BD3D2830DB5F}.Debug|Any CPU.ActiveCfg = Debug|Any CPU
		{C8BCCCAC-7ED0-4EBD-90FF-BD3D2830DB5F}.Debug|Any CPU.Build.0 = Debug|Any CPU
		{C8BCCCAC-7ED0-4EBD-90FF-BD3D2830DB5F}.Release|Any CPU.ActiveCfg = Release|Any CPU
		{C8BCCCAC-7ED0-4EBD-90FF-BD3D2830DB5F}.Release|Any CPU.Build.0 = Release|Any CPU
		{28C94AE4-3510-486A-A05F-1D197BC53F86}.Debug|Any CPU.ActiveCfg = Debug|Any CPU
		{28C94AE4-3510-486A-A05F-1D197BC53F86}.Debug|Any CPU.Build.0 = Debug|Any CPU
		{28C94AE4-3510-486A-A05F-1D197BC53F86}.Release|Any CPU.ActiveCfg = Release|Any CPU
		{28C94AE4-3510-486A-A05F-1D197BC53F86}.Release|Any CPU.Build.0 = Release|Any CPU
		{28793E87-A316-49F7-888A-715F3B9816D6}.Debug|Any CPU.ActiveCfg = Debug|Any CPU
		{28793E87-A316-49F7-888A-715F3B9816D6}.Debug|Any CPU.Build.0 = Debug|Any CPU
		{28793E87-A316-49F7-888A-715F3B9816D6}.Release|Any CPU.ActiveCfg = Release|Any CPU
		{28793E87-A316-49F7-888A-715F3B9816D6}.Release|Any CPU.Build.0 = Release|Any CPU
		{53BA9C9E-7FBF-48EC-9192-2C19A721211C}.Debug|Any CPU.ActiveCfg = Debug|Any CPU
		{53BA9C9E-7FBF-48EC-9192-2C19A721211C}.Debug|Any CPU.Build.0 = Debug|Any CPU
		{53BA9C9E-7FBF-48EC-9192-2C19A721211C}.Release|Any CPU.ActiveCfg = Release|Any CPU
		{53BA9C9E-7FBF-48EC-9192-2C19A721211C}.Release|Any CPU.Build.0 = Release|Any CPU
		{30D224FC-0601-4A0F-95B7-D69A64AC4A8C}.Debug|Any CPU.ActiveCfg = Debug|Any CPU
		{30D224FC-0601-4A0F-95B7-D69A64AC4A8C}.Debug|Any CPU.Build.0 = Debug|Any CPU
		{30D224FC-0601-4A0F-95B7-D69A64AC4A8C}.Release|Any CPU.ActiveCfg = Release|Any CPU
		{30D224FC-0601-4A0F-95B7-D69A64AC4A8C}.Release|Any CPU.Build.0 = Release|Any CPU
		{D5C9EDD6-7D6D-45DC-9AD3-2F51B7A9F469}.Debug|Any CPU.ActiveCfg = Debug|Any CPU
		{D5C9EDD6-7D6D-45DC-9AD3-2F51B7A9F469}.Debug|Any CPU.Build.0 = Debug|Any CPU
		{D5C9EDD6-7D6D-45DC-9AD3-2F51B7A9F469}.Release|Any CPU.ActiveCfg = Release|Any CPU
		{D5C9EDD6-7D6D-45DC-9AD3-2F51B7A9F469}.Release|Any CPU.Build.0 = Release|Any CPU
		{1BA6AB7B-3192-45C2-9213-7436CCFCF09F}.Debug|Any CPU.ActiveCfg = Debug|Any CPU
		{1BA6AB7B-3192-45C2-9213-7436CCFCF09F}.Debug|Any CPU.Build.0 = Debug|Any CPU
		{1BA6AB7B-3192-45C2-9213-7436CCFCF09F}.Release|Any CPU.ActiveCfg = Release|Any CPU
		{1BA6AB7B-3192-45C2-9213-7436CCFCF09F}.Release|Any CPU.Build.0 = Release|Any CPU
	EndGlobalSection
	GlobalSection(SolutionProperties) = preSolution
		HideSolutionNode = FALSE
	EndGlobalSection
	GlobalSection(ExtensibilityGlobals) = postSolution
		SolutionGuid = {86877FBE-2270-4C4D-B73B-E687CC17894A}
	EndGlobalSection
EndGlobal
