
Microsoft Visual Studio Solution File, Format Version 12.00
# Visual Studio Version 16
VisualStudioVersion = 16.0.31702.278
MinimumVisualStudioVersion = 10.0.40219.1
Project("{9A19103F-16F7-4668-BE54-9A1E7A4F7556}") = "L.01.RandomizeWords", "L.01.RandomizeWords\L.01.RandomizeWords.csproj", "{F03CD9CC-B46D-4BBB-9914-23A11D18FA4A}"
EndProject
Project("{9A19103F-16F7-4668-BE54-9A1E7A4F7556}") = "L.02.BigFactorial", "L.02.BigFactorial\L.02.BigFactorial.csproj", "{4374F263-5240-4BFA-86E4-6E06C886FFAC}"
EndProject
Project("{9A19103F-16F7-4668-BE54-9A1E7A4F7556}") = "L.03.Songs", "L.03.Songs\L.03.Songs.csproj", "{F18BB173-2238-44CA-AFEF-735E951FBA99}"
EndProject
Project("{9A19103F-16F7-4668-BE54-9A1E7A4F7556}") = "L.04.Students", "L.04.Students\L.04.Students.csproj", "{31896AC6-5660-4E93-890D-33E41C8A230C}"
EndProject
Project("{9A19103F-16F7-4668-BE54-9A1E7A4F7556}") = "L.05.Students2.0", "L.05.Students2.0\L.05.Students2.0.csproj", "{072DC132-A415-4F26-8154-F0EA6FE962EE}"
EndProject
Project("{9A19103F-16F7-4668-BE54-9A1E7A4F7556}") = "L.06.StoreBoxes", "L.06.StoreBoxes\L.06.StoreBoxes.csproj", "{93C31717-A2E7-4D8F-B90A-690C086E1FCC}"
EndProject
Project("{FAE04EC0-301F-11D3-BF4B-00C04F79EFBC}") = "L.07.VehicleCatalogue", "L.07.VehicleCatalogue\L.07.VehicleCatalogue.csproj", "{219AE8AA-26A3-4EC7-9402-4AB4E18487AE}"
EndProject
Global
	GlobalSection(SolutionConfigurationPlatforms) = preSolution
		Debug|Any CPU = Debug|Any CPU
		Release|Any CPU = Release|Any CPU
	EndGlobalSection
	GlobalSection(ProjectConfigurationPlatforms) = postSolution
		{F03CD9CC-B46D-4BBB-9914-23A11D18FA4A}.Debug|Any CPU.ActiveCfg = Debug|Any CPU
		{F03CD9CC-B46D-4BBB-9914-23A11D18FA4A}.Debug|Any CPU.Build.0 = Debug|Any CPU
		{F03CD9CC-B46D-4BBB-9914-23A11D18FA4A}.Release|Any CPU.ActiveCfg = Release|Any CPU
		{F03CD9CC-B46D-4BBB-9914-23A11D18FA4A}.Release|Any CPU.Build.0 = Release|Any CPU
		{4374F263-5240-4BFA-86E4-6E06C886FFAC}.Debug|Any CPU.ActiveCfg = Debug|Any CPU
		{4374F263-5240-4BFA-86E4-6E06C886FFAC}.Debug|Any CPU.Build.0 = Debug|Any CPU
		{4374F263-5240-4BFA-86E4-6E06C886FFAC}.Release|Any CPU.ActiveCfg = Release|Any CPU
		{4374F263-5240-4BFA-86E4-6E06C886FFAC}.Release|Any CPU.Build.0 = Release|Any CPU
		{F18BB173-2238-44CA-AFEF-735E951FBA99}.Debug|Any CPU.ActiveCfg = Debug|Any CPU
		{F18BB173-2238-44CA-AFEF-735E951FBA99}.Debug|Any CPU.Build.0 = Debug|Any CPU
		{F18BB173-2238-44CA-AFEF-735E951FBA99}.Release|Any CPU.ActiveCfg = Release|Any CPU
		{F18BB173-2238-44CA-AFEF-735E951FBA99}.Release|Any CPU.Build.0 = Release|Any CPU
		{31896AC6-5660-4E93-890D-33E41C8A230C}.Debug|Any CPU.ActiveCfg = Debug|Any CPU
		{31896AC6-5660-4E93-890D-33E41C8A230C}.Debug|Any CPU.Build.0 = Debug|Any CPU
		{31896AC6-5660-4E93-890D-33E41C8A230C}.Release|Any CPU.ActiveCfg = Release|Any CPU
		{31896AC6-5660-4E93-890D-33E41C8A230C}.Release|Any CPU.Build.0 = Release|Any CPU
		{072DC132-A415-4F26-8154-F0EA6FE962EE}.Debug|Any CPU.ActiveCfg = Debug|Any CPU
		{072DC132-A415-4F26-8154-F0EA6FE962EE}.Debug|Any CPU.Build.0 = Debug|Any CPU
		{072DC132-A415-4F26-8154-F0EA6FE962EE}.Release|Any CPU.ActiveCfg = Release|Any CPU
		{072DC132-A415-4F26-8154-F0EA6FE962EE}.Release|Any CPU.Build.0 = Release|Any CPU
		{93C31717-A2E7-4D8F-B90A-690C086E1FCC}.Debug|Any CPU.ActiveCfg = Debug|Any CPU
		{93C31717-A2E7-4D8F-B90A-690C086E1FCC}.Debug|Any CPU.Build.0 = Debug|Any CPU
		{93C31717-A2E7-4D8F-B90A-690C086E1FCC}.Release|Any CPU.ActiveCfg = Release|Any CPU
		{93C31717-A2E7-4D8F-B90A-690C086E1FCC}.Release|Any CPU.Build.0 = Release|Any CPU
		{219AE8AA-26A3-4EC7-9402-4AB4E18487AE}.Debug|Any CPU.ActiveCfg = Debug|Any CPU
		{219AE8AA-26A3-4EC7-9402-4AB4E18487AE}.Debug|Any CPU.Build.0 = Debug|Any CPU
		{219AE8AA-26A3-4EC7-9402-4AB4E18487AE}.Release|Any CPU.ActiveCfg = Release|Any CPU
		{219AE8AA-26A3-4EC7-9402-4AB4E18487AE}.Release|Any CPU.Build.0 = Release|Any CPU
	EndGlobalSection
	GlobalSection(SolutionProperties) = preSolution
		HideSolutionNode = FALSE
	EndGlobalSection
	GlobalSection(ExtensibilityGlobals) = postSolution
		SolutionGuid = {86877FBE-2270-4C4D-B73B-E687CC17894A}
	EndGlobalSection
EndGlobal
