
Microsoft Visual Studio Solution File, Format Version 12.00
# Visual Studio Version 16
VisualStudioVersion = 16.0.31402.337
MinimumVisualStudioVersion = 10.0.40219.1
Project("{FAE04EC0-301F-11D3-BF4B-00C04F79EFBC}") = "Ex.01.USDToBGN", "Ex.01.USDToBGN\Ex.01.USDToBGN.csproj", "{A9AF8973-8385-4DD6-83FA-B4A19805C129}"
EndProject
Project("{FAE04EC0-301F-11D3-BF4B-00C04F79EFBC}") = "Ex.02.RadiansToDegrees", "Ex.02.RadiansToDegrees\Ex.02.RadiansToDegrees.csproj", "{42D6329D-8FD6-4EF8-AF9C-88393BFD2F3E}"
EndProject
Global
	GlobalSection(SolutionConfigurationPlatforms) = preSolution
		Debug|Any CPU = Debug|Any CPU
		Release|Any CPU = Release|Any CPU
	EndGlobalSection
	GlobalSection(ProjectConfigurationPlatforms) = postSolution
		{A9AF8973-8385-4DD6-83FA-B4A19805C129}.Debug|Any CPU.ActiveCfg = Debug|Any CPU
		{A9AF8973-8385-4DD6-83FA-B4A19805C129}.Debug|Any CPU.Build.0 = Debug|Any CPU
		{A9AF8973-8385-4DD6-83FA-B4A19805C129}.Release|Any CPU.ActiveCfg = Release|Any CPU
		{A9AF8973-8385-4DD6-83FA-B4A19805C129}.Release|Any CPU.Build.0 = Release|Any CPU
		{42D6329D-8FD6-4EF8-AF9C-88393BFD2F3E}.Debug|Any CPU.ActiveCfg = Debug|Any CPU
		{42D6329D-8FD6-4EF8-AF9C-88393BFD2F3E}.Debug|Any CPU.Build.0 = Debug|Any CPU
		{42D6329D-8FD6-4EF8-AF9C-88393BFD2F3E}.Release|Any CPU.ActiveCfg = Release|Any CPU
		{42D6329D-8FD6-4EF8-AF9C-88393BFD2F3E}.Release|Any CPU.Build.0 = Release|Any CPU
	EndGlobalSection
	GlobalSection(SolutionProperties) = preSolution
		HideSolutionNode = FALSE
	EndGlobalSection
	GlobalSection(ExtensibilityGlobals) = postSolution
		SolutionGuid = {8DF81343-3E79-4338-8EB9-F7F4FE9F7EC8}
	EndGlobalSection
EndGlobal
