
Microsoft Visual Studio Solution File, Format Version 12.00
# Visual Studio Version 16
VisualStudioVersion = 16.0.31402.337
MinimumVisualStudioVersion = 10.0.40219.1
Project("{9A19103F-16F7-4668-BE54-9A1E7A4F7556}") = "Ex.01.USDToBGN", "Ex.01.USDToBGN\Ex.01.USDToBGN.csproj", "{A9AF8973-8385-4DD6-83FA-B4A19805C129}"
EndProject
Project("{9A19103F-16F7-4668-BE54-9A1E7A4F7556}") = "Ex.02.RadiansToDegrees", "Ex.02.RadiansToDegrees\Ex.02.RadiansToDegrees.csproj", "{42D6329D-8FD6-4EF8-AF9C-88393BFD2F3E}"
EndProject
Project("{9A19103F-16F7-4668-BE54-9A1E7A4F7556}") = "Ex.03.DepositCalculator", "Ex.03.DepositCalculator\Ex.03.DepositCalculator.csproj", "{64472776-A04C-49C3-A35E-1C6EE8657B1B}"
EndProject
Project("{9A19103F-16F7-4668-BE54-9A1E7A4F7556}") = "Lab.01.HelloSoftUni", "Lab.01.HelloSoftUni\Lab.01.HelloSoftUni.csproj", "{5C8420EE-9B0A-490F-86B6-371597B4DD03}"
EndProject
Project("{9A19103F-16F7-4668-BE54-9A1E7A4F7556}") = "Lab.02.Nums1To10", "Lab.02.Nums1To10\Lab.02.Nums1To10.csproj", "{6770C6BB-AF2E-4140-B130-2CE820712B4E}"
EndProject
Project("{9A19103F-16F7-4668-BE54-9A1E7A4F7556}") = "Lab.02.Nums1To10ModV1", "Lab.02.Nums1To10ModV1\Lab.02.Nums1To10ModV1.csproj", "{7A6D4496-D124-4AEE-9588-B8F5A10A1F3B}"
EndProject
Project("{FAE04EC0-301F-11D3-BF4B-00C04F79EFBC}") = "Lab.03.SquareArea", "Lab.03.SquareArea\Lab.03.SquareArea.csproj", "{DD9D1198-1FC4-4ADF-AE21-45B4C287D946}"
EndProject
Global
	GlobalSection(SolutionConfigurationPlatforms) = preSolution
		Debug|Any CPU = Debug|Any CPU
		Release|Any CPU = Release|Any CPU
	EndGlobalSection
	GlobalSection(ProjectConfigurationPlatforms) = postSolution
		{A9AF8973-8385-4DD6-83FA-B4A19805C129}.Debug|Any CPU.ActiveCfg = Debug|Any CPU
		{A9AF8973-8385-4DD6-83FA-B4A19805C129}.Debug|Any CPU.Build.0 = Debug|Any CPU
		{A9AF8973-8385-4DD6-83FA-B4A19805C129}.Release|Any CPU.ActiveCfg = Release|Any CPU
		{A9AF8973-8385-4DD6-83FA-B4A19805C129}.Release|Any CPU.Build.0 = Release|Any CPU
		{42D6329D-8FD6-4EF8-AF9C-88393BFD2F3E}.Debug|Any CPU.ActiveCfg = Debug|Any CPU
		{42D6329D-8FD6-4EF8-AF9C-88393BFD2F3E}.Debug|Any CPU.Build.0 = Debug|Any CPU
		{42D6329D-8FD6-4EF8-AF9C-88393BFD2F3E}.Release|Any CPU.ActiveCfg = Release|Any CPU
		{42D6329D-8FD6-4EF8-AF9C-88393BFD2F3E}.Release|Any CPU.Build.0 = Release|Any CPU
		{64472776-A04C-49C3-A35E-1C6EE8657B1B}.Debug|Any CPU.ActiveCfg = Debug|Any CPU
		{64472776-A04C-49C3-A35E-1C6EE8657B1B}.Debug|Any CPU.Build.0 = Debug|Any CPU
		{64472776-A04C-49C3-A35E-1C6EE8657B1B}.Release|Any CPU.ActiveCfg = Release|Any CPU
		{64472776-A04C-49C3-A35E-1C6EE8657B1B}.Release|Any CPU.Build.0 = Release|Any CPU
		{5C8420EE-9B0A-490F-86B6-371597B4DD03}.Debug|Any CPU.ActiveCfg = Debug|Any CPU
		{5C8420EE-9B0A-490F-86B6-371597B4DD03}.Debug|Any CPU.Build.0 = Debug|Any CPU
		{5C8420EE-9B0A-490F-86B6-371597B4DD03}.Release|Any CPU.ActiveCfg = Release|Any CPU
		{5C8420EE-9B0A-490F-86B6-371597B4DD03}.Release|Any CPU.Build.0 = Release|Any CPU
		{6770C6BB-AF2E-4140-B130-2CE820712B4E}.Debug|Any CPU.ActiveCfg = Debug|Any CPU
		{6770C6BB-AF2E-4140-B130-2CE820712B4E}.Debug|Any CPU.Build.0 = Debug|Any CPU
		{6770C6BB-AF2E-4140-B130-2CE820712B4E}.Release|Any CPU.ActiveCfg = Release|Any CPU
		{6770C6BB-AF2E-4140-B130-2CE820712B4E}.Release|Any CPU.Build.0 = Release|Any CPU
		{7A6D4496-D124-4AEE-9588-B8F5A10A1F3B}.Debug|Any CPU.ActiveCfg = Debug|Any CPU
		{7A6D4496-D124-4AEE-9588-B8F5A10A1F3B}.Debug|Any CPU.Build.0 = Debug|Any CPU
		{7A6D4496-D124-4AEE-9588-B8F5A10A1F3B}.Release|Any CPU.ActiveCfg = Release|Any CPU
		{7A6D4496-D124-4AEE-9588-B8F5A10A1F3B}.Release|Any CPU.Build.0 = Release|Any CPU
		{DD9D1198-1FC4-4ADF-AE21-45B4C287D946}.Debug|Any CPU.ActiveCfg = Debug|Any CPU
		{DD9D1198-1FC4-4ADF-AE21-45B4C287D946}.Debug|Any CPU.Build.0 = Debug|Any CPU
		{DD9D1198-1FC4-4ADF-AE21-45B4C287D946}.Release|Any CPU.ActiveCfg = Release|Any CPU
		{DD9D1198-1FC4-4ADF-AE21-45B4C287D946}.Release|Any CPU.Build.0 = Release|Any CPU
	EndGlobalSection
	GlobalSection(SolutionProperties) = preSolution
		HideSolutionNode = FALSE
	EndGlobalSection
	GlobalSection(ExtensibilityGlobals) = postSolution
		SolutionGuid = {8DF81343-3E79-4338-8EB9-F7F4FE9F7EC8}
	EndGlobalSection
EndGlobal
