
Microsoft Visual Studio Solution File, Format Version 12.00
# Visual Studio Version 16
VisualStudioVersion = 16.0.31727.386
MinimumVisualStudioVersion = 10.0.40219.1
Project("{9A19103F-16F7-4668-BE54-9A1E7A4F7556}") = "L.01.CountRealNumbers", "L.01.CountRealNumbers\L.01.CountRealNumbers.csproj", "{DFD391EC-B205-4E07-BFEA-E33A93B9CE7B}"
EndProject
Project("{9A19103F-16F7-4668-BE54-9A1E7A4F7556}") = "L.01.CountRealNumbersV1", "L.01.CountRealNumbersV1\L.01.CountRealNumbersV1.csproj", "{308AFF53-3F48-4F6D-8DAB-CDFCFEA74E37}"
EndProject
Project("{9A19103F-16F7-4668-BE54-9A1E7A4F7556}") = "L.01.CountRealNumbersV2", "L.01.CountRealNumbersV2\L.01.CountRealNumbersV2.csproj", "{8ECF8788-3308-443C-BFF1-B7D463A525B7}"
EndProject
Project("{9A19103F-16F7-4668-BE54-9A1E7A4F7556}") = "L.02.OddOccurrences", "L.02.OddOccurrences\L.02.OddOccurrences.csproj", "{4209FBE6-373F-4AB5-8689-59DFCE9B6CBD}"
EndProject
Project("{9A19103F-16F7-4668-BE54-9A1E7A4F7556}") = "L.03.WordSynonyms", "L.03.WordSynonyms\L.03.WordSynonyms.csproj", "{61A02C08-66DF-4002-85A5-1E35ADA4278C}"
EndProject
Project("{9A19103F-16F7-4668-BE54-9A1E7A4F7556}") = "L.04.Largest3Numbers", "L.04.Largest3Numbers\L.04.Largest3Numbers.csproj", "{02D71C3D-A1BE-439C-89B8-E319023446F5}"
EndProject
Project("{9A19103F-16F7-4668-BE54-9A1E7A4F7556}") = "L.04.Largest3NumbersV1", "L.04.Largest3NumbersV1\L.04.Largest3NumbersV1.csproj", "{C998859B-0D9F-4F18-BE7F-2AB185E52C25}"
EndProject
Project("{9A19103F-16F7-4668-BE54-9A1E7A4F7556}") = "L.05.WordFilter", "L.05.WordFilter\L.05.WordFilter.csproj", "{223BA740-7189-429D-ABB6-5B85A2F49DB5}"
EndProject
Project("{9A19103F-16F7-4668-BE54-9A1E7A4F7556}") = "Ex.01.C-tCharsInAString", "Ex.01.C-tCharsInAString\Ex.01.C-tCharsInAString.csproj", "{ABE5E6DB-0A4F-4973-9139-F9ECC3D7257D}"
EndProject
Project("{9A19103F-16F7-4668-BE54-9A1E7A4F7556}") = "Ex.01.C-tChrInAStrngV01", "Ex.01.C-tChrInAStrngV01\Ex.01.C-tChrInAStrngV01.csproj", "{0AB179E8-BA4B-4FC3-A776-E963C4D88688}"
EndProject
Project("{9A19103F-16F7-4668-BE54-9A1E7A4F7556}") = "Ex.02.AMinerTask", "Ex.02.AMinerTask\Ex.02.AMinerTask.csproj", "{6CEA6FEE-0603-4A06-9AAD-FE22E4E8D7F0}"
EndProject
Project("{9A19103F-16F7-4668-BE54-9A1E7A4F7556}") = "Ex.03.LegendaryFarming", "Ex.03.LegendaryFarming\Ex.03.LegendaryFarming.csproj", "{F3C72E7F-44E5-4438-B57B-1BE1C2C3D791}"
EndProject
Project("{9A19103F-16F7-4668-BE54-9A1E7A4F7556}") = "Ex.03.LegendaryFa-ingV1", "Ex.03.LegendaryFa-ingV1\Ex.03.LegendaryFa-ingV1.csproj", "{91378113-6DDD-4D86-A5F7-DF898AEF7104}"
EndProject
Project("{9A19103F-16F7-4668-BE54-9A1E7A4F7556}") = "Ex.04.Orders", "Ex.04.Orders\Ex.04.Orders.csproj", "{FE086177-067F-4671-B639-F83AD9F76D39}"
EndProject
Project("{FAE04EC0-301F-11D3-BF4B-00C04F79EFBC}") = "Ex.05.SoftUniParking", "Ex.05.SoftUniParking\Ex.05.SoftUniParking.csproj", "{62BA437B-1FA3-44EC-B2D0-D034687A7980}"
EndProject
Global
	GlobalSection(SolutionConfigurationPlatforms) = preSolution
		Debug|Any CPU = Debug|Any CPU
		Release|Any CPU = Release|Any CPU
	EndGlobalSection
	GlobalSection(ProjectConfigurationPlatforms) = postSolution
		{DFD391EC-B205-4E07-BFEA-E33A93B9CE7B}.Debug|Any CPU.ActiveCfg = Debug|Any CPU
		{DFD391EC-B205-4E07-BFEA-E33A93B9CE7B}.Debug|Any CPU.Build.0 = Debug|Any CPU
		{DFD391EC-B205-4E07-BFEA-E33A93B9CE7B}.Release|Any CPU.ActiveCfg = Release|Any CPU
		{DFD391EC-B205-4E07-BFEA-E33A93B9CE7B}.Release|Any CPU.Build.0 = Release|Any CPU
		{308AFF53-3F48-4F6D-8DAB-CDFCFEA74E37}.Debug|Any CPU.ActiveCfg = Debug|Any CPU
		{308AFF53-3F48-4F6D-8DAB-CDFCFEA74E37}.Debug|Any CPU.Build.0 = Debug|Any CPU
		{308AFF53-3F48-4F6D-8DAB-CDFCFEA74E37}.Release|Any CPU.ActiveCfg = Release|Any CPU
		{308AFF53-3F48-4F6D-8DAB-CDFCFEA74E37}.Release|Any CPU.Build.0 = Release|Any CPU
		{8ECF8788-3308-443C-BFF1-B7D463A525B7}.Debug|Any CPU.ActiveCfg = Debug|Any CPU
		{8ECF8788-3308-443C-BFF1-B7D463A525B7}.Debug|Any CPU.Build.0 = Debug|Any CPU
		{8ECF8788-3308-443C-BFF1-B7D463A525B7}.Release|Any CPU.ActiveCfg = Release|Any CPU
		{8ECF8788-3308-443C-BFF1-B7D463A525B7}.Release|Any CPU.Build.0 = Release|Any CPU
		{4209FBE6-373F-4AB5-8689-59DFCE9B6CBD}.Debug|Any CPU.ActiveCfg = Debug|Any CPU
		{4209FBE6-373F-4AB5-8689-59DFCE9B6CBD}.Debug|Any CPU.Build.0 = Debug|Any CPU
		{4209FBE6-373F-4AB5-8689-59DFCE9B6CBD}.Release|Any CPU.ActiveCfg = Release|Any CPU
		{4209FBE6-373F-4AB5-8689-59DFCE9B6CBD}.Release|Any CPU.Build.0 = Release|Any CPU
		{61A02C08-66DF-4002-85A5-1E35ADA4278C}.Debug|Any CPU.ActiveCfg = Debug|Any CPU
		{61A02C08-66DF-4002-85A5-1E35ADA4278C}.Debug|Any CPU.Build.0 = Debug|Any CPU
		{61A02C08-66DF-4002-85A5-1E35ADA4278C}.Release|Any CPU.ActiveCfg = Release|Any CPU
		{61A02C08-66DF-4002-85A5-1E35ADA4278C}.Release|Any CPU.Build.0 = Release|Any CPU
		{02D71C3D-A1BE-439C-89B8-E319023446F5}.Debug|Any CPU.ActiveCfg = Debug|Any CPU
		{02D71C3D-A1BE-439C-89B8-E319023446F5}.Debug|Any CPU.Build.0 = Debug|Any CPU
		{02D71C3D-A1BE-439C-89B8-E319023446F5}.Release|Any CPU.ActiveCfg = Release|Any CPU
		{02D71C3D-A1BE-439C-89B8-E319023446F5}.Release|Any CPU.Build.0 = Release|Any CPU
		{C998859B-0D9F-4F18-BE7F-2AB185E52C25}.Debug|Any CPU.ActiveCfg = Debug|Any CPU
		{C998859B-0D9F-4F18-BE7F-2AB185E52C25}.Debug|Any CPU.Build.0 = Debug|Any CPU
		{C998859B-0D9F-4F18-BE7F-2AB185E52C25}.Release|Any CPU.ActiveCfg = Release|Any CPU
		{C998859B-0D9F-4F18-BE7F-2AB185E52C25}.Release|Any CPU.Build.0 = Release|Any CPU
		{223BA740-7189-429D-ABB6-5B85A2F49DB5}.Debug|Any CPU.ActiveCfg = Debug|Any CPU
		{223BA740-7189-429D-ABB6-5B85A2F49DB5}.Debug|Any CPU.Build.0 = Debug|Any CPU
		{223BA740-7189-429D-ABB6-5B85A2F49DB5}.Release|Any CPU.ActiveCfg = Release|Any CPU
		{223BA740-7189-429D-ABB6-5B85A2F49DB5}.Release|Any CPU.Build.0 = Release|Any CPU
		{ABE5E6DB-0A4F-4973-9139-F9ECC3D7257D}.Debug|Any CPU.ActiveCfg = Debug|Any CPU
		{ABE5E6DB-0A4F-4973-9139-F9ECC3D7257D}.Debug|Any CPU.Build.0 = Debug|Any CPU
		{ABE5E6DB-0A4F-4973-9139-F9ECC3D7257D}.Release|Any CPU.ActiveCfg = Release|Any CPU
		{ABE5E6DB-0A4F-4973-9139-F9ECC3D7257D}.Release|Any CPU.Build.0 = Release|Any CPU
		{0AB179E8-BA4B-4FC3-A776-E963C4D88688}.Debug|Any CPU.ActiveCfg = Debug|Any CPU
		{0AB179E8-BA4B-4FC3-A776-E963C4D88688}.Debug|Any CPU.Build.0 = Debug|Any CPU
		{0AB179E8-BA4B-4FC3-A776-E963C4D88688}.Release|Any CPU.ActiveCfg = Release|Any CPU
		{0AB179E8-BA4B-4FC3-A776-E963C4D88688}.Release|Any CPU.Build.0 = Release|Any CPU
		{6CEA6FEE-0603-4A06-9AAD-FE22E4E8D7F0}.Debug|Any CPU.ActiveCfg = Debug|Any CPU
		{6CEA6FEE-0603-4A06-9AAD-FE22E4E8D7F0}.Debug|Any CPU.Build.0 = Debug|Any CPU
		{6CEA6FEE-0603-4A06-9AAD-FE22E4E8D7F0}.Release|Any CPU.ActiveCfg = Release|Any CPU
		{6CEA6FEE-0603-4A06-9AAD-FE22E4E8D7F0}.Release|Any CPU.Build.0 = Release|Any CPU
		{F3C72E7F-44E5-4438-B57B-1BE1C2C3D791}.Debug|Any CPU.ActiveCfg = Debug|Any CPU
		{F3C72E7F-44E5-4438-B57B-1BE1C2C3D791}.Debug|Any CPU.Build.0 = Debug|Any CPU
		{F3C72E7F-44E5-4438-B57B-1BE1C2C3D791}.Release|Any CPU.ActiveCfg = Release|Any CPU
		{F3C72E7F-44E5-4438-B57B-1BE1C2C3D791}.Release|Any CPU.Build.0 = Release|Any CPU
		{91378113-6DDD-4D86-A5F7-DF898AEF7104}.Debug|Any CPU.ActiveCfg = Debug|Any CPU
		{91378113-6DDD-4D86-A5F7-DF898AEF7104}.Debug|Any CPU.Build.0 = Debug|Any CPU
		{91378113-6DDD-4D86-A5F7-DF898AEF7104}.Release|Any CPU.ActiveCfg = Release|Any CPU
		{91378113-6DDD-4D86-A5F7-DF898AEF7104}.Release|Any CPU.Build.0 = Release|Any CPU
		{FE086177-067F-4671-B639-F83AD9F76D39}.Debug|Any CPU.ActiveCfg = Debug|Any CPU
		{FE086177-067F-4671-B639-F83AD9F76D39}.Debug|Any CPU.Build.0 = Debug|Any CPU
		{FE086177-067F-4671-B639-F83AD9F76D39}.Release|Any CPU.ActiveCfg = Release|Any CPU
		{FE086177-067F-4671-B639-F83AD9F76D39}.Release|Any CPU.Build.0 = Release|Any CPU
		{62BA437B-1FA3-44EC-B2D0-D034687A7980}.Debug|Any CPU.ActiveCfg = Debug|Any CPU
		{62BA437B-1FA3-44EC-B2D0-D034687A7980}.Debug|Any CPU.Build.0 = Debug|Any CPU
		{62BA437B-1FA3-44EC-B2D0-D034687A7980}.Release|Any CPU.ActiveCfg = Release|Any CPU
		{62BA437B-1FA3-44EC-B2D0-D034687A7980}.Release|Any CPU.Build.0 = Release|Any CPU
	EndGlobalSection
	GlobalSection(SolutionProperties) = preSolution
		HideSolutionNode = FALSE
	EndGlobalSection
	GlobalSection(ExtensibilityGlobals) = postSolution
		SolutionGuid = {66E53EED-68B3-4E70-B55D-C9557D83C946}
	EndGlobalSection
EndGlobal
