
Microsoft Visual Studio Solution File, Format Version 12.00
# Visual Studio Version 16
VisualStudioVersion = 16.0.31424.327
MinimumVisualStudioVersion = 10.0.40219.1
Project("{9A19103F-16F7-4668-BE54-9A1E7A4F7556}") = "L.01.ConvertMetersToKilometers", "L.01.ConvertMetersToKilometers\L.01.ConvertMetersToKilometers.csproj", "{DAEBD84E-C7E9-42FB-A8A5-F8C80BD1B8FD}"
EndProject
Project("{9A19103F-16F7-4668-BE54-9A1E7A4F7556}") = "L.02.PoundsToDollars", "L.02.PoundsToDollars\L.02.PoundsToDollars.csproj", "{F314277D-4DFE-48C2-AAC2-FFFE6B5DA0EA}"
EndProject
Project("{9A19103F-16F7-4668-BE54-9A1E7A4F7556}") = "L.03.ExactSumOfRealNumbers", "L.03.ExactSumOfRealNumbers\L.03.ExactSumOfRealNumbers.csproj", "{9E2C6C3F-5D19-426D-8F8D-FEDC2089E910}"
EndProject
Project("{9A19103F-16F7-4668-BE54-9A1E7A4F7556}") = "L.04.CenturiesToMinutes", "L.04.CenturiesToMinutes\L.04.CenturiesToMinutes.csproj", "{E532A0B9-D70D-4E1E-BE57-AF8DD8769E5F}"
EndProject
Project("{9A19103F-16F7-4668-BE54-9A1E7A4F7556}") = "L.05.SpecialNumbers", "L.05.SpecialNumbers\L.05.SpecialNumbers.csproj", "{93C515F4-3869-4ABC-9EB5-5903061A4F28}"
EndProject
Project("{9A19103F-16F7-4668-BE54-9A1E7A4F7556}") = "L.06.ReversedChars", "L.06.ReversedChars\L.06.ReversedChars.csproj", "{E8E84817-988A-46ED-8F3E-72121DE44141}"
EndProject
Project("{9A19103F-16F7-4668-BE54-9A1E7A4F7556}") = "L.05.SpecialNumbersModV1", "L.05.SpecialNumbersModV1\L.05.SpecialNumbersModV1.csproj", "{6CFE3C09-4927-485B-84E7-9DFB2BB46FBD}"
EndProject
Project("{9A19103F-16F7-4668-BE54-9A1E7A4F7556}") = "L.07.ConcatNames", "L.07.ConcatNames\L.07.ConcatNames.csproj", "{4CFFB61C-546E-499D-862C-27E1678DA496}"
EndProject
Project("{9A19103F-16F7-4668-BE54-9A1E7A4F7556}") = "L.07.ConcatNamesModV1", "L.07.ConcatNamesModV1\L.07.ConcatNamesModV1.csproj", "{881FACC0-CA88-44E3-BBF5-C6A4F9C0F12C}"
EndProject
Project("{9A19103F-16F7-4668-BE54-9A1E7A4F7556}") = "L.08.TownInfo", "L.08.TownInfo\L.08.TownInfo.csproj", "{70F139CB-40A2-4B33-9F87-408C0D78A2D5}"
EndProject
Project("{9A19103F-16F7-4668-BE54-9A1E7A4F7556}") = "L.09.CharsToString", "L.09.CharsToString\L.09.CharsToString.csproj", "{1440583A-84AA-4236-8E4E-F8E548CD692B}"
EndProject
Project("{9A19103F-16F7-4668-BE54-9A1E7A4F7556}") = "L.10.LowerOrUpper", "L.10.LowerOrUpper\L.10.LowerOrUpper.csproj", "{7BCAEB77-C034-47FB-8F2C-7A13AB91CF6E}"
EndProject
Project("{9A19103F-16F7-4668-BE54-9A1E7A4F7556}") = "L.11.RefactorVolumeOfPyramid", "L.11.RefactorVolumeOfPyramid\L.11.RefactorVolumeOfPyramid.csproj", "{88960442-C9B8-41DA-9432-7D954FFEFA88}"
EndProject
Project("{FAE04EC0-301F-11D3-BF4B-00C04F79EFBC}") = "L.12.RefactorSpecialNumbers", "L.12.RefactorSpecialNumbers\L.12.RefactorSpecialNumbers.csproj", "{40D672A6-7104-4379-908B-688B83C5BFD6}"
EndProject
Project("{FAE04EC0-301F-11D3-BF4B-00C04F79EFBC}") = "Ex.01.IntegerOperations", "Ex.01.IntegerOperations\Ex.01.IntegerOperations.csproj", "{E0B82595-99EE-4366-84E0-4BE932B8AD48}"
EndProject
Global
	GlobalSection(SolutionConfigurationPlatforms) = preSolution
		Debug|Any CPU = Debug|Any CPU
		Release|Any CPU = Release|Any CPU
	EndGlobalSection
	GlobalSection(ProjectConfigurationPlatforms) = postSolution
		{DAEBD84E-C7E9-42FB-A8A5-F8C80BD1B8FD}.Debug|Any CPU.ActiveCfg = Debug|Any CPU
		{DAEBD84E-C7E9-42FB-A8A5-F8C80BD1B8FD}.Debug|Any CPU.Build.0 = Debug|Any CPU
		{DAEBD84E-C7E9-42FB-A8A5-F8C80BD1B8FD}.Release|Any CPU.ActiveCfg = Release|Any CPU
		{DAEBD84E-C7E9-42FB-A8A5-F8C80BD1B8FD}.Release|Any CPU.Build.0 = Release|Any CPU
		{F314277D-4DFE-48C2-AAC2-FFFE6B5DA0EA}.Debug|Any CPU.ActiveCfg = Debug|Any CPU
		{F314277D-4DFE-48C2-AAC2-FFFE6B5DA0EA}.Debug|Any CPU.Build.0 = Debug|Any CPU
		{F314277D-4DFE-48C2-AAC2-FFFE6B5DA0EA}.Release|Any CPU.ActiveCfg = Release|Any CPU
		{F314277D-4DFE-48C2-AAC2-FFFE6B5DA0EA}.Release|Any CPU.Build.0 = Release|Any CPU
		{9E2C6C3F-5D19-426D-8F8D-FEDC2089E910}.Debug|Any CPU.ActiveCfg = Debug|Any CPU
		{9E2C6C3F-5D19-426D-8F8D-FEDC2089E910}.Debug|Any CPU.Build.0 = Debug|Any CPU
		{9E2C6C3F-5D19-426D-8F8D-FEDC2089E910}.Release|Any CPU.ActiveCfg = Release|Any CPU
		{9E2C6C3F-5D19-426D-8F8D-FEDC2089E910}.Release|Any CPU.Build.0 = Release|Any CPU
		{E532A0B9-D70D-4E1E-BE57-AF8DD8769E5F}.Debug|Any CPU.ActiveCfg = Debug|Any CPU
		{E532A0B9-D70D-4E1E-BE57-AF8DD8769E5F}.Debug|Any CPU.Build.0 = Debug|Any CPU
		{E532A0B9-D70D-4E1E-BE57-AF8DD8769E5F}.Release|Any CPU.ActiveCfg = Release|Any CPU
		{E532A0B9-D70D-4E1E-BE57-AF8DD8769E5F}.Release|Any CPU.Build.0 = Release|Any CPU
		{93C515F4-3869-4ABC-9EB5-5903061A4F28}.Debug|Any CPU.ActiveCfg = Debug|Any CPU
		{93C515F4-3869-4ABC-9EB5-5903061A4F28}.Debug|Any CPU.Build.0 = Debug|Any CPU
		{93C515F4-3869-4ABC-9EB5-5903061A4F28}.Release|Any CPU.ActiveCfg = Release|Any CPU
		{93C515F4-3869-4ABC-9EB5-5903061A4F28}.Release|Any CPU.Build.0 = Release|Any CPU
		{E8E84817-988A-46ED-8F3E-72121DE44141}.Debug|Any CPU.ActiveCfg = Debug|Any CPU
		{E8E84817-988A-46ED-8F3E-72121DE44141}.Debug|Any CPU.Build.0 = Debug|Any CPU
		{E8E84817-988A-46ED-8F3E-72121DE44141}.Release|Any CPU.ActiveCfg = Release|Any CPU
		{E8E84817-988A-46ED-8F3E-72121DE44141}.Release|Any CPU.Build.0 = Release|Any CPU
		{6CFE3C09-4927-485B-84E7-9DFB2BB46FBD}.Debug|Any CPU.ActiveCfg = Debug|Any CPU
		{6CFE3C09-4927-485B-84E7-9DFB2BB46FBD}.Debug|Any CPU.Build.0 = Debug|Any CPU
		{6CFE3C09-4927-485B-84E7-9DFB2BB46FBD}.Release|Any CPU.ActiveCfg = Release|Any CPU
		{6CFE3C09-4927-485B-84E7-9DFB2BB46FBD}.Release|Any CPU.Build.0 = Release|Any CPU
		{4CFFB61C-546E-499D-862C-27E1678DA496}.Debug|Any CPU.ActiveCfg = Debug|Any CPU
		{4CFFB61C-546E-499D-862C-27E1678DA496}.Debug|Any CPU.Build.0 = Debug|Any CPU
		{4CFFB61C-546E-499D-862C-27E1678DA496}.Release|Any CPU.ActiveCfg = Release|Any CPU
		{4CFFB61C-546E-499D-862C-27E1678DA496}.Release|Any CPU.Build.0 = Release|Any CPU
		{881FACC0-CA88-44E3-BBF5-C6A4F9C0F12C}.Debug|Any CPU.ActiveCfg = Debug|Any CPU
		{881FACC0-CA88-44E3-BBF5-C6A4F9C0F12C}.Debug|Any CPU.Build.0 = Debug|Any CPU
		{881FACC0-CA88-44E3-BBF5-C6A4F9C0F12C}.Release|Any CPU.ActiveCfg = Release|Any CPU
		{881FACC0-CA88-44E3-BBF5-C6A4F9C0F12C}.Release|Any CPU.Build.0 = Release|Any CPU
		{70F139CB-40A2-4B33-9F87-408C0D78A2D5}.Debug|Any CPU.ActiveCfg = Debug|Any CPU
		{70F139CB-40A2-4B33-9F87-408C0D78A2D5}.Debug|Any CPU.Build.0 = Debug|Any CPU
		{70F139CB-40A2-4B33-9F87-408C0D78A2D5}.Release|Any CPU.ActiveCfg = Release|Any CPU
		{70F139CB-40A2-4B33-9F87-408C0D78A2D5}.Release|Any CPU.Build.0 = Release|Any CPU
		{1440583A-84AA-4236-8E4E-F8E548CD692B}.Debug|Any CPU.ActiveCfg = Debug|Any CPU
		{1440583A-84AA-4236-8E4E-F8E548CD692B}.Debug|Any CPU.Build.0 = Debug|Any CPU
		{1440583A-84AA-4236-8E4E-F8E548CD692B}.Release|Any CPU.ActiveCfg = Release|Any CPU
		{1440583A-84AA-4236-8E4E-F8E548CD692B}.Release|Any CPU.Build.0 = Release|Any CPU
		{7BCAEB77-C034-47FB-8F2C-7A13AB91CF6E}.Debug|Any CPU.ActiveCfg = Debug|Any CPU
		{7BCAEB77-C034-47FB-8F2C-7A13AB91CF6E}.Debug|Any CPU.Build.0 = Debug|Any CPU
		{7BCAEB77-C034-47FB-8F2C-7A13AB91CF6E}.Release|Any CPU.ActiveCfg = Release|Any CPU
		{7BCAEB77-C034-47FB-8F2C-7A13AB91CF6E}.Release|Any CPU.Build.0 = Release|Any CPU
		{88960442-C9B8-41DA-9432-7D954FFEFA88}.Debug|Any CPU.ActiveCfg = Debug|Any CPU
		{88960442-C9B8-41DA-9432-7D954FFEFA88}.Debug|Any CPU.Build.0 = Debug|Any CPU
		{88960442-C9B8-41DA-9432-7D954FFEFA88}.Release|Any CPU.ActiveCfg = Release|Any CPU
		{88960442-C9B8-41DA-9432-7D954FFEFA88}.Release|Any CPU.Build.0 = Release|Any CPU
		{40D672A6-7104-4379-908B-688B83C5BFD6}.Debug|Any CPU.ActiveCfg = Debug|Any CPU
		{40D672A6-7104-4379-908B-688B83C5BFD6}.Debug|Any CPU.Build.0 = Debug|Any CPU
		{40D672A6-7104-4379-908B-688B83C5BFD6}.Release|Any CPU.ActiveCfg = Release|Any CPU
		{40D672A6-7104-4379-908B-688B83C5BFD6}.Release|Any CPU.Build.0 = Release|Any CPU
		{E0B82595-99EE-4366-84E0-4BE932B8AD48}.Debug|Any CPU.ActiveCfg = Debug|Any CPU
		{E0B82595-99EE-4366-84E0-4BE932B8AD48}.Debug|Any CPU.Build.0 = Debug|Any CPU
		{E0B82595-99EE-4366-84E0-4BE932B8AD48}.Release|Any CPU.ActiveCfg = Release|Any CPU
		{E0B82595-99EE-4366-84E0-4BE932B8AD48}.Release|Any CPU.Build.0 = Release|Any CPU
	EndGlobalSection
	GlobalSection(SolutionProperties) = preSolution
		HideSolutionNode = FALSE
	EndGlobalSection
	GlobalSection(ExtensibilityGlobals) = postSolution
		SolutionGuid = {F07BE109-F376-4E32-B66E-CABC8DB4204D}
	EndGlobalSection
EndGlobal
