
Microsoft Visual Studio Solution File, Format Version 12.00
# Visual Studio Version 16
VisualStudioVersion = 16.0.31515.178
MinimumVisualStudioVersion = 10.0.40219.1
Project("{9A19103F-16F7-4668-BE54-9A1E7A4F7556}") = "L.01.SignOfIntegerNumbers", "L.01.SignOfIntegerNumbers\L.01.SignOfIntegerNumbers.csproj", "{CB0EA412-C184-43EE-AAEA-104269835E46}"
EndProject
Project("{9A19103F-16F7-4668-BE54-9A1E7A4F7556}") = "L.02.Grades", "L.02.Grades\L.02.Grades.csproj", "{B04049A8-9844-42D1-AEB4-B6173ECF1044}"
EndProject
Project("{9A19103F-16F7-4668-BE54-9A1E7A4F7556}") = "L.03.Calculations", "L.03.Calculations\L.03.Calculations.csproj", "{8AB3D75F-1736-483A-8930-10CC18741310}"
EndProject
Project("{9A19103F-16F7-4668-BE54-9A1E7A4F7556}") = "L.02.GradesModV1", "L.02.GradesModV1\L.02.GradesModV1.csproj", "{D06FE995-17F0-4444-A1A9-55D94F953C4F}"
EndProject
Project("{9A19103F-16F7-4668-BE54-9A1E7A4F7556}") = "L.04.PrintingTriangle", "L.04.PrintingTriangle\L.04.PrintingTriangle.csproj", "{88495DBE-CC31-40A6-96D8-DE1385DA6AE1}"
EndProject
Project("{9A19103F-16F7-4668-BE54-9A1E7A4F7556}") = "L.04.PrintingTriangleModV1", "L.04.PrintingTriangleModV1\L.04.PrintingTriangleModV1.csproj", "{ECED9231-5E82-48F8-950F-9F458E05F834}"
EndProject
Project("{9A19103F-16F7-4668-BE54-9A1E7A4F7556}") = "Lab.05.Orders", "Lab.05.Orders\Lab.05.Orders.csproj", "{747C1148-9170-41C0-B536-4723D53FCFAE}"
EndProject
Project("{9A19103F-16F7-4668-BE54-9A1E7A4F7556}") = "Lab.06.CalculateRectangleArea", "Lab.06.CalculateRectangleArea\Lab.06.CalculateRectangleArea.csproj", "{1CEFA395-C73B-49BF-A6B7-8588AA048917}"
EndProject
Project("{9A19103F-16F7-4668-BE54-9A1E7A4F7556}") = "Lab.06.CalculateRectangleAreaModV1", "Lab.06.CalculateRectangleAreaModV1\Lab.06.CalculateRectangleAreaModV1.csproj", "{075AC7B5-088E-4CD5-9A0D-2675DEE7FAD0}"
EndProject
Project("{9A19103F-16F7-4668-BE54-9A1E7A4F7556}") = "L.07.RepeatString", "L.07.RepeatString\L.07.RepeatString.csproj", "{F1CCB237-0C90-4229-BCC7-9F26AA0C1D41}"
EndProject
Project("{9A19103F-16F7-4668-BE54-9A1E7A4F7556}") = "L.07.RepeatStringModV1", "L.07.RepeatStringModV1\L.07.RepeatStringModV1.csproj", "{E2D00F00-2F0D-4C34-95D7-BD8315A456DC}"
EndProject
Project("{9A19103F-16F7-4668-BE54-9A1E7A4F7556}") = "L.07.RepeatStringModV2", "L.07.RepeatStringModV2\L.07.RepeatStringModV2.csproj", "{4177C5E5-E5C3-4038-8772-160B97BD4E05}"
EndProject
Project("{9A19103F-16F7-4668-BE54-9A1E7A4F7556}") = "L.08.MathPower", "L.08.MathPower\L.08.MathPower.csproj", "{FDCFF095-A92A-4ED4-87CB-5700BB634E2C}"
EndProject
Project("{9A19103F-16F7-4668-BE54-9A1E7A4F7556}") = "L.08.MathPowerModV1", "L.08.MathPowerModV1\L.08.MathPowerModV1.csproj", "{38863B35-9C7A-4245-8A28-D38EAF0378C8}"
EndProject
Project("{9A19103F-16F7-4668-BE54-9A1E7A4F7556}") = "L.09.GreaterOfTwoValues", "L.09.GreaterOfTwoValues\L.09.GreaterOfTwoValues.csproj", "{E0FFEFD3-116D-4326-B7F4-C463BB8DACF2}"
EndProject
Project("{9A19103F-16F7-4668-BE54-9A1E7A4F7556}") = "L.10.MultiplyEvensByOdds", "L.10.MultiplyEvensByOdds\L.10.MultiplyEvensByOdds.csproj", "{93673F35-AA66-462F-9D88-4E03FF477EEC}"
EndProject
Project("{9A19103F-16F7-4668-BE54-9A1E7A4F7556}") = "L.11.MathOperations", "L.11.MathOperations\L.11.MathOperations.csproj", "{743D7EC2-9D6C-4E49-B95E-3A9E2A1848E1}"
EndProject
Project("{9A19103F-16F7-4668-BE54-9A1E7A4F7556}") = "Ex.01.SmallestOfThreeNumbers", "Ex.01.SmallestOfThreeNumbers\Ex.01.SmallestOfThreeNumbers.csproj", "{8A584D41-0753-4AF1-804B-AC0860160523}"
EndProject
Project("{9A19103F-16F7-4668-BE54-9A1E7A4F7556}") = "Ex.02.VowelsCount", "Ex.02.VowelsCount\Ex.02.VowelsCount.csproj", "{D1D1BDAC-DCB7-416A-BA33-749A29050A00}"
EndProject
Project("{9A19103F-16F7-4668-BE54-9A1E7A4F7556}") = "Ex.02.VowelsCountModV1", "Ex.02.VowelsCountModV1\Ex.02.VowelsCountModV1.csproj", "{18D15647-0DC9-418B-9EF7-6DF23004B757}"
EndProject
Project("{9A19103F-16F7-4668-BE54-9A1E7A4F7556}") = "Ex.03.CharactersInRange", "Ex.03.CharactersInRange\Ex.03.CharactersInRange.csproj", "{C30D7B23-8E40-471F-A337-E192D99D2F1A}"
EndProject
Project("{9A19103F-16F7-4668-BE54-9A1E7A4F7556}") = "Ex.04.PasswordValidator", "Ex.04.PasswordValidator\Ex.04.PasswordValidator.csproj", "{20439999-392A-4395-9072-6A1DCC912F43}"
EndProject
Project("{FAE04EC0-301F-11D3-BF4B-00C04F79EFBC}") = "Ex.04.PasswordValidatorModV1", "Ex.04.PasswordValidatorModV1\Ex.04.PasswordValidatorModV1.csproj", "{364B0D27-D553-4E8C-8C8C-0972D752DBBF}"
EndProject
Project("{FAE04EC0-301F-11D3-BF4B-00C04F79EFBC}") = "Ex.05.AddAndSubtract", "Ex.05.AddAndSubtract\Ex.05.AddAndSubtract.csproj", "{4B53206E-4B0F-4838-9DAE-679F2E9D54E8}"
EndProject
Project("{FAE04EC0-301F-11D3-BF4B-00C04F79EFBC}") = "Ex.06.MiddleCharacters", "Ex.06.MiddleCharacters\Ex.06.MiddleCharacters.csproj", "{BC5F0A3A-165B-4CD9-BF8F-E52E554C7D1B}"
EndProject
Global
	GlobalSection(SolutionConfigurationPlatforms) = preSolution
		Debug|Any CPU = Debug|Any CPU
		Release|Any CPU = Release|Any CPU
	EndGlobalSection
	GlobalSection(ProjectConfigurationPlatforms) = postSolution
		{CB0EA412-C184-43EE-AAEA-104269835E46}.Debug|Any CPU.ActiveCfg = Debug|Any CPU
		{CB0EA412-C184-43EE-AAEA-104269835E46}.Debug|Any CPU.Build.0 = Debug|Any CPU
		{CB0EA412-C184-43EE-AAEA-104269835E46}.Release|Any CPU.ActiveCfg = Release|Any CPU
		{CB0EA412-C184-43EE-AAEA-104269835E46}.Release|Any CPU.Build.0 = Release|Any CPU
		{B04049A8-9844-42D1-AEB4-B6173ECF1044}.Debug|Any CPU.ActiveCfg = Debug|Any CPU
		{B04049A8-9844-42D1-AEB4-B6173ECF1044}.Debug|Any CPU.Build.0 = Debug|Any CPU
		{B04049A8-9844-42D1-AEB4-B6173ECF1044}.Release|Any CPU.ActiveCfg = Release|Any CPU
		{B04049A8-9844-42D1-AEB4-B6173ECF1044}.Release|Any CPU.Build.0 = Release|Any CPU
		{8AB3D75F-1736-483A-8930-10CC18741310}.Debug|Any CPU.ActiveCfg = Debug|Any CPU
		{8AB3D75F-1736-483A-8930-10CC18741310}.Debug|Any CPU.Build.0 = Debug|Any CPU
		{8AB3D75F-1736-483A-8930-10CC18741310}.Release|Any CPU.ActiveCfg = Release|Any CPU
		{8AB3D75F-1736-483A-8930-10CC18741310}.Release|Any CPU.Build.0 = Release|Any CPU
		{D06FE995-17F0-4444-A1A9-55D94F953C4F}.Debug|Any CPU.ActiveCfg = Debug|Any CPU
		{D06FE995-17F0-4444-A1A9-55D94F953C4F}.Debug|Any CPU.Build.0 = Debug|Any CPU
		{D06FE995-17F0-4444-A1A9-55D94F953C4F}.Release|Any CPU.ActiveCfg = Release|Any CPU
		{D06FE995-17F0-4444-A1A9-55D94F953C4F}.Release|Any CPU.Build.0 = Release|Any CPU
		{88495DBE-CC31-40A6-96D8-DE1385DA6AE1}.Debug|Any CPU.ActiveCfg = Debug|Any CPU
		{88495DBE-CC31-40A6-96D8-DE1385DA6AE1}.Debug|Any CPU.Build.0 = Debug|Any CPU
		{88495DBE-CC31-40A6-96D8-DE1385DA6AE1}.Release|Any CPU.ActiveCfg = Release|Any CPU
		{88495DBE-CC31-40A6-96D8-DE1385DA6AE1}.Release|Any CPU.Build.0 = Release|Any CPU
		{ECED9231-5E82-48F8-950F-9F458E05F834}.Debug|Any CPU.ActiveCfg = Debug|Any CPU
		{ECED9231-5E82-48F8-950F-9F458E05F834}.Debug|Any CPU.Build.0 = Debug|Any CPU
		{ECED9231-5E82-48F8-950F-9F458E05F834}.Release|Any CPU.ActiveCfg = Release|Any CPU
		{ECED9231-5E82-48F8-950F-9F458E05F834}.Release|Any CPU.Build.0 = Release|Any CPU
		{747C1148-9170-41C0-B536-4723D53FCFAE}.Debug|Any CPU.ActiveCfg = Debug|Any CPU
		{747C1148-9170-41C0-B536-4723D53FCFAE}.Debug|Any CPU.Build.0 = Debug|Any CPU
		{747C1148-9170-41C0-B536-4723D53FCFAE}.Release|Any CPU.ActiveCfg = Release|Any CPU
		{747C1148-9170-41C0-B536-4723D53FCFAE}.Release|Any CPU.Build.0 = Release|Any CPU
		{1CEFA395-C73B-49BF-A6B7-8588AA048917}.Debug|Any CPU.ActiveCfg = Debug|Any CPU
		{1CEFA395-C73B-49BF-A6B7-8588AA048917}.Debug|Any CPU.Build.0 = Debug|Any CPU
		{1CEFA395-C73B-49BF-A6B7-8588AA048917}.Release|Any CPU.ActiveCfg = Release|Any CPU
		{1CEFA395-C73B-49BF-A6B7-8588AA048917}.Release|Any CPU.Build.0 = Release|Any CPU
		{075AC7B5-088E-4CD5-9A0D-2675DEE7FAD0}.Debug|Any CPU.ActiveCfg = Debug|Any CPU
		{075AC7B5-088E-4CD5-9A0D-2675DEE7FAD0}.Debug|Any CPU.Build.0 = Debug|Any CPU
		{075AC7B5-088E-4CD5-9A0D-2675DEE7FAD0}.Release|Any CPU.ActiveCfg = Release|Any CPU
		{075AC7B5-088E-4CD5-9A0D-2675DEE7FAD0}.Release|Any CPU.Build.0 = Release|Any CPU
		{F1CCB237-0C90-4229-BCC7-9F26AA0C1D41}.Debug|Any CPU.ActiveCfg = Debug|Any CPU
		{F1CCB237-0C90-4229-BCC7-9F26AA0C1D41}.Debug|Any CPU.Build.0 = Debug|Any CPU
		{F1CCB237-0C90-4229-BCC7-9F26AA0C1D41}.Release|Any CPU.ActiveCfg = Release|Any CPU
		{F1CCB237-0C90-4229-BCC7-9F26AA0C1D41}.Release|Any CPU.Build.0 = Release|Any CPU
		{E2D00F00-2F0D-4C34-95D7-BD8315A456DC}.Debug|Any CPU.ActiveCfg = Debug|Any CPU
		{E2D00F00-2F0D-4C34-95D7-BD8315A456DC}.Debug|Any CPU.Build.0 = Debug|Any CPU
		{E2D00F00-2F0D-4C34-95D7-BD8315A456DC}.Release|Any CPU.ActiveCfg = Release|Any CPU
		{E2D00F00-2F0D-4C34-95D7-BD8315A456DC}.Release|Any CPU.Build.0 = Release|Any CPU
		{4177C5E5-E5C3-4038-8772-160B97BD4E05}.Debug|Any CPU.ActiveCfg = Debug|Any CPU
		{4177C5E5-E5C3-4038-8772-160B97BD4E05}.Debug|Any CPU.Build.0 = Debug|Any CPU
		{4177C5E5-E5C3-4038-8772-160B97BD4E05}.Release|Any CPU.ActiveCfg = Release|Any CPU
		{4177C5E5-E5C3-4038-8772-160B97BD4E05}.Release|Any CPU.Build.0 = Release|Any CPU
		{FDCFF095-A92A-4ED4-87CB-5700BB634E2C}.Debug|Any CPU.ActiveCfg = Debug|Any CPU
		{FDCFF095-A92A-4ED4-87CB-5700BB634E2C}.Debug|Any CPU.Build.0 = Debug|Any CPU
		{FDCFF095-A92A-4ED4-87CB-5700BB634E2C}.Release|Any CPU.ActiveCfg = Release|Any CPU
		{FDCFF095-A92A-4ED4-87CB-5700BB634E2C}.Release|Any CPU.Build.0 = Release|Any CPU
		{38863B35-9C7A-4245-8A28-D38EAF0378C8}.Debug|Any CPU.ActiveCfg = Debug|Any CPU
		{38863B35-9C7A-4245-8A28-D38EAF0378C8}.Debug|Any CPU.Build.0 = Debug|Any CPU
		{38863B35-9C7A-4245-8A28-D38EAF0378C8}.Release|Any CPU.ActiveCfg = Release|Any CPU
		{38863B35-9C7A-4245-8A28-D38EAF0378C8}.Release|Any CPU.Build.0 = Release|Any CPU
		{E0FFEFD3-116D-4326-B7F4-C463BB8DACF2}.Debug|Any CPU.ActiveCfg = Debug|Any CPU
		{E0FFEFD3-116D-4326-B7F4-C463BB8DACF2}.Debug|Any CPU.Build.0 = Debug|Any CPU
		{E0FFEFD3-116D-4326-B7F4-C463BB8DACF2}.Release|Any CPU.ActiveCfg = Release|Any CPU
		{E0FFEFD3-116D-4326-B7F4-C463BB8DACF2}.Release|Any CPU.Build.0 = Release|Any CPU
		{93673F35-AA66-462F-9D88-4E03FF477EEC}.Debug|Any CPU.ActiveCfg = Debug|Any CPU
		{93673F35-AA66-462F-9D88-4E03FF477EEC}.Debug|Any CPU.Build.0 = Debug|Any CPU
		{93673F35-AA66-462F-9D88-4E03FF477EEC}.Release|Any CPU.ActiveCfg = Release|Any CPU
		{93673F35-AA66-462F-9D88-4E03FF477EEC}.Release|Any CPU.Build.0 = Release|Any CPU
		{743D7EC2-9D6C-4E49-B95E-3A9E2A1848E1}.Debug|Any CPU.ActiveCfg = Debug|Any CPU
		{743D7EC2-9D6C-4E49-B95E-3A9E2A1848E1}.Debug|Any CPU.Build.0 = Debug|Any CPU
		{743D7EC2-9D6C-4E49-B95E-3A9E2A1848E1}.Release|Any CPU.ActiveCfg = Release|Any CPU
		{743D7EC2-9D6C-4E49-B95E-3A9E2A1848E1}.Release|Any CPU.Build.0 = Release|Any CPU
		{8A584D41-0753-4AF1-804B-AC0860160523}.Debug|Any CPU.ActiveCfg = Debug|Any CPU
		{8A584D41-0753-4AF1-804B-AC0860160523}.Debug|Any CPU.Build.0 = Debug|Any CPU
		{8A584D41-0753-4AF1-804B-AC0860160523}.Release|Any CPU.ActiveCfg = Release|Any CPU
		{8A584D41-0753-4AF1-804B-AC0860160523}.Release|Any CPU.Build.0 = Release|Any CPU
		{D1D1BDAC-DCB7-416A-BA33-749A29050A00}.Debug|Any CPU.ActiveCfg = Debug|Any CPU
		{D1D1BDAC-DCB7-416A-BA33-749A29050A00}.Debug|Any CPU.Build.0 = Debug|Any CPU
		{D1D1BDAC-DCB7-416A-BA33-749A29050A00}.Release|Any CPU.ActiveCfg = Release|Any CPU
		{D1D1BDAC-DCB7-416A-BA33-749A29050A00}.Release|Any CPU.Build.0 = Release|Any CPU
		{18D15647-0DC9-418B-9EF7-6DF23004B757}.Debug|Any CPU.ActiveCfg = Debug|Any CPU
		{18D15647-0DC9-418B-9EF7-6DF23004B757}.Debug|Any CPU.Build.0 = Debug|Any CPU
		{18D15647-0DC9-418B-9EF7-6DF23004B757}.Release|Any CPU.ActiveCfg = Release|Any CPU
		{18D15647-0DC9-418B-9EF7-6DF23004B757}.Release|Any CPU.Build.0 = Release|Any CPU
		{C30D7B23-8E40-471F-A337-E192D99D2F1A}.Debug|Any CPU.ActiveCfg = Debug|Any CPU
		{C30D7B23-8E40-471F-A337-E192D99D2F1A}.Debug|Any CPU.Build.0 = Debug|Any CPU
		{C30D7B23-8E40-471F-A337-E192D99D2F1A}.Release|Any CPU.ActiveCfg = Release|Any CPU
		{C30D7B23-8E40-471F-A337-E192D99D2F1A}.Release|Any CPU.Build.0 = Release|Any CPU
		{20439999-392A-4395-9072-6A1DCC912F43}.Debug|Any CPU.ActiveCfg = Debug|Any CPU
		{20439999-392A-4395-9072-6A1DCC912F43}.Debug|Any CPU.Build.0 = Debug|Any CPU
		{20439999-392A-4395-9072-6A1DCC912F43}.Release|Any CPU.ActiveCfg = Release|Any CPU
		{20439999-392A-4395-9072-6A1DCC912F43}.Release|Any CPU.Build.0 = Release|Any CPU
		{364B0D27-D553-4E8C-8C8C-0972D752DBBF}.Debug|Any CPU.ActiveCfg = Debug|Any CPU
		{364B0D27-D553-4E8C-8C8C-0972D752DBBF}.Debug|Any CPU.Build.0 = Debug|Any CPU
		{364B0D27-D553-4E8C-8C8C-0972D752DBBF}.Release|Any CPU.ActiveCfg = Release|Any CPU
		{364B0D27-D553-4E8C-8C8C-0972D752DBBF}.Release|Any CPU.Build.0 = Release|Any CPU
		{4B53206E-4B0F-4838-9DAE-679F2E9D54E8}.Debug|Any CPU.ActiveCfg = Debug|Any CPU
		{4B53206E-4B0F-4838-9DAE-679F2E9D54E8}.Debug|Any CPU.Build.0 = Debug|Any CPU
		{4B53206E-4B0F-4838-9DAE-679F2E9D54E8}.Release|Any CPU.ActiveCfg = Release|Any CPU
		{4B53206E-4B0F-4838-9DAE-679F2E9D54E8}.Release|Any CPU.Build.0 = Release|Any CPU
		{BC5F0A3A-165B-4CD9-BF8F-E52E554C7D1B}.Debug|Any CPU.ActiveCfg = Debug|Any CPU
		{BC5F0A3A-165B-4CD9-BF8F-E52E554C7D1B}.Debug|Any CPU.Build.0 = Debug|Any CPU
		{BC5F0A3A-165B-4CD9-BF8F-E52E554C7D1B}.Release|Any CPU.ActiveCfg = Release|Any CPU
		{BC5F0A3A-165B-4CD9-BF8F-E52E554C7D1B}.Release|Any CPU.Build.0 = Release|Any CPU
	EndGlobalSection
	GlobalSection(SolutionProperties) = preSolution
		HideSolutionNode = FALSE
	EndGlobalSection
	GlobalSection(ExtensibilityGlobals) = postSolution
		SolutionGuid = {C3B93076-6DD9-4CE7-B7D1-9BC1E9B361D1}
	EndGlobalSection
EndGlobal
