
Microsoft Visual Studio Solution File, Format Version 12.00
# Visual Studio Version 16
VisualStudioVersion = 16.0.31424.327
MinimumVisualStudioVersion = 10.0.40219.1
Project("{9A19103F-16F7-4668-BE54-9A1E7A4F7556}") = "L.01.SumAdjacentEqualNumbers", "L.01.SumAdjacentEqualNumbers\L.01.SumAdjacentEqualNumbers.csproj", "{A2BF1BDF-1DC6-4E8B-B255-AAF07F6166AA}"
EndProject
Project("{9A19103F-16F7-4668-BE54-9A1E7A4F7556}") = "L.02.GaussTrick", "Lab.02.GaussTrick\L.02.GaussTrick.csproj", "{538F8D31-1301-40D8-B31B-6F9FBFD39F72}"
EndProject
Project("{9A19103F-16F7-4668-BE54-9A1E7A4F7556}") = "L.02.GaussTrickModV1", "Lab.02.GaussTrickModV1\L.02.GaussTrickModV1.csproj", "{2B1EFE12-E1CE-4494-BAFD-3BD787934401}"
EndProject
Project("{9A19103F-16F7-4668-BE54-9A1E7A4F7556}") = "L.03.MergingLists", "L.03.MergingLists\L.03.MergingLists.csproj", "{AB9280AC-19C7-42ED-9B97-1D6B1E767C26}"
EndProject
Project("{9A19103F-16F7-4668-BE54-9A1E7A4F7556}") = "L.04.ListOfProducts", "L.04.ListOfProducts\L.04.ListOfProducts.csproj", "{425F7930-63D2-465C-8CA3-0CC7815A2917}"
EndProject
Project("{9A19103F-16F7-4668-BE54-9A1E7A4F7556}") = "L.05.RemoveNegativesAndReverse", "L.05.RemoveNegativesAndReverse\L.05.RemoveNegativesAndReverse.csproj", "{E013441F-8A13-4BCB-B296-E44DADDAB34B}"
EndProject
Project("{9A19103F-16F7-4668-BE54-9A1E7A4F7556}") = "L.06.ListManipulationBasics", "L.06.ListManipulationBasics\L.06.ListManipulationBasics.csproj", "{1484340B-0217-43E5-BA16-231AD232539F}"
EndProject
Project("{9A19103F-16F7-4668-BE54-9A1E7A4F7556}") = "L.07.ListManipulationAdvanced", "L.07.ListManipulationAdvanced\L.07.ListManipulationAdvanced.csproj", "{B1E61CF8-66C8-46E4-A048-81631E3A8BE6}"
EndProject
Project("{FAE04EC0-301F-11D3-BF4B-00C04F79EFBC}") = "Ex.01.Train", "Ex.01.Train\Ex.01.Train.csproj", "{4579C0D5-B9D4-40B1-892A-7BEF967A4BE1}"
EndProject
Global
	GlobalSection(SolutionConfigurationPlatforms) = preSolution
		Debug|Any CPU = Debug|Any CPU
		Release|Any CPU = Release|Any CPU
	EndGlobalSection
	GlobalSection(ProjectConfigurationPlatforms) = postSolution
		{A2BF1BDF-1DC6-4E8B-B255-AAF07F6166AA}.Debug|Any CPU.ActiveCfg = Debug|Any CPU
		{A2BF1BDF-1DC6-4E8B-B255-AAF07F6166AA}.Debug|Any CPU.Build.0 = Debug|Any CPU
		{A2BF1BDF-1DC6-4E8B-B255-AAF07F6166AA}.Release|Any CPU.ActiveCfg = Release|Any CPU
		{A2BF1BDF-1DC6-4E8B-B255-AAF07F6166AA}.Release|Any CPU.Build.0 = Release|Any CPU
		{538F8D31-1301-40D8-B31B-6F9FBFD39F72}.Debug|Any CPU.ActiveCfg = Debug|Any CPU
		{538F8D31-1301-40D8-B31B-6F9FBFD39F72}.Debug|Any CPU.Build.0 = Debug|Any CPU
		{538F8D31-1301-40D8-B31B-6F9FBFD39F72}.Release|Any CPU.ActiveCfg = Release|Any CPU
		{538F8D31-1301-40D8-B31B-6F9FBFD39F72}.Release|Any CPU.Build.0 = Release|Any CPU
		{2B1EFE12-E1CE-4494-BAFD-3BD787934401}.Debug|Any CPU.ActiveCfg = Debug|Any CPU
		{2B1EFE12-E1CE-4494-BAFD-3BD787934401}.Debug|Any CPU.Build.0 = Debug|Any CPU
		{2B1EFE12-E1CE-4494-BAFD-3BD787934401}.Release|Any CPU.ActiveCfg = Release|Any CPU
		{2B1EFE12-E1CE-4494-BAFD-3BD787934401}.Release|Any CPU.Build.0 = Release|Any CPU
		{AB9280AC-19C7-42ED-9B97-1D6B1E767C26}.Debug|Any CPU.ActiveCfg = Debug|Any CPU
		{AB9280AC-19C7-42ED-9B97-1D6B1E767C26}.Debug|Any CPU.Build.0 = Debug|Any CPU
		{AB9280AC-19C7-42ED-9B97-1D6B1E767C26}.Release|Any CPU.ActiveCfg = Release|Any CPU
		{AB9280AC-19C7-42ED-9B97-1D6B1E767C26}.Release|Any CPU.Build.0 = Release|Any CPU
		{425F7930-63D2-465C-8CA3-0CC7815A2917}.Debug|Any CPU.ActiveCfg = Debug|Any CPU
		{425F7930-63D2-465C-8CA3-0CC7815A2917}.Debug|Any CPU.Build.0 = Debug|Any CPU
		{425F7930-63D2-465C-8CA3-0CC7815A2917}.Release|Any CPU.ActiveCfg = Release|Any CPU
		{425F7930-63D2-465C-8CA3-0CC7815A2917}.Release|Any CPU.Build.0 = Release|Any CPU
		{E013441F-8A13-4BCB-B296-E44DADDAB34B}.Debug|Any CPU.ActiveCfg = Debug|Any CPU
		{E013441F-8A13-4BCB-B296-E44DADDAB34B}.Debug|Any CPU.Build.0 = Debug|Any CPU
		{E013441F-8A13-4BCB-B296-E44DADDAB34B}.Release|Any CPU.ActiveCfg = Release|Any CPU
		{E013441F-8A13-4BCB-B296-E44DADDAB34B}.Release|Any CPU.Build.0 = Release|Any CPU
		{1484340B-0217-43E5-BA16-231AD232539F}.Debug|Any CPU.ActiveCfg = Debug|Any CPU
		{1484340B-0217-43E5-BA16-231AD232539F}.Debug|Any CPU.Build.0 = Debug|Any CPU
		{1484340B-0217-43E5-BA16-231AD232539F}.Release|Any CPU.ActiveCfg = Release|Any CPU
		{1484340B-0217-43E5-BA16-231AD232539F}.Release|Any CPU.Build.0 = Release|Any CPU
		{B1E61CF8-66C8-46E4-A048-81631E3A8BE6}.Debug|Any CPU.ActiveCfg = Debug|Any CPU
		{B1E61CF8-66C8-46E4-A048-81631E3A8BE6}.Debug|Any CPU.Build.0 = Debug|Any CPU
		{B1E61CF8-66C8-46E4-A048-81631E3A8BE6}.Release|Any CPU.ActiveCfg = Release|Any CPU
		{B1E61CF8-66C8-46E4-A048-81631E3A8BE6}.Release|Any CPU.Build.0 = Release|Any CPU
		{4579C0D5-B9D4-40B1-892A-7BEF967A4BE1}.Debug|Any CPU.ActiveCfg = Debug|Any CPU
		{4579C0D5-B9D4-40B1-892A-7BEF967A4BE1}.Debug|Any CPU.Build.0 = Debug|Any CPU
		{4579C0D5-B9D4-40B1-892A-7BEF967A4BE1}.Release|Any CPU.ActiveCfg = Release|Any CPU
		{4579C0D5-B9D4-40B1-892A-7BEF967A4BE1}.Release|Any CPU.Build.0 = Release|Any CPU
	EndGlobalSection
	GlobalSection(SolutionProperties) = preSolution
		HideSolutionNode = FALSE
	EndGlobalSection
	GlobalSection(ExtensibilityGlobals) = postSolution
		SolutionGuid = {167050FF-2EEA-405A-ADA3-69F63ABFFF7F}
	EndGlobalSection
EndGlobal
