
Microsoft Visual Studio Solution File, Format Version 12.00
# Visual Studio Version 16
VisualStudioVersion = 16.0.31424.327
MinimumVisualStudioVersion = 10.0.40219.1
Project("{9A19103F-16F7-4668-BE54-9A1E7A4F7556}") = "L.01.SumAdjacentEqualNumbers", "L.01.SumAdjacentEqualNumbers\L.01.SumAdjacentEqualNumbers.csproj", "{A2BF1BDF-1DC6-4E8B-B255-AAF07F6166AA}"
EndProject
Project("{9A19103F-16F7-4668-BE54-9A1E7A4F7556}") = "L.02.GaussTrick", "Lab.02.GaussTrick\L.02.GaussTrick.csproj", "{538F8D31-1301-40D8-B31B-6F9FBFD39F72}"
EndProject
Project("{9A19103F-16F7-4668-BE54-9A1E7A4F7556}") = "L.02.GaussTrickModV1", "Lab.02.GaussTrickModV1\L.02.GaussTrickModV1.csproj", "{2B1EFE12-E1CE-4494-BAFD-3BD787934401}"
EndProject
Project("{9A19103F-16F7-4668-BE54-9A1E7A4F7556}") = "L.03.MergingLists", "L.03.MergingLists\L.03.MergingLists.csproj", "{AB9280AC-19C7-42ED-9B97-1D6B1E767C26}"
EndProject
Project("{9A19103F-16F7-4668-BE54-9A1E7A4F7556}") = "L.04.ListOfProducts", "L.04.ListOfProducts\L.04.ListOfProducts.csproj", "{425F7930-63D2-465C-8CA3-0CC7815A2917}"
EndProject
Project("{9A19103F-16F7-4668-BE54-9A1E7A4F7556}") = "L.05.RemoveNegativesAndReverse", "L.05.RemoveNegativesAndReverse\L.05.RemoveNegativesAndReverse.csproj", "{E013441F-8A13-4BCB-B296-E44DADDAB34B}"
EndProject
Project("{9A19103F-16F7-4668-BE54-9A1E7A4F7556}") = "L.06.ListManipulationBasics", "L.06.ListManipulationBasics\L.06.ListManipulationBasics.csproj", "{1484340B-0217-43E5-BA16-231AD232539F}"
EndProject
Project("{9A19103F-16F7-4668-BE54-9A1E7A4F7556}") = "L.07.ListManipulationAdvanced", "L.07.ListManipulationAdvanced\L.07.ListManipulationAdvanced.csproj", "{B1E61CF8-66C8-46E4-A048-81631E3A8BE6}"
EndProject
Project("{9A19103F-16F7-4668-BE54-9A1E7A4F7556}") = "Ex.01.Train", "Ex.01.Train\Ex.01.Train.csproj", "{4579C0D5-B9D4-40B1-892A-7BEF967A4BE1}"
EndProject
Project("{9A19103F-16F7-4668-BE54-9A1E7A4F7556}") = "Ex.02.ChangeList", "Ex.02.ChangeList\Ex.02.ChangeList.csproj", "{74506E91-859D-431C-B639-32678E25704B}"
EndProject
Project("{9A19103F-16F7-4668-BE54-9A1E7A4F7556}") = "Ex.03.HouseParty", "Ex.03.HouseParty\Ex.03.HouseParty.csproj", "{E49ADC24-738E-4CA5-B105-9087FC88A448}"
EndProject
Project("{9A19103F-16F7-4668-BE54-9A1E7A4F7556}") = "Ex.04.ListOperations", "Ex.04.ListOperations\Ex.04.ListOperations.csproj", "{583D4D64-54B8-45DB-8306-23D2F75A3BC6}"
EndProject
Project("{9A19103F-16F7-4668-BE54-9A1E7A4F7556}") = "Ex.05.BombNumbers", "Ex.05.BombNumbers\Ex.05.BombNumbers.csproj", "{454C9B9F-FFD4-4C5A-B673-C75A872C86AF}"
EndProject
Project("{9A19103F-16F7-4668-BE54-9A1E7A4F7556}") = "Ex.06.CardsGame", "Ex.06.CardsGame\Ex.06.CardsGame.csproj", "{36CFD177-09DB-4EF7-92C2-6526DEA1D3FB}"
EndProject
Project("{FAE04EC0-301F-11D3-BF4B-00C04F79EFBC}") = "Ex.07.AppendArrays", "Ex.07.AppendArrays\Ex.07.AppendArrays.csproj", "{8F44844E-6404-4577-A576-A5FA84D3420D}"
EndProject
Global
	GlobalSection(SolutionConfigurationPlatforms) = preSolution
		Debug|Any CPU = Debug|Any CPU
		Release|Any CPU = Release|Any CPU
	EndGlobalSection
	GlobalSection(ProjectConfigurationPlatforms) = postSolution
		{A2BF1BDF-1DC6-4E8B-B255-AAF07F6166AA}.Debug|Any CPU.ActiveCfg = Debug|Any CPU
		{A2BF1BDF-1DC6-4E8B-B255-AAF07F6166AA}.Debug|Any CPU.Build.0 = Debug|Any CPU
		{A2BF1BDF-1DC6-4E8B-B255-AAF07F6166AA}.Release|Any CPU.ActiveCfg = Release|Any CPU
		{A2BF1BDF-1DC6-4E8B-B255-AAF07F6166AA}.Release|Any CPU.Build.0 = Release|Any CPU
		{538F8D31-1301-40D8-B31B-6F9FBFD39F72}.Debug|Any CPU.ActiveCfg = Debug|Any CPU
		{538F8D31-1301-40D8-B31B-6F9FBFD39F72}.Debug|Any CPU.Build.0 = Debug|Any CPU
		{538F8D31-1301-40D8-B31B-6F9FBFD39F72}.Release|Any CPU.ActiveCfg = Release|Any CPU
		{538F8D31-1301-40D8-B31B-6F9FBFD39F72}.Release|Any CPU.Build.0 = Release|Any CPU
		{2B1EFE12-E1CE-4494-BAFD-3BD787934401}.Debug|Any CPU.ActiveCfg = Debug|Any CPU
		{2B1EFE12-E1CE-4494-BAFD-3BD787934401}.Debug|Any CPU.Build.0 = Debug|Any CPU
		{2B1EFE12-E1CE-4494-BAFD-3BD787934401}.Release|Any CPU.ActiveCfg = Release|Any CPU
		{2B1EFE12-E1CE-4494-BAFD-3BD787934401}.Release|Any CPU.Build.0 = Release|Any CPU
		{AB9280AC-19C7-42ED-9B97-1D6B1E767C26}.Debug|Any CPU.ActiveCfg = Debug|Any CPU
		{AB9280AC-19C7-42ED-9B97-1D6B1E767C26}.Debug|Any CPU.Build.0 = Debug|Any CPU
		{AB9280AC-19C7-42ED-9B97-1D6B1E767C26}.Release|Any CPU.ActiveCfg = Release|Any CPU
		{AB9280AC-19C7-42ED-9B97-1D6B1E767C26}.Release|Any CPU.Build.0 = Release|Any CPU
		{425F7930-63D2-465C-8CA3-0CC7815A2917}.Debug|Any CPU.ActiveCfg = Debug|Any CPU
		{425F7930-63D2-465C-8CA3-0CC7815A2917}.Debug|Any CPU.Build.0 = Debug|Any CPU
		{425F7930-63D2-465C-8CA3-0CC7815A2917}.Release|Any CPU.ActiveCfg = Release|Any CPU
		{425F7930-63D2-465C-8CA3-0CC7815A2917}.Release|Any CPU.Build.0 = Release|Any CPU
		{E013441F-8A13-4BCB-B296-E44DADDAB34B}.Debug|Any CPU.ActiveCfg = Debug|Any CPU
		{E013441F-8A13-4BCB-B296-E44DADDAB34B}.Debug|Any CPU.Build.0 = Debug|Any CPU
		{E013441F-8A13-4BCB-B296-E44DADDAB34B}.Release|Any CPU.ActiveCfg = Release|Any CPU
		{E013441F-8A13-4BCB-B296-E44DADDAB34B}.Release|Any CPU.Build.0 = Release|Any CPU
		{1484340B-0217-43E5-BA16-231AD232539F}.Debug|Any CPU.ActiveCfg = Debug|Any CPU
		{1484340B-0217-43E5-BA16-231AD232539F}.Debug|Any CPU.Build.0 = Debug|Any CPU
		{1484340B-0217-43E5-BA16-231AD232539F}.Release|Any CPU.ActiveCfg = Release|Any CPU
		{1484340B-0217-43E5-BA16-231AD232539F}.Release|Any CPU.Build.0 = Release|Any CPU
		{B1E61CF8-66C8-46E4-A048-81631E3A8BE6}.Debug|Any CPU.ActiveCfg = Debug|Any CPU
		{B1E61CF8-66C8-46E4-A048-81631E3A8BE6}.Debug|Any CPU.Build.0 = Debug|Any CPU
		{B1E61CF8-66C8-46E4-A048-81631E3A8BE6}.Release|Any CPU.ActiveCfg = Release|Any CPU
		{B1E61CF8-66C8-46E4-A048-81631E3A8BE6}.Release|Any CPU.Build.0 = Release|Any CPU
		{4579C0D5-B9D4-40B1-892A-7BEF967A4BE1}.Debug|Any CPU.ActiveCfg = Debug|Any CPU
		{4579C0D5-B9D4-40B1-892A-7BEF967A4BE1}.Debug|Any CPU.Build.0 = Debug|Any CPU
		{4579C0D5-B9D4-40B1-892A-7BEF967A4BE1}.Release|Any CPU.ActiveCfg = Release|Any CPU
		{4579C0D5-B9D4-40B1-892A-7BEF967A4BE1}.Release|Any CPU.Build.0 = Release|Any CPU
		{74506E91-859D-431C-B639-32678E25704B}.Debug|Any CPU.ActiveCfg = Debug|Any CPU
		{74506E91-859D-431C-B639-32678E25704B}.Debug|Any CPU.Build.0 = Debug|Any CPU
		{74506E91-859D-431C-B639-32678E25704B}.Release|Any CPU.ActiveCfg = Release|Any CPU
		{74506E91-859D-431C-B639-32678E25704B}.Release|Any CPU.Build.0 = Release|Any CPU
		{E49ADC24-738E-4CA5-B105-9087FC88A448}.Debug|Any CPU.ActiveCfg = Debug|Any CPU
		{E49ADC24-738E-4CA5-B105-9087FC88A448}.Debug|Any CPU.Build.0 = Debug|Any CPU
		{E49ADC24-738E-4CA5-B105-9087FC88A448}.Release|Any CPU.ActiveCfg = Release|Any CPU
		{E49ADC24-738E-4CA5-B105-9087FC88A448}.Release|Any CPU.Build.0 = Release|Any CPU
		{583D4D64-54B8-45DB-8306-23D2F75A3BC6}.Debug|Any CPU.ActiveCfg = Debug|Any CPU
		{583D4D64-54B8-45DB-8306-23D2F75A3BC6}.Debug|Any CPU.Build.0 = Debug|Any CPU
		{583D4D64-54B8-45DB-8306-23D2F75A3BC6}.Release|Any CPU.ActiveCfg = Release|Any CPU
		{583D4D64-54B8-45DB-8306-23D2F75A3BC6}.Release|Any CPU.Build.0 = Release|Any CPU
		{454C9B9F-FFD4-4C5A-B673-C75A872C86AF}.Debug|Any CPU.ActiveCfg = Debug|Any CPU
		{454C9B9F-FFD4-4C5A-B673-C75A872C86AF}.Debug|Any CPU.Build.0 = Debug|Any CPU
		{454C9B9F-FFD4-4C5A-B673-C75A872C86AF}.Release|Any CPU.ActiveCfg = Release|Any CPU
		{454C9B9F-FFD4-4C5A-B673-C75A872C86AF}.Release|Any CPU.Build.0 = Release|Any CPU
		{36CFD177-09DB-4EF7-92C2-6526DEA1D3FB}.Debug|Any CPU.ActiveCfg = Debug|Any CPU
		{36CFD177-09DB-4EF7-92C2-6526DEA1D3FB}.Debug|Any CPU.Build.0 = Debug|Any CPU
		{36CFD177-09DB-4EF7-92C2-6526DEA1D3FB}.Release|Any CPU.ActiveCfg = Release|Any CPU
		{36CFD177-09DB-4EF7-92C2-6526DEA1D3FB}.Release|Any CPU.Build.0 = Release|Any CPU
		{8F44844E-6404-4577-A576-A5FA84D3420D}.Debug|Any CPU.ActiveCfg = Debug|Any CPU
		{8F44844E-6404-4577-A576-A5FA84D3420D}.Debug|Any CPU.Build.0 = Debug|Any CPU
		{8F44844E-6404-4577-A576-A5FA84D3420D}.Release|Any CPU.ActiveCfg = Release|Any CPU
		{8F44844E-6404-4577-A576-A5FA84D3420D}.Release|Any CPU.Build.0 = Release|Any CPU
	EndGlobalSection
	GlobalSection(SolutionProperties) = preSolution
		HideSolutionNode = FALSE
	EndGlobalSection
	GlobalSection(ExtensibilityGlobals) = postSolution
		SolutionGuid = {167050FF-2EEA-405A-ADA3-69F63ABFFF7F}
	EndGlobalSection
EndGlobal
