
Microsoft Visual Studio Solution File, Format Version 12.00
# Visual Studio Version 16
VisualStudioVersion = 16.0.31424.327
MinimumVisualStudioVersion = 10.0.40219.1
Project("{9A19103F-16F7-4668-BE54-9A1E7A4F7556}") = "L.01.StudentInformation", "L.01.StudentInformation\L.01.StudentInformation.csproj", "{EECACD73-FC5F-4FD2-90BE-157BD774548F}"
EndProject
Project("{9A19103F-16F7-4668-BE54-9A1E7A4F7556}") = "L.01.StudentInfoV01", "L.01.StudentInfoV01\L.01.StudentInfoV01.csproj", "{4F9D6B8C-3479-4D95-8CF8-AF1FE6D61AA6}"
EndProject
Project("{9A19103F-16F7-4668-BE54-9A1E7A4F7556}") = "L.01.StudentInfoV02", "L.01.StudentInfoV02\L.01.StudentInfoV02.csproj", "{56F2D17A-E797-4B25-BA67-62D2B67F1255}"
EndProject
Project("{9A19103F-16F7-4668-BE54-9A1E7A4F7556}") = "L.02.Passed", "L.02.Passed\L.02.Passed.csproj", "{5B1EE5A5-F58C-4BC9-8CD5-5284A1991343}"
EndProject
Project("{9A19103F-16F7-4668-BE54-9A1E7A4F7556}") = "L.02.PassedModV1", "L.02.PassedModV1\L.02.PassedModV1.csproj", "{8FCAF90E-7E2F-4BB4-9F3E-84115ADBAC24}"
EndProject
Project("{9A19103F-16F7-4668-BE54-9A1E7A4F7556}") = "L.03.PassedOrFailed", "L.03.PassedOrFailed\L.03.PassedOrFailed.csproj", "{360D4B6D-4C0F-48C6-A10A-2B76D24ADB9E}"
EndProject
Project("{FAE04EC0-301F-11D3-BF4B-00C04F79EFBC}") = "L.04.BackIn30Mins", "L.04.BackIn30Mins\L.04.BackIn30Mins.csproj", "{84C8F3A8-5BD0-4758-98A5-D373A0B3584B}"
EndProject
Global
	GlobalSection(SolutionConfigurationPlatforms) = preSolution
		Debug|Any CPU = Debug|Any CPU
		Release|Any CPU = Release|Any CPU
	EndGlobalSection
	GlobalSection(ProjectConfigurationPlatforms) = postSolution
		{EECACD73-FC5F-4FD2-90BE-157BD774548F}.Debug|Any CPU.ActiveCfg = Debug|Any CPU
		{EECACD73-FC5F-4FD2-90BE-157BD774548F}.Debug|Any CPU.Build.0 = Debug|Any CPU
		{EECACD73-FC5F-4FD2-90BE-157BD774548F}.Release|Any CPU.ActiveCfg = Release|Any CPU
		{EECACD73-FC5F-4FD2-90BE-157BD774548F}.Release|Any CPU.Build.0 = Release|Any CPU
		{4F9D6B8C-3479-4D95-8CF8-AF1FE6D61AA6}.Debug|Any CPU.ActiveCfg = Debug|Any CPU
		{4F9D6B8C-3479-4D95-8CF8-AF1FE6D61AA6}.Debug|Any CPU.Build.0 = Debug|Any CPU
		{4F9D6B8C-3479-4D95-8CF8-AF1FE6D61AA6}.Release|Any CPU.ActiveCfg = Release|Any CPU
		{4F9D6B8C-3479-4D95-8CF8-AF1FE6D61AA6}.Release|Any CPU.Build.0 = Release|Any CPU
		{56F2D17A-E797-4B25-BA67-62D2B67F1255}.Debug|Any CPU.ActiveCfg = Debug|Any CPU
		{56F2D17A-E797-4B25-BA67-62D2B67F1255}.Debug|Any CPU.Build.0 = Debug|Any CPU
		{56F2D17A-E797-4B25-BA67-62D2B67F1255}.Release|Any CPU.ActiveCfg = Release|Any CPU
		{56F2D17A-E797-4B25-BA67-62D2B67F1255}.Release|Any CPU.Build.0 = Release|Any CPU
		{5B1EE5A5-F58C-4BC9-8CD5-5284A1991343}.Debug|Any CPU.ActiveCfg = Debug|Any CPU
		{5B1EE5A5-F58C-4BC9-8CD5-5284A1991343}.Debug|Any CPU.Build.0 = Debug|Any CPU
		{5B1EE5A5-F58C-4BC9-8CD5-5284A1991343}.Release|Any CPU.ActiveCfg = Release|Any CPU
		{5B1EE5A5-F58C-4BC9-8CD5-5284A1991343}.Release|Any CPU.Build.0 = Release|Any CPU
		{8FCAF90E-7E2F-4BB4-9F3E-84115ADBAC24}.Debug|Any CPU.ActiveCfg = Debug|Any CPU
		{8FCAF90E-7E2F-4BB4-9F3E-84115ADBAC24}.Debug|Any CPU.Build.0 = Debug|Any CPU
		{8FCAF90E-7E2F-4BB4-9F3E-84115ADBAC24}.Release|Any CPU.ActiveCfg = Release|Any CPU
		{8FCAF90E-7E2F-4BB4-9F3E-84115ADBAC24}.Release|Any CPU.Build.0 = Release|Any CPU
		{360D4B6D-4C0F-48C6-A10A-2B76D24ADB9E}.Debug|Any CPU.ActiveCfg = Debug|Any CPU
		{360D4B6D-4C0F-48C6-A10A-2B76D24ADB9E}.Debug|Any CPU.Build.0 = Debug|Any CPU
		{360D4B6D-4C0F-48C6-A10A-2B76D24ADB9E}.Release|Any CPU.ActiveCfg = Release|Any CPU
		{360D4B6D-4C0F-48C6-A10A-2B76D24ADB9E}.Release|Any CPU.Build.0 = Release|Any CPU
		{84C8F3A8-5BD0-4758-98A5-D373A0B3584B}.Debug|Any CPU.ActiveCfg = Debug|Any CPU
		{84C8F3A8-5BD0-4758-98A5-D373A0B3584B}.Debug|Any CPU.Build.0 = Debug|Any CPU
		{84C8F3A8-5BD0-4758-98A5-D373A0B3584B}.Release|Any CPU.ActiveCfg = Release|Any CPU
		{84C8F3A8-5BD0-4758-98A5-D373A0B3584B}.Release|Any CPU.Build.0 = Release|Any CPU
	EndGlobalSection
	GlobalSection(SolutionProperties) = preSolution
		HideSolutionNode = FALSE
	EndGlobalSection
	GlobalSection(ExtensibilityGlobals) = postSolution
		SolutionGuid = {CFCE7483-D758-4636-A8BB-52EB25AC6B03}
	EndGlobalSection
EndGlobal
