
Microsoft Visual Studio Solution File, Format Version 12.00
# Visual Studio Version 16
VisualStudioVersion = 16.0.31424.327
MinimumVisualStudioVersion = 10.0.40219.1
Project("{9A19103F-16F7-4668-BE54-9A1E7A4F7556}") = "L.01.StudentInformation", "L.01.StudentInformation\L.01.StudentInformation.csproj", "{EECACD73-FC5F-4FD2-90BE-157BD774548F}"
EndProject
Project("{9A19103F-16F7-4668-BE54-9A1E7A4F7556}") = "L.01.StudentInfoV01", "L.01.StudentInfoV01\L.01.StudentInfoV01.csproj", "{4F9D6B8C-3479-4D95-8CF8-AF1FE6D61AA6}"
EndProject
Project("{9A19103F-16F7-4668-BE54-9A1E7A4F7556}") = "L.01.StudentInfoV02", "L.01.StudentInfoV02\L.01.StudentInfoV02.csproj", "{56F2D17A-E797-4B25-BA67-62D2B67F1255}"
EndProject
Project("{9A19103F-16F7-4668-BE54-9A1E7A4F7556}") = "L.02.Passed", "L.02.Passed\L.02.Passed.csproj", "{5B1EE5A5-F58C-4BC9-8CD5-5284A1991343}"
EndProject
Project("{9A19103F-16F7-4668-BE54-9A1E7A4F7556}") = "L.02.PassedModV1", "L.02.PassedModV1\L.02.PassedModV1.csproj", "{8FCAF90E-7E2F-4BB4-9F3E-84115ADBAC24}"
EndProject
Project("{9A19103F-16F7-4668-BE54-9A1E7A4F7556}") = "L.03.PassedOrFailed", "L.03.PassedOrFailed\L.03.PassedOrFailed.csproj", "{360D4B6D-4C0F-48C6-A10A-2B76D24ADB9E}"
EndProject
Project("{9A19103F-16F7-4668-BE54-9A1E7A4F7556}") = "L.04.BackIn30Mins", "L.04.BackIn30Mins\L.04.BackIn30Mins.csproj", "{84C8F3A8-5BD0-4758-98A5-D373A0B3584B}"
EndProject
Project("{9A19103F-16F7-4668-BE54-9A1E7A4F7556}") = "L.04.BackIn30MinsV1", "L.04.BackIn30MinsV1\L.04.BackIn30MinsV1.csproj", "{D020FE54-4CE3-4663-B4D9-FFF49ECA31F1}"
EndProject
Project("{9A19103F-16F7-4668-BE54-9A1E7A4F7556}") = "L.05.MonthPrinter", "L.05.MonthPrinter\L.05.MonthPrinter.csproj", "{5FDCC32D-AA6C-4E3C-AA6D-D84EAD9F7248}"
EndProject
Project("{9A19103F-16F7-4668-BE54-9A1E7A4F7556}") = "L.06.ForeignLangs", "L.06.ForeignLangs\L.06.ForeignLangs.csproj", "{3369D7B5-4E58-419F-95E3-265FE0EB17CC}"
EndProject
Project("{9A19103F-16F7-4668-BE54-9A1E7A4F7556}") = "L.06.ForeignLangsV1", "L.06.ForeignLangsV1\L.06.ForeignLangsV1.csproj", "{4DC5EF8A-0ADA-409B-AEC7-D3C9F4A74A1C}"
EndProject
Project("{9A19103F-16F7-4668-BE54-9A1E7A4F7556}") = "L.07.TheatrePromo", "L.07.TheatrePromo\L.07.TheatrePromo.csproj", "{B858FEB8-CCC6-4D54-95AE-7077FD2DD78A}"
EndProject
Project("{9A19103F-16F7-4668-BE54-9A1E7A4F7556}") = "L.08.DivisibleBy3", "L.08.DivisibleBy3\L.08.DivisibleBy3.csproj", "{8CB35405-9DEB-4915-9DF7-0D6581EC155B}"
EndProject
Project("{9A19103F-16F7-4668-BE54-9A1E7A4F7556}") = "L.08.DivisibleBy3M1", "L.08.DivisibleBy3M1\L.08.DivisibleBy3M1.csproj", "{A5714893-1B3D-40E6-AF71-4430F58E33C8}"
EndProject
Project("{9A19103F-16F7-4668-BE54-9A1E7A4F7556}") = "L.09.SumOfOddNums", "L.09.SumOfOddNums\L.09.SumOfOddNums.csproj", "{B922340E-E4C1-4403-8A98-DE02332A533E}"
EndProject
Project("{9A19103F-16F7-4668-BE54-9A1E7A4F7556}") = "L.09.SumOfOddNumsV1", "L.09.SumOfOddNumsV1\L.09.SumOfOddNumsV1.csproj", "{4191166B-12D6-400C-B901-4A73104BD3D7}"
EndProject
Project("{9A19103F-16F7-4668-BE54-9A1E7A4F7556}") = "L.10.Multiplication", "L.10.Multiplication\L.10.Multiplication.csproj", "{F72E058E-6956-4A96-982F-19FE56BBA644}"
EndProject
Project("{9A19103F-16F7-4668-BE54-9A1E7A4F7556}") = "L.10.Multipl-nTable", "L.10.Multipl-nTable\L.10.Multipl-nTable.csproj", "{D3FD1DE9-3E55-4C50-9F77-29355CE850A5}"
EndProject
Project("{9A19103F-16F7-4668-BE54-9A1E7A4F7556}") = "L.11.Mul-nTable 2.0", "L.11.Mul-nTable 2.0\L.11.Mul-nTable 2.0.csproj", "{066329ED-CF10-4B99-AA9E-9B34B3308DF9}"
EndProject
Project("{9A19103F-16F7-4668-BE54-9A1E7A4F7556}") = "L.12.EvenNumber", "L.12.EvenNumber\L.12.EvenNumber.csproj", "{318448A3-EC30-4DA8-8623-342BE525CBAB}"
EndProject
Project("{9A19103F-16F7-4668-BE54-9A1E7A4F7556}") = "L.13.H-sB-nTwoDates", "L.13.H-sB-nTwoDates\L.13.H-sB-nTwoDates.csproj", "{AA20F8F8-5C4C-44E4-B272-940EF5F673F3}"
EndProject
Project("{9A19103F-16F7-4668-BE54-9A1E7A4F7556}") = "Ex.01.Ages", "Ex.01.Ages\Ex.01.Ages.csproj", "{3A0DAA9A-2A2B-4251-AAAD-01614888B02C}"
EndProject
Project("{9A19103F-16F7-4668-BE54-9A1E7A4F7556}") = "Ex.01.AgesModV1", "Ex.01.AgesModV1\Ex.01.AgesModV1.csproj", "{B1BFA1E6-9B8F-44A8-B7CC-EAA2AFE6C713}"
EndProject
Project("{9A19103F-16F7-4668-BE54-9A1E7A4F7556}") = "Ex.02.Division", "Ex.02.Division\Ex.02.Division.csproj", "{36CDE1A1-78CA-49C3-A5B6-A4AC6E1E0453}"
EndProject
Project("{9A19103F-16F7-4668-BE54-9A1E7A4F7556}") = "Ex.03.Vacation", "Ex.03.Vacation\Ex.03.Vacation.csproj", "{ECB9556B-C9A1-4973-A080-C5F59CEEB448}"
EndProject
Project("{9A19103F-16F7-4668-BE54-9A1E7A4F7556}") = "Ex.04.PrintAndsum", "Ex.04.PrintAndsum\Ex.04.PrintAndsum.csproj", "{37103163-E84F-48F0-AD2B-FE9BB5F13CBF}"
EndProject
Project("{9A19103F-16F7-4668-BE54-9A1E7A4F7556}") = "Ex.05. Login", "Ex.05. Login\Ex.05. Login.csproj", "{BF39D9E1-A379-4A79-A49E-95F50C48E686}"
EndProject
Project("{9A19103F-16F7-4668-BE54-9A1E7A4F7556}") = "Ex.06.StrongNumber", "Ex.06.StrongNumber\Ex.06.StrongNumber.csproj", "{05045A5B-C65A-4A7C-AD53-9067E1C05289}"
EndProject
Project("{9A19103F-16F7-4668-BE54-9A1E7A4F7556}") = "Ex.07.VendingMach-e", "Ex.07.VendingMach-e\Ex.07.VendingMach-e.csproj", "{C1554427-66F8-49F5-9E4A-FC9C938C36AA}"
EndProject
Project("{9A19103F-16F7-4668-BE54-9A1E7A4F7556}") = "Ex.08.TriangleNums", "Ex.08.TriangleNums\Ex.08.TriangleNums.csproj", "{045141F4-ED11-4494-AFB6-AD1366F27352}"
EndProject
Project("{9A19103F-16F7-4668-BE54-9A1E7A4F7556}") = "Ex.09.PadawanE-ment", "Ex.09.PadawanE-ment\Ex.09.PadawanE-ment.csproj", "{EF20D1A5-990E-470D-BB2C-D25E95457F3A}"
EndProject
Project("{9A19103F-16F7-4668-BE54-9A1E7A4F7556}") = "Ex.07.V-ingMach-eV1", "Ex.07.V-ingMach-eV1\Ex.07.V-ingMach-eV1.csproj", "{4BA2F509-CBB6-4FC0-9CC7-D36D282FB5EE}"
EndProject
Project("{FAE04EC0-301F-11D3-BF4B-00C04F79EFBC}") = "Ex.10.RageExpenses", "Ex.10.RageExpenses\Ex.10.RageExpenses.csproj", "{BC56B6DC-A85E-4AED-920E-79E9FA8DB868}"
EndProject
Global
	GlobalSection(SolutionConfigurationPlatforms) = preSolution
		Debug|Any CPU = Debug|Any CPU
		Release|Any CPU = Release|Any CPU
	EndGlobalSection
	GlobalSection(ProjectConfigurationPlatforms) = postSolution
		{EECACD73-FC5F-4FD2-90BE-157BD774548F}.Debug|Any CPU.ActiveCfg = Debug|Any CPU
		{EECACD73-FC5F-4FD2-90BE-157BD774548F}.Debug|Any CPU.Build.0 = Debug|Any CPU
		{EECACD73-FC5F-4FD2-90BE-157BD774548F}.Release|Any CPU.ActiveCfg = Release|Any CPU
		{EECACD73-FC5F-4FD2-90BE-157BD774548F}.Release|Any CPU.Build.0 = Release|Any CPU
		{4F9D6B8C-3479-4D95-8CF8-AF1FE6D61AA6}.Debug|Any CPU.ActiveCfg = Debug|Any CPU
		{4F9D6B8C-3479-4D95-8CF8-AF1FE6D61AA6}.Debug|Any CPU.Build.0 = Debug|Any CPU
		{4F9D6B8C-3479-4D95-8CF8-AF1FE6D61AA6}.Release|Any CPU.ActiveCfg = Release|Any CPU
		{4F9D6B8C-3479-4D95-8CF8-AF1FE6D61AA6}.Release|Any CPU.Build.0 = Release|Any CPU
		{56F2D17A-E797-4B25-BA67-62D2B67F1255}.Debug|Any CPU.ActiveCfg = Debug|Any CPU
		{56F2D17A-E797-4B25-BA67-62D2B67F1255}.Debug|Any CPU.Build.0 = Debug|Any CPU
		{56F2D17A-E797-4B25-BA67-62D2B67F1255}.Release|Any CPU.ActiveCfg = Release|Any CPU
		{56F2D17A-E797-4B25-BA67-62D2B67F1255}.Release|Any CPU.Build.0 = Release|Any CPU
		{5B1EE5A5-F58C-4BC9-8CD5-5284A1991343}.Debug|Any CPU.ActiveCfg = Debug|Any CPU
		{5B1EE5A5-F58C-4BC9-8CD5-5284A1991343}.Debug|Any CPU.Build.0 = Debug|Any CPU
		{5B1EE5A5-F58C-4BC9-8CD5-5284A1991343}.Release|Any CPU.ActiveCfg = Release|Any CPU
		{5B1EE5A5-F58C-4BC9-8CD5-5284A1991343}.Release|Any CPU.Build.0 = Release|Any CPU
		{8FCAF90E-7E2F-4BB4-9F3E-84115ADBAC24}.Debug|Any CPU.ActiveCfg = Debug|Any CPU
		{8FCAF90E-7E2F-4BB4-9F3E-84115ADBAC24}.Debug|Any CPU.Build.0 = Debug|Any CPU
		{8FCAF90E-7E2F-4BB4-9F3E-84115ADBAC24}.Release|Any CPU.ActiveCfg = Release|Any CPU
		{8FCAF90E-7E2F-4BB4-9F3E-84115ADBAC24}.Release|Any CPU.Build.0 = Release|Any CPU
		{360D4B6D-4C0F-48C6-A10A-2B76D24ADB9E}.Debug|Any CPU.ActiveCfg = Debug|Any CPU
		{360D4B6D-4C0F-48C6-A10A-2B76D24ADB9E}.Debug|Any CPU.Build.0 = Debug|Any CPU
		{360D4B6D-4C0F-48C6-A10A-2B76D24ADB9E}.Release|Any CPU.ActiveCfg = Release|Any CPU
		{360D4B6D-4C0F-48C6-A10A-2B76D24ADB9E}.Release|Any CPU.Build.0 = Release|Any CPU
		{84C8F3A8-5BD0-4758-98A5-D373A0B3584B}.Debug|Any CPU.ActiveCfg = Debug|Any CPU
		{84C8F3A8-5BD0-4758-98A5-D373A0B3584B}.Debug|Any CPU.Build.0 = Debug|Any CPU
		{84C8F3A8-5BD0-4758-98A5-D373A0B3584B}.Release|Any CPU.ActiveCfg = Release|Any CPU
		{84C8F3A8-5BD0-4758-98A5-D373A0B3584B}.Release|Any CPU.Build.0 = Release|Any CPU
		{D020FE54-4CE3-4663-B4D9-FFF49ECA31F1}.Debug|Any CPU.ActiveCfg = Debug|Any CPU
		{D020FE54-4CE3-4663-B4D9-FFF49ECA31F1}.Debug|Any CPU.Build.0 = Debug|Any CPU
		{D020FE54-4CE3-4663-B4D9-FFF49ECA31F1}.Release|Any CPU.ActiveCfg = Release|Any CPU
		{D020FE54-4CE3-4663-B4D9-FFF49ECA31F1}.Release|Any CPU.Build.0 = Release|Any CPU
		{5FDCC32D-AA6C-4E3C-AA6D-D84EAD9F7248}.Debug|Any CPU.ActiveCfg = Debug|Any CPU
		{5FDCC32D-AA6C-4E3C-AA6D-D84EAD9F7248}.Debug|Any CPU.Build.0 = Debug|Any CPU
		{5FDCC32D-AA6C-4E3C-AA6D-D84EAD9F7248}.Release|Any CPU.ActiveCfg = Release|Any CPU
		{5FDCC32D-AA6C-4E3C-AA6D-D84EAD9F7248}.Release|Any CPU.Build.0 = Release|Any CPU
		{3369D7B5-4E58-419F-95E3-265FE0EB17CC}.Debug|Any CPU.ActiveCfg = Debug|Any CPU
		{3369D7B5-4E58-419F-95E3-265FE0EB17CC}.Debug|Any CPU.Build.0 = Debug|Any CPU
		{3369D7B5-4E58-419F-95E3-265FE0EB17CC}.Release|Any CPU.ActiveCfg = Release|Any CPU
		{3369D7B5-4E58-419F-95E3-265FE0EB17CC}.Release|Any CPU.Build.0 = Release|Any CPU
		{4DC5EF8A-0ADA-409B-AEC7-D3C9F4A74A1C}.Debug|Any CPU.ActiveCfg = Debug|Any CPU
		{4DC5EF8A-0ADA-409B-AEC7-D3C9F4A74A1C}.Debug|Any CPU.Build.0 = Debug|Any CPU
		{4DC5EF8A-0ADA-409B-AEC7-D3C9F4A74A1C}.Release|Any CPU.ActiveCfg = Release|Any CPU
		{4DC5EF8A-0ADA-409B-AEC7-D3C9F4A74A1C}.Release|Any CPU.Build.0 = Release|Any CPU
		{B858FEB8-CCC6-4D54-95AE-7077FD2DD78A}.Debug|Any CPU.ActiveCfg = Debug|Any CPU
		{B858FEB8-CCC6-4D54-95AE-7077FD2DD78A}.Debug|Any CPU.Build.0 = Debug|Any CPU
		{B858FEB8-CCC6-4D54-95AE-7077FD2DD78A}.Release|Any CPU.ActiveCfg = Release|Any CPU
		{B858FEB8-CCC6-4D54-95AE-7077FD2DD78A}.Release|Any CPU.Build.0 = Release|Any CPU
		{8CB35405-9DEB-4915-9DF7-0D6581EC155B}.Debug|Any CPU.ActiveCfg = Debug|Any CPU
		{8CB35405-9DEB-4915-9DF7-0D6581EC155B}.Debug|Any CPU.Build.0 = Debug|Any CPU
		{8CB35405-9DEB-4915-9DF7-0D6581EC155B}.Release|Any CPU.ActiveCfg = Release|Any CPU
		{8CB35405-9DEB-4915-9DF7-0D6581EC155B}.Release|Any CPU.Build.0 = Release|Any CPU
		{A5714893-1B3D-40E6-AF71-4430F58E33C8}.Debug|Any CPU.ActiveCfg = Debug|Any CPU
		{A5714893-1B3D-40E6-AF71-4430F58E33C8}.Debug|Any CPU.Build.0 = Debug|Any CPU
		{A5714893-1B3D-40E6-AF71-4430F58E33C8}.Release|Any CPU.ActiveCfg = Release|Any CPU
		{A5714893-1B3D-40E6-AF71-4430F58E33C8}.Release|Any CPU.Build.0 = Release|Any CPU
		{B922340E-E4C1-4403-8A98-DE02332A533E}.Debug|Any CPU.ActiveCfg = Debug|Any CPU
		{B922340E-E4C1-4403-8A98-DE02332A533E}.Debug|Any CPU.Build.0 = Debug|Any CPU
		{B922340E-E4C1-4403-8A98-DE02332A533E}.Release|Any CPU.ActiveCfg = Release|Any CPU
		{B922340E-E4C1-4403-8A98-DE02332A533E}.Release|Any CPU.Build.0 = Release|Any CPU
		{4191166B-12D6-400C-B901-4A73104BD3D7}.Debug|Any CPU.ActiveCfg = Debug|Any CPU
		{4191166B-12D6-400C-B901-4A73104BD3D7}.Debug|Any CPU.Build.0 = Debug|Any CPU
		{4191166B-12D6-400C-B901-4A73104BD3D7}.Release|Any CPU.ActiveCfg = Release|Any CPU
		{4191166B-12D6-400C-B901-4A73104BD3D7}.Release|Any CPU.Build.0 = Release|Any CPU
		{F72E058E-6956-4A96-982F-19FE56BBA644}.Debug|Any CPU.ActiveCfg = Debug|Any CPU
		{F72E058E-6956-4A96-982F-19FE56BBA644}.Debug|Any CPU.Build.0 = Debug|Any CPU
		{F72E058E-6956-4A96-982F-19FE56BBA644}.Release|Any CPU.ActiveCfg = Release|Any CPU
		{F72E058E-6956-4A96-982F-19FE56BBA644}.Release|Any CPU.Build.0 = Release|Any CPU
		{D3FD1DE9-3E55-4C50-9F77-29355CE850A5}.Debug|Any CPU.ActiveCfg = Debug|Any CPU
		{D3FD1DE9-3E55-4C50-9F77-29355CE850A5}.Debug|Any CPU.Build.0 = Debug|Any CPU
		{D3FD1DE9-3E55-4C50-9F77-29355CE850A5}.Release|Any CPU.ActiveCfg = Release|Any CPU
		{D3FD1DE9-3E55-4C50-9F77-29355CE850A5}.Release|Any CPU.Build.0 = Release|Any CPU
		{066329ED-CF10-4B99-AA9E-9B34B3308DF9}.Debug|Any CPU.ActiveCfg = Debug|Any CPU
		{066329ED-CF10-4B99-AA9E-9B34B3308DF9}.Debug|Any CPU.Build.0 = Debug|Any CPU
		{066329ED-CF10-4B99-AA9E-9B34B3308DF9}.Release|Any CPU.ActiveCfg = Release|Any CPU
		{066329ED-CF10-4B99-AA9E-9B34B3308DF9}.Release|Any CPU.Build.0 = Release|Any CPU
		{318448A3-EC30-4DA8-8623-342BE525CBAB}.Debug|Any CPU.ActiveCfg = Debug|Any CPU
		{318448A3-EC30-4DA8-8623-342BE525CBAB}.Debug|Any CPU.Build.0 = Debug|Any CPU
		{318448A3-EC30-4DA8-8623-342BE525CBAB}.Release|Any CPU.ActiveCfg = Release|Any CPU
		{318448A3-EC30-4DA8-8623-342BE525CBAB}.Release|Any CPU.Build.0 = Release|Any CPU
		{AA20F8F8-5C4C-44E4-B272-940EF5F673F3}.Debug|Any CPU.ActiveCfg = Debug|Any CPU
		{AA20F8F8-5C4C-44E4-B272-940EF5F673F3}.Debug|Any CPU.Build.0 = Debug|Any CPU
		{AA20F8F8-5C4C-44E4-B272-940EF5F673F3}.Release|Any CPU.ActiveCfg = Release|Any CPU
		{AA20F8F8-5C4C-44E4-B272-940EF5F673F3}.Release|Any CPU.Build.0 = Release|Any CPU
		{3A0DAA9A-2A2B-4251-AAAD-01614888B02C}.Debug|Any CPU.ActiveCfg = Debug|Any CPU
		{3A0DAA9A-2A2B-4251-AAAD-01614888B02C}.Debug|Any CPU.Build.0 = Debug|Any CPU
		{3A0DAA9A-2A2B-4251-AAAD-01614888B02C}.Release|Any CPU.ActiveCfg = Release|Any CPU
		{3A0DAA9A-2A2B-4251-AAAD-01614888B02C}.Release|Any CPU.Build.0 = Release|Any CPU
		{B1BFA1E6-9B8F-44A8-B7CC-EAA2AFE6C713}.Debug|Any CPU.ActiveCfg = Debug|Any CPU
		{B1BFA1E6-9B8F-44A8-B7CC-EAA2AFE6C713}.Debug|Any CPU.Build.0 = Debug|Any CPU
		{B1BFA1E6-9B8F-44A8-B7CC-EAA2AFE6C713}.Release|Any CPU.ActiveCfg = Release|Any CPU
		{B1BFA1E6-9B8F-44A8-B7CC-EAA2AFE6C713}.Release|Any CPU.Build.0 = Release|Any CPU
		{36CDE1A1-78CA-49C3-A5B6-A4AC6E1E0453}.Debug|Any CPU.ActiveCfg = Debug|Any CPU
		{36CDE1A1-78CA-49C3-A5B6-A4AC6E1E0453}.Debug|Any CPU.Build.0 = Debug|Any CPU
		{36CDE1A1-78CA-49C3-A5B6-A4AC6E1E0453}.Release|Any CPU.ActiveCfg = Release|Any CPU
		{36CDE1A1-78CA-49C3-A5B6-A4AC6E1E0453}.Release|Any CPU.Build.0 = Release|Any CPU
		{ECB9556B-C9A1-4973-A080-C5F59CEEB448}.Debug|Any CPU.ActiveCfg = Debug|Any CPU
		{ECB9556B-C9A1-4973-A080-C5F59CEEB448}.Debug|Any CPU.Build.0 = Debug|Any CPU
		{ECB9556B-C9A1-4973-A080-C5F59CEEB448}.Release|Any CPU.ActiveCfg = Release|Any CPU
		{ECB9556B-C9A1-4973-A080-C5F59CEEB448}.Release|Any CPU.Build.0 = Release|Any CPU
		{37103163-E84F-48F0-AD2B-FE9BB5F13CBF}.Debug|Any CPU.ActiveCfg = Debug|Any CPU
		{37103163-E84F-48F0-AD2B-FE9BB5F13CBF}.Debug|Any CPU.Build.0 = Debug|Any CPU
		{37103163-E84F-48F0-AD2B-FE9BB5F13CBF}.Release|Any CPU.ActiveCfg = Release|Any CPU
		{37103163-E84F-48F0-AD2B-FE9BB5F13CBF}.Release|Any CPU.Build.0 = Release|Any CPU
		{BF39D9E1-A379-4A79-A49E-95F50C48E686}.Debug|Any CPU.ActiveCfg = Debug|Any CPU
		{BF39D9E1-A379-4A79-A49E-95F50C48E686}.Debug|Any CPU.Build.0 = Debug|Any CPU
		{BF39D9E1-A379-4A79-A49E-95F50C48E686}.Release|Any CPU.ActiveCfg = Release|Any CPU
		{BF39D9E1-A379-4A79-A49E-95F50C48E686}.Release|Any CPU.Build.0 = Release|Any CPU
		{05045A5B-C65A-4A7C-AD53-9067E1C05289}.Debug|Any CPU.ActiveCfg = Debug|Any CPU
		{05045A5B-C65A-4A7C-AD53-9067E1C05289}.Debug|Any CPU.Build.0 = Debug|Any CPU
		{05045A5B-C65A-4A7C-AD53-9067E1C05289}.Release|Any CPU.ActiveCfg = Release|Any CPU
		{05045A5B-C65A-4A7C-AD53-9067E1C05289}.Release|Any CPU.Build.0 = Release|Any CPU
		{C1554427-66F8-49F5-9E4A-FC9C938C36AA}.Debug|Any CPU.ActiveCfg = Debug|Any CPU
		{C1554427-66F8-49F5-9E4A-FC9C938C36AA}.Debug|Any CPU.Build.0 = Debug|Any CPU
		{C1554427-66F8-49F5-9E4A-FC9C938C36AA}.Release|Any CPU.ActiveCfg = Release|Any CPU
		{C1554427-66F8-49F5-9E4A-FC9C938C36AA}.Release|Any CPU.Build.0 = Release|Any CPU
		{045141F4-ED11-4494-AFB6-AD1366F27352}.Debug|Any CPU.ActiveCfg = Debug|Any CPU
		{045141F4-ED11-4494-AFB6-AD1366F27352}.Debug|Any CPU.Build.0 = Debug|Any CPU
		{045141F4-ED11-4494-AFB6-AD1366F27352}.Release|Any CPU.ActiveCfg = Release|Any CPU
		{045141F4-ED11-4494-AFB6-AD1366F27352}.Release|Any CPU.Build.0 = Release|Any CPU
		{EF20D1A5-990E-470D-BB2C-D25E95457F3A}.Debug|Any CPU.ActiveCfg = Debug|Any CPU
		{EF20D1A5-990E-470D-BB2C-D25E95457F3A}.Debug|Any CPU.Build.0 = Debug|Any CPU
		{EF20D1A5-990E-470D-BB2C-D25E95457F3A}.Release|Any CPU.ActiveCfg = Release|Any CPU
		{EF20D1A5-990E-470D-BB2C-D25E95457F3A}.Release|Any CPU.Build.0 = Release|Any CPU
		{4BA2F509-CBB6-4FC0-9CC7-D36D282FB5EE}.Debug|Any CPU.ActiveCfg = Debug|Any CPU
		{4BA2F509-CBB6-4FC0-9CC7-D36D282FB5EE}.Debug|Any CPU.Build.0 = Debug|Any CPU
		{4BA2F509-CBB6-4FC0-9CC7-D36D282FB5EE}.Release|Any CPU.ActiveCfg = Release|Any CPU
		{4BA2F509-CBB6-4FC0-9CC7-D36D282FB5EE}.Release|Any CPU.Build.0 = Release|Any CPU
		{BC56B6DC-A85E-4AED-920E-79E9FA8DB868}.Debug|Any CPU.ActiveCfg = Debug|Any CPU
		{BC56B6DC-A85E-4AED-920E-79E9FA8DB868}.Debug|Any CPU.Build.0 = Debug|Any CPU
		{BC56B6DC-A85E-4AED-920E-79E9FA8DB868}.Release|Any CPU.ActiveCfg = Release|Any CPU
		{BC56B6DC-A85E-4AED-920E-79E9FA8DB868}.Release|Any CPU.Build.0 = Release|Any CPU
	EndGlobalSection
	GlobalSection(SolutionProperties) = preSolution
		HideSolutionNode = FALSE
	EndGlobalSection
	GlobalSection(ExtensibilityGlobals) = postSolution
		SolutionGuid = {CFCE7483-D758-4636-A8BB-52EB25AC6B03}
	EndGlobalSection
EndGlobal
