
Microsoft Visual Studio Solution File, Format Version 12.00
# Visual Studio Version 16
VisualStudioVersion = 16.0.31424.327
MinimumVisualStudioVersion = 10.0.40219.1
Project("{9A19103F-16F7-4668-BE54-9A1E7A4F7556}") = "Lab.01.Clock", "Lab.01.Clock\Lab.01.Clock.csproj", "{08B7A0E7-85CE-41A8-A300-6273848B68FB}"
EndProject
Project("{9A19103F-16F7-4668-BE54-9A1E7A4F7556}") = "Lab.02.MultiplicationTable", "Lab.02.MultiplicationTable\Lab.02.MultiplicationTable.csproj", "{2A5E06EE-8C93-4464-A786-E2A682D9C2EA}"
EndProject
Project("{9A19103F-16F7-4668-BE54-9A1E7A4F7556}") = "Lab.02.MultiplicationTableModV1", "Lab.02.MultiplicationTableModV1\Lab.02.MultiplicationTableModV1.csproj", "{51057DD4-8A4A-41A5-B635-8C12D35F3EB2}"
EndProject
Project("{9A19103F-16F7-4668-BE54-9A1E7A4F7556}") = "Lab.03.Combinations", "Lab.03.Combinations\Lab.03.Combinations.csproj", "{348060B8-0B26-4B69-A8E7-C8A91D6D9BDB}"
EndProject
Project("{9A19103F-16F7-4668-BE54-9A1E7A4F7556}") = "Lab.03.CombinationsModV1", "Lab.03.CombinationsModV1\Lab.03.CombinationsModV1.csproj", "{FBD01D2A-20EC-4FB8-9E44-BBD511584DFA}"
EndProject
Project("{9A19103F-16F7-4668-BE54-9A1E7A4F7556}") = "Lab.04.SumOfTwoNumbers", "Lab.04.SumOfTwoNumbers\Lab.04.SumOfTwoNumbers.csproj", "{AF2A6DF6-5AAA-4D2F-A2BF-9F8ED25FFF98}"
EndProject
Project("{9A19103F-16F7-4668-BE54-9A1E7A4F7556}") = "Lab.05.Travelling", "Lab.05.Travelling\Lab.05.Travelling.csproj", "{688E59BC-349C-4B55-9E16-E505955E9FB2}"
EndProject
Project("{9A19103F-16F7-4668-BE54-9A1E7A4F7556}") = "Lab.06.Building", "Lab.06.Building\Lab.06.Building.csproj", "{B9AE6F70-C922-4C70-B607-D11540061721}"
EndProject
Project("{9A19103F-16F7-4668-BE54-9A1E7A4F7556}") = "Lab.06.BuildingModV1", "Lab.06.BuildingModV1\Lab.06.BuildingModV1.csproj", "{3C3924B6-5456-4320-B613-36712AFFF63B}"
EndProject
Project("{FAE04EC0-301F-11D3-BF4B-00C04F79EFBC}") = "Lab.06.BuildingModV2", "Lab.06.BuildingModV2\Lab.06.BuildingModV2.csproj", "{FE6ED023-ED54-404C-A499-041C858413B2}"
EndProject
Project("{FAE04EC0-301F-11D3-BF4B-00C04F79EFBC}") = "Lab.07.CinemaTickets", "Lab.07.CinemaTickets\Lab.07.CinemaTickets.csproj", "{FE8F3DD4-C2A9-495D-99EB-DD4CFA28A55E}"
EndProject
Project("{FAE04EC0-301F-11D3-BF4B-00C04F79EFBC}") = "Ex.01.NumberPyramid", "Ex.01.NumberPyramid\Ex.01.NumberPyramid.csproj", "{8809C01E-F520-4541-83C1-269AE4AFBCD3}"
EndProject
Project("{FAE04EC0-301F-11D3-BF4B-00C04F79EFBC}") = "Ex.01.NumberPyramidModV1", "Ex.01.NumberPyramidModV1\Ex.01.NumberPyramidModV1.csproj", "{4210062A-A14C-46C7-B0F2-AE804C4BE484}"
EndProject
Global
	GlobalSection(SolutionConfigurationPlatforms) = preSolution
		Debug|Any CPU = Debug|Any CPU
		Release|Any CPU = Release|Any CPU
	EndGlobalSection
	GlobalSection(ProjectConfigurationPlatforms) = postSolution
		{08B7A0E7-85CE-41A8-A300-6273848B68FB}.Debug|Any CPU.ActiveCfg = Debug|Any CPU
		{08B7A0E7-85CE-41A8-A300-6273848B68FB}.Debug|Any CPU.Build.0 = Debug|Any CPU
		{08B7A0E7-85CE-41A8-A300-6273848B68FB}.Release|Any CPU.ActiveCfg = Release|Any CPU
		{08B7A0E7-85CE-41A8-A300-6273848B68FB}.Release|Any CPU.Build.0 = Release|Any CPU
		{2A5E06EE-8C93-4464-A786-E2A682D9C2EA}.Debug|Any CPU.ActiveCfg = Debug|Any CPU
		{2A5E06EE-8C93-4464-A786-E2A682D9C2EA}.Debug|Any CPU.Build.0 = Debug|Any CPU
		{2A5E06EE-8C93-4464-A786-E2A682D9C2EA}.Release|Any CPU.ActiveCfg = Release|Any CPU
		{2A5E06EE-8C93-4464-A786-E2A682D9C2EA}.Release|Any CPU.Build.0 = Release|Any CPU
		{51057DD4-8A4A-41A5-B635-8C12D35F3EB2}.Debug|Any CPU.ActiveCfg = Debug|Any CPU
		{51057DD4-8A4A-41A5-B635-8C12D35F3EB2}.Debug|Any CPU.Build.0 = Debug|Any CPU
		{51057DD4-8A4A-41A5-B635-8C12D35F3EB2}.Release|Any CPU.ActiveCfg = Release|Any CPU
		{51057DD4-8A4A-41A5-B635-8C12D35F3EB2}.Release|Any CPU.Build.0 = Release|Any CPU
		{348060B8-0B26-4B69-A8E7-C8A91D6D9BDB}.Debug|Any CPU.ActiveCfg = Debug|Any CPU
		{348060B8-0B26-4B69-A8E7-C8A91D6D9BDB}.Debug|Any CPU.Build.0 = Debug|Any CPU
		{348060B8-0B26-4B69-A8E7-C8A91D6D9BDB}.Release|Any CPU.ActiveCfg = Release|Any CPU
		{348060B8-0B26-4B69-A8E7-C8A91D6D9BDB}.Release|Any CPU.Build.0 = Release|Any CPU
		{FBD01D2A-20EC-4FB8-9E44-BBD511584DFA}.Debug|Any CPU.ActiveCfg = Debug|Any CPU
		{FBD01D2A-20EC-4FB8-9E44-BBD511584DFA}.Debug|Any CPU.Build.0 = Debug|Any CPU
		{FBD01D2A-20EC-4FB8-9E44-BBD511584DFA}.Release|Any CPU.ActiveCfg = Release|Any CPU
		{FBD01D2A-20EC-4FB8-9E44-BBD511584DFA}.Release|Any CPU.Build.0 = Release|Any CPU
		{AF2A6DF6-5AAA-4D2F-A2BF-9F8ED25FFF98}.Debug|Any CPU.ActiveCfg = Debug|Any CPU
		{AF2A6DF6-5AAA-4D2F-A2BF-9F8ED25FFF98}.Debug|Any CPU.Build.0 = Debug|Any CPU
		{AF2A6DF6-5AAA-4D2F-A2BF-9F8ED25FFF98}.Release|Any CPU.ActiveCfg = Release|Any CPU
		{AF2A6DF6-5AAA-4D2F-A2BF-9F8ED25FFF98}.Release|Any CPU.Build.0 = Release|Any CPU
		{688E59BC-349C-4B55-9E16-E505955E9FB2}.Debug|Any CPU.ActiveCfg = Debug|Any CPU
		{688E59BC-349C-4B55-9E16-E505955E9FB2}.Debug|Any CPU.Build.0 = Debug|Any CPU
		{688E59BC-349C-4B55-9E16-E505955E9FB2}.Release|Any CPU.ActiveCfg = Release|Any CPU
		{688E59BC-349C-4B55-9E16-E505955E9FB2}.Release|Any CPU.Build.0 = Release|Any CPU
		{B9AE6F70-C922-4C70-B607-D11540061721}.Debug|Any CPU.ActiveCfg = Debug|Any CPU
		{B9AE6F70-C922-4C70-B607-D11540061721}.Debug|Any CPU.Build.0 = Debug|Any CPU
		{B9AE6F70-C922-4C70-B607-D11540061721}.Release|Any CPU.ActiveCfg = Release|Any CPU
		{B9AE6F70-C922-4C70-B607-D11540061721}.Release|Any CPU.Build.0 = Release|Any CPU
		{3C3924B6-5456-4320-B613-36712AFFF63B}.Debug|Any CPU.ActiveCfg = Debug|Any CPU
		{3C3924B6-5456-4320-B613-36712AFFF63B}.Debug|Any CPU.Build.0 = Debug|Any CPU
		{3C3924B6-5456-4320-B613-36712AFFF63B}.Release|Any CPU.ActiveCfg = Release|Any CPU
		{3C3924B6-5456-4320-B613-36712AFFF63B}.Release|Any CPU.Build.0 = Release|Any CPU
		{FE6ED023-ED54-404C-A499-041C858413B2}.Debug|Any CPU.ActiveCfg = Debug|Any CPU
		{FE6ED023-ED54-404C-A499-041C858413B2}.Debug|Any CPU.Build.0 = Debug|Any CPU
		{FE6ED023-ED54-404C-A499-041C858413B2}.Release|Any CPU.ActiveCfg = Release|Any CPU
		{FE6ED023-ED54-404C-A499-041C858413B2}.Release|Any CPU.Build.0 = Release|Any CPU
		{FE8F3DD4-C2A9-495D-99EB-DD4CFA28A55E}.Debug|Any CPU.ActiveCfg = Debug|Any CPU
		{FE8F3DD4-C2A9-495D-99EB-DD4CFA28A55E}.Debug|Any CPU.Build.0 = Debug|Any CPU
		{FE8F3DD4-C2A9-495D-99EB-DD4CFA28A55E}.Release|Any CPU.ActiveCfg = Release|Any CPU
		{FE8F3DD4-C2A9-495D-99EB-DD4CFA28A55E}.Release|Any CPU.Build.0 = Release|Any CPU
		{8809C01E-F520-4541-83C1-269AE4AFBCD3}.Debug|Any CPU.ActiveCfg = Debug|Any CPU
		{8809C01E-F520-4541-83C1-269AE4AFBCD3}.Debug|Any CPU.Build.0 = Debug|Any CPU
		{8809C01E-F520-4541-83C1-269AE4AFBCD3}.Release|Any CPU.ActiveCfg = Release|Any CPU
		{8809C01E-F520-4541-83C1-269AE4AFBCD3}.Release|Any CPU.Build.0 = Release|Any CPU
		{4210062A-A14C-46C7-B0F2-AE804C4BE484}.Debug|Any CPU.ActiveCfg = Debug|Any CPU
		{4210062A-A14C-46C7-B0F2-AE804C4BE484}.Debug|Any CPU.Build.0 = Debug|Any CPU
		{4210062A-A14C-46C7-B0F2-AE804C4BE484}.Release|Any CPU.ActiveCfg = Release|Any CPU
		{4210062A-A14C-46C7-B0F2-AE804C4BE484}.Release|Any CPU.Build.0 = Release|Any CPU
	EndGlobalSection
	GlobalSection(SolutionProperties) = preSolution
		HideSolutionNode = FALSE
	EndGlobalSection
	GlobalSection(ExtensibilityGlobals) = postSolution
		SolutionGuid = {4F1CA5A3-DE7B-4AE8-8285-C359C9AA870F}
	EndGlobalSection
EndGlobal
