
Microsoft Visual Studio Solution File, Format Version 12.00
# Visual Studio Version 16
VisualStudioVersion = 16.0.31402.337
MinimumVisualStudioVersion = 10.0.40219.1
Project("{9A19103F-16F7-4668-BE54-9A1E7A4F7556}") = "Lab.01.NumbersFrom1To100", "Lab.01.NumbersFrom1To100\Lab.01.NumbersFrom1To100.csproj", "{E34E90ED-7174-4F09-ADBA-418BB6B57511}"
EndProject
Project("{9A19103F-16F7-4668-BE54-9A1E7A4F7556}") = "Lab.01.NumbersFrom1To100ModV1", "Lab.01.NumbersFrom1To100ModV1\Lab.01.NumbersFrom1To100ModV1.csproj", "{D3D12E38-CA78-4149-B9CE-96B57E26FB2C}"
EndProject
Project("{9A19103F-16F7-4668-BE54-9A1E7A4F7556}") = "Lab.01.NumbersFrom1To100Recursion", "Lab.01.NumbersFrom1To100Recursion\Lab.01.NumbersFrom1To100Recursion.csproj", "{D47641EF-1269-482F-A9F9-0B9921472B3A}"
EndProject
Project("{9A19103F-16F7-4668-BE54-9A1E7A4F7556}") = "Lab.02.NumbersFromNTo1", "Lab.02.NumbersFromNTo1\Lab.02.NumbersFromNTo1.csproj", "{41838315-C53B-43C8-85B2-D60CA7AE9015}"
EndProject
Project("{9A19103F-16F7-4668-BE54-9A1E7A4F7556}") = "Lab.02.NumbersFromNTo1ModV1", "Lab.02.NumbersFromNTo1ModV1\Lab.02.NumbersFromNTo1ModV1.csproj", "{4BDE2A8F-F82B-4FB5-8F70-AD9FDFB18899}"
EndProject
Project("{9A19103F-16F7-4668-BE54-9A1E7A4F7556}") = "Lab.03.Numbers1ToNWithStep3", "Lab.03.Numbers1ToNWithStep3\Lab.03.Numbers1ToNWithStep3.csproj", "{13D31756-356E-44FA-8DC2-670854C3BF8E}"
EndProject
Project("{9A19103F-16F7-4668-BE54-9A1E7A4F7556}") = "Lab.03.Numbers1ToNWithStep3ModV1", "Lab.03.Numbers1ToNWithStep3ModV1\Lab.03.Numbers1ToNWithStep3ModV1.csproj", "{F45B09D9-9C94-45D7-A703-94BAA3FF65FF}"
EndProject
Project("{9A19103F-16F7-4668-BE54-9A1E7A4F7556}") = "Lab.04.EvenPowersOf2", "Lab.04.EvenPowersOf2\Lab.04.EvenPowersOf2.csproj", "{2B829792-53DC-41C8-8EF1-ECC7D71EAF4E}"
EndProject
Project("{9A19103F-16F7-4668-BE54-9A1E7A4F7556}") = "Lab.05.CharacterSequence", "Lab.05.CharacterSequence\Lab.05.CharacterSequence.csproj", "{8003B772-1EA9-4D69-96B6-43AF5389EDEB}"
EndProject
Project("{9A19103F-16F7-4668-BE54-9A1E7A4F7556}") = "Lab.06.VowelsSum", "Lab.06.VowelsSum\Lab.06.VowelsSum.csproj", "{F56A0E77-53D0-435D-8A4B-8E341DA09C0A}"
EndProject
Project("{9A19103F-16F7-4668-BE54-9A1E7A4F7556}") = "Lab.07.SumNumbers", "Lab.07.SumNumbers\Lab.07.SumNumbers.csproj", "{1FC916A9-2122-4450-A8FF-372DBEBEB6CF}"
EndProject
Project("{9A19103F-16F7-4668-BE54-9A1E7A4F7556}") = "Lab.08.NumberSequence", "Lab.08.NumberSequence\Lab.08.NumberSequence.csproj", "{08CBDB46-C1C5-475D-93EA-8FB3CB471252}"
EndProject
Project("{9A19103F-16F7-4668-BE54-9A1E7A4F7556}") = "Lab.09.LeftAndRightSum", "Lab.09.LeftAndRightSum\Lab.09.LeftAndRightSum.csproj", "{F7E4E161-02FD-47B9-B7FA-51C5327F5D79}"
EndProject
Project("{FAE04EC0-301F-11D3-BF4B-00C04F79EFBC}") = "Lab.10.OddEvenSum", "Lab.10.OddEvenSum\Lab.10.OddEvenSum.csproj", "{CE8A6E6D-7EF3-4DA5-ABB8-EBC172A0984C}"
EndProject
Global
	GlobalSection(SolutionConfigurationPlatforms) = preSolution
		Debug|Any CPU = Debug|Any CPU
		Release|Any CPU = Release|Any CPU
	EndGlobalSection
	GlobalSection(ProjectConfigurationPlatforms) = postSolution
		{E34E90ED-7174-4F09-ADBA-418BB6B57511}.Debug|Any CPU.ActiveCfg = Debug|Any CPU
		{E34E90ED-7174-4F09-ADBA-418BB6B57511}.Debug|Any CPU.Build.0 = Debug|Any CPU
		{E34E90ED-7174-4F09-ADBA-418BB6B57511}.Release|Any CPU.ActiveCfg = Release|Any CPU
		{E34E90ED-7174-4F09-ADBA-418BB6B57511}.Release|Any CPU.Build.0 = Release|Any CPU
		{D3D12E38-CA78-4149-B9CE-96B57E26FB2C}.Debug|Any CPU.ActiveCfg = Debug|Any CPU
		{D3D12E38-CA78-4149-B9CE-96B57E26FB2C}.Debug|Any CPU.Build.0 = Debug|Any CPU
		{D3D12E38-CA78-4149-B9CE-96B57E26FB2C}.Release|Any CPU.ActiveCfg = Release|Any CPU
		{D3D12E38-CA78-4149-B9CE-96B57E26FB2C}.Release|Any CPU.Build.0 = Release|Any CPU
		{D47641EF-1269-482F-A9F9-0B9921472B3A}.Debug|Any CPU.ActiveCfg = Debug|Any CPU
		{D47641EF-1269-482F-A9F9-0B9921472B3A}.Debug|Any CPU.Build.0 = Debug|Any CPU
		{D47641EF-1269-482F-A9F9-0B9921472B3A}.Release|Any CPU.ActiveCfg = Release|Any CPU
		{D47641EF-1269-482F-A9F9-0B9921472B3A}.Release|Any CPU.Build.0 = Release|Any CPU
		{41838315-C53B-43C8-85B2-D60CA7AE9015}.Debug|Any CPU.ActiveCfg = Debug|Any CPU
		{41838315-C53B-43C8-85B2-D60CA7AE9015}.Debug|Any CPU.Build.0 = Debug|Any CPU
		{41838315-C53B-43C8-85B2-D60CA7AE9015}.Release|Any CPU.ActiveCfg = Release|Any CPU
		{41838315-C53B-43C8-85B2-D60CA7AE9015}.Release|Any CPU.Build.0 = Release|Any CPU
		{4BDE2A8F-F82B-4FB5-8F70-AD9FDFB18899}.Debug|Any CPU.ActiveCfg = Debug|Any CPU
		{4BDE2A8F-F82B-4FB5-8F70-AD9FDFB18899}.Debug|Any CPU.Build.0 = Debug|Any CPU
		{4BDE2A8F-F82B-4FB5-8F70-AD9FDFB18899}.Release|Any CPU.ActiveCfg = Release|Any CPU
		{4BDE2A8F-F82B-4FB5-8F70-AD9FDFB18899}.Release|Any CPU.Build.0 = Release|Any CPU
		{13D31756-356E-44FA-8DC2-670854C3BF8E}.Debug|Any CPU.ActiveCfg = Debug|Any CPU
		{13D31756-356E-44FA-8DC2-670854C3BF8E}.Debug|Any CPU.Build.0 = Debug|Any CPU
		{13D31756-356E-44FA-8DC2-670854C3BF8E}.Release|Any CPU.ActiveCfg = Release|Any CPU
		{13D31756-356E-44FA-8DC2-670854C3BF8E}.Release|Any CPU.Build.0 = Release|Any CPU
		{F45B09D9-9C94-45D7-A703-94BAA3FF65FF}.Debug|Any CPU.ActiveCfg = Debug|Any CPU
		{F45B09D9-9C94-45D7-A703-94BAA3FF65FF}.Debug|Any CPU.Build.0 = Debug|Any CPU
		{F45B09D9-9C94-45D7-A703-94BAA3FF65FF}.Release|Any CPU.ActiveCfg = Release|Any CPU
		{F45B09D9-9C94-45D7-A703-94BAA3FF65FF}.Release|Any CPU.Build.0 = Release|Any CPU
		{2B829792-53DC-41C8-8EF1-ECC7D71EAF4E}.Debug|Any CPU.ActiveCfg = Debug|Any CPU
		{2B829792-53DC-41C8-8EF1-ECC7D71EAF4E}.Debug|Any CPU.Build.0 = Debug|Any CPU
		{2B829792-53DC-41C8-8EF1-ECC7D71EAF4E}.Release|Any CPU.ActiveCfg = Release|Any CPU
		{2B829792-53DC-41C8-8EF1-ECC7D71EAF4E}.Release|Any CPU.Build.0 = Release|Any CPU
		{8003B772-1EA9-4D69-96B6-43AF5389EDEB}.Debug|Any CPU.ActiveCfg = Debug|Any CPU
		{8003B772-1EA9-4D69-96B6-43AF5389EDEB}.Debug|Any CPU.Build.0 = Debug|Any CPU
		{8003B772-1EA9-4D69-96B6-43AF5389EDEB}.Release|Any CPU.ActiveCfg = Release|Any CPU
		{8003B772-1EA9-4D69-96B6-43AF5389EDEB}.Release|Any CPU.Build.0 = Release|Any CPU
		{F56A0E77-53D0-435D-8A4B-8E341DA09C0A}.Debug|Any CPU.ActiveCfg = Debug|Any CPU
		{F56A0E77-53D0-435D-8A4B-8E341DA09C0A}.Debug|Any CPU.Build.0 = Debug|Any CPU
		{F56A0E77-53D0-435D-8A4B-8E341DA09C0A}.Release|Any CPU.ActiveCfg = Release|Any CPU
		{F56A0E77-53D0-435D-8A4B-8E341DA09C0A}.Release|Any CPU.Build.0 = Release|Any CPU
		{1FC916A9-2122-4450-A8FF-372DBEBEB6CF}.Debug|Any CPU.ActiveCfg = Debug|Any CPU
		{1FC916A9-2122-4450-A8FF-372DBEBEB6CF}.Debug|Any CPU.Build.0 = Debug|Any CPU
		{1FC916A9-2122-4450-A8FF-372DBEBEB6CF}.Release|Any CPU.ActiveCfg = Release|Any CPU
		{1FC916A9-2122-4450-A8FF-372DBEBEB6CF}.Release|Any CPU.Build.0 = Release|Any CPU
		{08CBDB46-C1C5-475D-93EA-8FB3CB471252}.Debug|Any CPU.ActiveCfg = Debug|Any CPU
		{08CBDB46-C1C5-475D-93EA-8FB3CB471252}.Debug|Any CPU.Build.0 = Debug|Any CPU
		{08CBDB46-C1C5-475D-93EA-8FB3CB471252}.Release|Any CPU.ActiveCfg = Release|Any CPU
		{08CBDB46-C1C5-475D-93EA-8FB3CB471252}.Release|Any CPU.Build.0 = Release|Any CPU
		{F7E4E161-02FD-47B9-B7FA-51C5327F5D79}.Debug|Any CPU.ActiveCfg = Debug|Any CPU
		{F7E4E161-02FD-47B9-B7FA-51C5327F5D79}.Debug|Any CPU.Build.0 = Debug|Any CPU
		{F7E4E161-02FD-47B9-B7FA-51C5327F5D79}.Release|Any CPU.ActiveCfg = Release|Any CPU
		{F7E4E161-02FD-47B9-B7FA-51C5327F5D79}.Release|Any CPU.Build.0 = Release|Any CPU
		{CE8A6E6D-7EF3-4DA5-ABB8-EBC172A0984C}.Debug|Any CPU.ActiveCfg = Debug|Any CPU
		{CE8A6E6D-7EF3-4DA5-ABB8-EBC172A0984C}.Debug|Any CPU.Build.0 = Debug|Any CPU
		{CE8A6E6D-7EF3-4DA5-ABB8-EBC172A0984C}.Release|Any CPU.ActiveCfg = Release|Any CPU
		{CE8A6E6D-7EF3-4DA5-ABB8-EBC172A0984C}.Release|Any CPU.Build.0 = Release|Any CPU
	EndGlobalSection
	GlobalSection(SolutionProperties) = preSolution
		HideSolutionNode = FALSE
	EndGlobalSection
	GlobalSection(ExtensibilityGlobals) = postSolution
		SolutionGuid = {D14481D1-F2E3-437C-B8C5-07FEE1C624D8}
	EndGlobalSection
EndGlobal
