
Microsoft Visual Studio Solution File, Format Version 12.00
# Visual Studio Version 16
VisualStudioVersion = 16.0.31402.337
MinimumVisualStudioVersion = 10.0.40219.1
Project("{FAE04EC0-301F-11D3-BF4B-00C04F79EFBC}") = "Lab.01.ExcellentResult", "Lab.01.ExcellentResult\Lab.01.ExcellentResult.csproj", "{4B7A01A9-A7DD-4812-92C6-4CFE00F24280}"
EndProject
Global
	GlobalSection(SolutionConfigurationPlatforms) = preSolution
		Debug|Any CPU = Debug|Any CPU
		Release|Any CPU = Release|Any CPU
	EndGlobalSection
	GlobalSection(ProjectConfigurationPlatforms) = postSolution
		{4B7A01A9-A7DD-4812-92C6-4CFE00F24280}.Debug|Any CPU.ActiveCfg = Debug|Any CPU
		{4B7A01A9-A7DD-4812-92C6-4CFE00F24280}.Debug|Any CPU.Build.0 = Debug|Any CPU
		{4B7A01A9-A7DD-4812-92C6-4CFE00F24280}.Release|Any CPU.ActiveCfg = Release|Any CPU
		{4B7A01A9-A7DD-4812-92C6-4CFE00F24280}.Release|Any CPU.Build.0 = Release|Any CPU
	EndGlobalSection
	GlobalSection(SolutionProperties) = preSolution
		HideSolutionNode = FALSE
	EndGlobalSection
	GlobalSection(ExtensibilityGlobals) = postSolution
		SolutionGuid = {667D1CAB-3855-4D4C-94BB-EE989B4547C1}
	EndGlobalSection
EndGlobal
