
Microsoft Visual Studio Solution File, Format Version 12.00
# Visual Studio Version 16
VisualStudioVersion = 16.0.31402.337
MinimumVisualStudioVersion = 10.0.40219.1
Project("{9A19103F-16F7-4668-BE54-9A1E7A4F7556}") = "Lab.01.ExcellentResult", "Lab.01.ExcellentResult\Lab.01.ExcellentResult.csproj", "{4B7A01A9-A7DD-4812-92C6-4CFE00F24280}"
EndProject
Project("{9A19103F-16F7-4668-BE54-9A1E7A4F7556}") = "Lab.02. GreaterNumber", "Lab.02. GreaterNumber\Lab.02. GreaterNumber.csproj", "{EC8A819E-E5E8-4380-AFA6-44BB51BFEC0C}"
EndProject
Project("{9A19103F-16F7-4668-BE54-9A1E7A4F7556}") = "Lab.03.EvenOrOdd", "Lab.03.EvenOrOdd\Lab.03.EvenOrOdd.csproj", "{CE7805BF-58BF-43B3-BE02-FC9A81F6A23D}"
EndProject
Project("{9A19103F-16F7-4668-BE54-9A1E7A4F7556}") = "Lab.04.Number1To9ToText", "Lab.04.Number1To9ToText\Lab.04.Number1To9ToText.csproj", "{4B211FD8-9051-43AA-A727-51F812DF1078}"
EndProject
Project("{9A19103F-16F7-4668-BE54-9A1E7A4F7556}") = "Lab.05.Number100.200", "Lab.05.Number100.200\Lab.05.Number100.200.csproj", "{AE961B31-2E7B-40D0-8BC3-4D12349ACFC1}"
EndProject
Project("{9A19103F-16F7-4668-BE54-9A1E7A4F7556}") = "Lab.06.PasswordGuess", "Lab.06.PasswordGuess\Lab.06.PasswordGuess.csproj", "{48E65534-FB77-4EF3-AEE9-39716BCBBC77}"
EndProject
Project("{9A19103F-16F7-4668-BE54-9A1E7A4F7556}") = "Lab.07.AreaOfFigures", "Lab.07.AreaOfFigures\Lab.07.AreaOfFigures.csproj", "{14453924-3635-4789-B5F6-12E977727553}"
EndProject
Project("{9A19103F-16F7-4668-BE54-9A1E7A4F7556}") = "Lab.08.ToyShop", "Lab.08.ToyShop\Lab.08.ToyShop.csproj", "{AA67B2C3-DB4E-4D2F-BC7B-56E2DF13CE1A}"
EndProject
Project("{9A19103F-16F7-4668-BE54-9A1E7A4F7556}") = "Ex..01.SumSeconds", "Lab.01.SumSeconds\Ex..01.SumSeconds.csproj", "{13DD21A6-2AC8-4E5E-A53A-B4E39807E2C4}"
EndProject
Project("{9A19103F-16F7-4668-BE54-9A1E7A4F7556}") = "Ex.02.BonusScore", "Ex.02.BonusScore\Ex.02.BonusScore.csproj", "{D62F5C8F-501C-42F9-82E3-A15277A86241}"
EndProject
Project("{9A19103F-16F7-4668-BE54-9A1E7A4F7556}") = "Ex.03.SpeedInfo", "Ex.03.SpeedInfo\Ex.03.SpeedInfo.csproj", "{D33BCE53-6F6C-4521-B276-71923E9640E9}"
EndProject
Project("{FAE04EC0-301F-11D3-BF4B-00C04F79EFBC}") = "Ex.04.MetricConverter", "Ex.04.MetricConverter\Ex.04.MetricConverter.csproj", "{385EC37B-0E3A-4E7D-8CF9-245BD1A47C3E}"
EndProject
Project("{FAE04EC0-301F-11D3-BF4B-00C04F79EFBC}") = "Ex.05.Time+15Minutes", "Ex.05.Time+15Minutes\Ex.05.Time+15Minutes.csproj", "{DC5E2383-4849-430C-823E-6833D5CE0B84}"
EndProject
Project("{FAE04EC0-301F-11D3-BF4B-00C04F79EFBC}") = "Ex.06.GodzillaVs.Kong", "Ex.06.GodzillaVs.Kong\Ex.06.GodzillaVs.Kong.csproj", "{056E9796-35A7-4A2E-AC14-374F3839F6A5}"
EndProject
Global
	GlobalSection(SolutionConfigurationPlatforms) = preSolution
		Debug|Any CPU = Debug|Any CPU
		Release|Any CPU = Release|Any CPU
	EndGlobalSection
	GlobalSection(ProjectConfigurationPlatforms) = postSolution
		{4B7A01A9-A7DD-4812-92C6-4CFE00F24280}.Debug|Any CPU.ActiveCfg = Debug|Any CPU
		{4B7A01A9-A7DD-4812-92C6-4CFE00F24280}.Debug|Any CPU.Build.0 = Debug|Any CPU
		{4B7A01A9-A7DD-4812-92C6-4CFE00F24280}.Release|Any CPU.ActiveCfg = Release|Any CPU
		{4B7A01A9-A7DD-4812-92C6-4CFE00F24280}.Release|Any CPU.Build.0 = Release|Any CPU
		{EC8A819E-E5E8-4380-AFA6-44BB51BFEC0C}.Debug|Any CPU.ActiveCfg = Debug|Any CPU
		{EC8A819E-E5E8-4380-AFA6-44BB51BFEC0C}.Debug|Any CPU.Build.0 = Debug|Any CPU
		{EC8A819E-E5E8-4380-AFA6-44BB51BFEC0C}.Release|Any CPU.ActiveCfg = Release|Any CPU
		{EC8A819E-E5E8-4380-AFA6-44BB51BFEC0C}.Release|Any CPU.Build.0 = Release|Any CPU
		{CE7805BF-58BF-43B3-BE02-FC9A81F6A23D}.Debug|Any CPU.ActiveCfg = Debug|Any CPU
		{CE7805BF-58BF-43B3-BE02-FC9A81F6A23D}.Debug|Any CPU.Build.0 = Debug|Any CPU
		{CE7805BF-58BF-43B3-BE02-FC9A81F6A23D}.Release|Any CPU.ActiveCfg = Release|Any CPU
		{CE7805BF-58BF-43B3-BE02-FC9A81F6A23D}.Release|Any CPU.Build.0 = Release|Any CPU
		{4B211FD8-9051-43AA-A727-51F812DF1078}.Debug|Any CPU.ActiveCfg = Debug|Any CPU
		{4B211FD8-9051-43AA-A727-51F812DF1078}.Debug|Any CPU.Build.0 = Debug|Any CPU
		{4B211FD8-9051-43AA-A727-51F812DF1078}.Release|Any CPU.ActiveCfg = Release|Any CPU
		{4B211FD8-9051-43AA-A727-51F812DF1078}.Release|Any CPU.Build.0 = Release|Any CPU
		{AE961B31-2E7B-40D0-8BC3-4D12349ACFC1}.Debug|Any CPU.ActiveCfg = Debug|Any CPU
		{AE961B31-2E7B-40D0-8BC3-4D12349ACFC1}.Debug|Any CPU.Build.0 = Debug|Any CPU
		{AE961B31-2E7B-40D0-8BC3-4D12349ACFC1}.Release|Any CPU.ActiveCfg = Release|Any CPU
		{AE961B31-2E7B-40D0-8BC3-4D12349ACFC1}.Release|Any CPU.Build.0 = Release|Any CPU
		{48E65534-FB77-4EF3-AEE9-39716BCBBC77}.Debug|Any CPU.ActiveCfg = Debug|Any CPU
		{48E65534-FB77-4EF3-AEE9-39716BCBBC77}.Debug|Any CPU.Build.0 = Debug|Any CPU
		{48E65534-FB77-4EF3-AEE9-39716BCBBC77}.Release|Any CPU.ActiveCfg = Release|Any CPU
		{48E65534-FB77-4EF3-AEE9-39716BCBBC77}.Release|Any CPU.Build.0 = Release|Any CPU
		{14453924-3635-4789-B5F6-12E977727553}.Debug|Any CPU.ActiveCfg = Debug|Any CPU
		{14453924-3635-4789-B5F6-12E977727553}.Debug|Any CPU.Build.0 = Debug|Any CPU
		{14453924-3635-4789-B5F6-12E977727553}.Release|Any CPU.ActiveCfg = Release|Any CPU
		{14453924-3635-4789-B5F6-12E977727553}.Release|Any CPU.Build.0 = Release|Any CPU
		{AA67B2C3-DB4E-4D2F-BC7B-56E2DF13CE1A}.Debug|Any CPU.ActiveCfg = Debug|Any CPU
		{AA67B2C3-DB4E-4D2F-BC7B-56E2DF13CE1A}.Debug|Any CPU.Build.0 = Debug|Any CPU
		{AA67B2C3-DB4E-4D2F-BC7B-56E2DF13CE1A}.Release|Any CPU.ActiveCfg = Release|Any CPU
		{AA67B2C3-DB4E-4D2F-BC7B-56E2DF13CE1A}.Release|Any CPU.Build.0 = Release|Any CPU
		{13DD21A6-2AC8-4E5E-A53A-B4E39807E2C4}.Debug|Any CPU.ActiveCfg = Debug|Any CPU
		{13DD21A6-2AC8-4E5E-A53A-B4E39807E2C4}.Debug|Any CPU.Build.0 = Debug|Any CPU
		{13DD21A6-2AC8-4E5E-A53A-B4E39807E2C4}.Release|Any CPU.ActiveCfg = Release|Any CPU
		{13DD21A6-2AC8-4E5E-A53A-B4E39807E2C4}.Release|Any CPU.Build.0 = Release|Any CPU
		{D62F5C8F-501C-42F9-82E3-A15277A86241}.Debug|Any CPU.ActiveCfg = Debug|Any CPU
		{D62F5C8F-501C-42F9-82E3-A15277A86241}.Debug|Any CPU.Build.0 = Debug|Any CPU
		{D62F5C8F-501C-42F9-82E3-A15277A86241}.Release|Any CPU.ActiveCfg = Release|Any CPU
		{D62F5C8F-501C-42F9-82E3-A15277A86241}.Release|Any CPU.Build.0 = Release|Any CPU
		{D33BCE53-6F6C-4521-B276-71923E9640E9}.Debug|Any CPU.ActiveCfg = Debug|Any CPU
		{D33BCE53-6F6C-4521-B276-71923E9640E9}.Debug|Any CPU.Build.0 = Debug|Any CPU
		{D33BCE53-6F6C-4521-B276-71923E9640E9}.Release|Any CPU.ActiveCfg = Release|Any CPU
		{D33BCE53-6F6C-4521-B276-71923E9640E9}.Release|Any CPU.Build.0 = Release|Any CPU
		{385EC37B-0E3A-4E7D-8CF9-245BD1A47C3E}.Debug|Any CPU.ActiveCfg = Debug|Any CPU
		{385EC37B-0E3A-4E7D-8CF9-245BD1A47C3E}.Debug|Any CPU.Build.0 = Debug|Any CPU
		{385EC37B-0E3A-4E7D-8CF9-245BD1A47C3E}.Release|Any CPU.ActiveCfg = Release|Any CPU
		{385EC37B-0E3A-4E7D-8CF9-245BD1A47C3E}.Release|Any CPU.Build.0 = Release|Any CPU
		{DC5E2383-4849-430C-823E-6833D5CE0B84}.Debug|Any CPU.ActiveCfg = Debug|Any CPU
		{DC5E2383-4849-430C-823E-6833D5CE0B84}.Debug|Any CPU.Build.0 = Debug|Any CPU
		{DC5E2383-4849-430C-823E-6833D5CE0B84}.Release|Any CPU.ActiveCfg = Release|Any CPU
		{DC5E2383-4849-430C-823E-6833D5CE0B84}.Release|Any CPU.Build.0 = Release|Any CPU
		{056E9796-35A7-4A2E-AC14-374F3839F6A5}.Debug|Any CPU.ActiveCfg = Debug|Any CPU
		{056E9796-35A7-4A2E-AC14-374F3839F6A5}.Debug|Any CPU.Build.0 = Debug|Any CPU
		{056E9796-35A7-4A2E-AC14-374F3839F6A5}.Release|Any CPU.ActiveCfg = Release|Any CPU
		{056E9796-35A7-4A2E-AC14-374F3839F6A5}.Release|Any CPU.Build.0 = Release|Any CPU
	EndGlobalSection
	GlobalSection(SolutionProperties) = preSolution
		HideSolutionNode = FALSE
	EndGlobalSection
	GlobalSection(ExtensibilityGlobals) = postSolution
		SolutionGuid = {667D1CAB-3855-4D4C-94BB-EE989B4547C1}
	EndGlobalSection
EndGlobal
