
Microsoft Visual Studio Solution File, Format Version 12.00
# Visual Studio Version 16
VisualStudioVersion = 16.0.32126.315
MinimumVisualStudioVersion = 10.0.40219.1
Project("{9A19103F-16F7-4668-BE54-9A1E7A4F7556}") = "Lab.01.SumMatrixElements", "Lab.01.SumMatrixElements\Lab.01.SumMatrixElements.csproj", "{DB54004E-0846-4E96-854E-0FE5B80A6C66}"
EndProject
Project("{9A19103F-16F7-4668-BE54-9A1E7A4F7556}") = "Lab.02.SumMatrixColumns", "Lab.02.SumMatrixColumns\Lab.02.SumMatrixColumns.csproj", "{BF2DD7CC-E02D-4DE2-91F3-C12B237011DD}"
EndProject
Project("{9A19103F-16F7-4668-BE54-9A1E7A4F7556}") = "Lab.03.PrimaryDiagonal", "Lab.03.PrimaryDiagonal\Lab.03.PrimaryDiagonal.csproj", "{DCDAF50B-29D0-4054-BF62-D7D63F647ACA}"
EndProject
Project("{9A19103F-16F7-4668-BE54-9A1E7A4F7556}") = "Lab.04.SymbolInMatrix", "Lab.04.SymbolInMatrix\Lab.04.SymbolInMatrix.csproj", "{430E6911-5CA9-4F2A-B261-04CA005C1F98}"
EndProject
Project("{9A19103F-16F7-4668-BE54-9A1E7A4F7556}") = "Lab.05.SquareWithMaximumSum", "Lab.05.SquareWithMaximumSum\Lab.05.SquareWithMaximumSum.csproj", "{958419DF-B679-4D4E-BF7B-654B1DC2C06C}"
EndProject
Project("{9A19103F-16F7-4668-BE54-9A1E7A4F7556}") = "Lab.06.JaggedArrayModification", "Lab.06.JaggedArrayModification\Lab.06.JaggedArrayModification.csproj", "{93472CFE-5EA1-413A-AE38-BED96C19FF0A}"
EndProject
Project("{9A19103F-16F7-4668-BE54-9A1E7A4F7556}") = "Lab.07.PascalTriangle", "Lab.07.PascalTriangle\Lab.07.PascalTriangle.csproj", "{05A9C52D-2B80-4F1C-9726-347E95129454}"
EndProject
Project("{9A19103F-16F7-4668-BE54-9A1E7A4F7556}") = "Ex.01.DiagonalDifference", "Ex.01.DiagonalDifference\Ex.01.DiagonalDifference.csproj", "{9ED1532B-8BC3-4325-865E-436B949A81E5}"
EndProject
Project("{9A19103F-16F7-4668-BE54-9A1E7A4F7556}") = "Ex.01.DiagonalDifferenceVer1", "Ex.01.DiagonalDifferenceVer1\Ex.01.DiagonalDifferenceVer1.csproj", "{4651D8C5-A49C-4475-A793-A89305FB6C81}"
EndProject
Project("{9A19103F-16F7-4668-BE54-9A1E7A4F7556}") = "Ex.02. SquaresInMatrix", "Ex.02. SquaresInMatrix\Ex.02. SquaresInMatrix.csproj", "{A8702119-EFA5-47A3-A9FF-C8AE19CCB603}"
EndProject
Project("{9A19103F-16F7-4668-BE54-9A1E7A4F7556}") = "Ex.03.MaximalSum", "Ex.03.MaximalSum\Ex.03.MaximalSum.csproj", "{FCD5373F-2282-4EEA-A65D-8F72CF813CF4}"
EndProject
Project("{9A19103F-16F7-4668-BE54-9A1E7A4F7556}") = "Ex.04.MatrixShuffling", "Ex.04.MatrixShuffling\Ex.04.MatrixShuffling.csproj", "{145F0EB1-767B-4DE7-9455-13A36F9C5272}"
EndProject
Project("{FAE04EC0-301F-11D3-BF4B-00C04F79EFBC}") = "Ex.05.SnakeMoves", "Ex.05.SnakeMoves\Ex.05.SnakeMoves.csproj", "{F099217E-B2EE-47A9-BD23-C237978606EF}"
EndProject
Global
	GlobalSection(SolutionConfigurationPlatforms) = preSolution
		Debug|Any CPU = Debug|Any CPU
		Release|Any CPU = Release|Any CPU
	EndGlobalSection
	GlobalSection(ProjectConfigurationPlatforms) = postSolution
		{DB54004E-0846-4E96-854E-0FE5B80A6C66}.Debug|Any CPU.ActiveCfg = Debug|Any CPU
		{DB54004E-0846-4E96-854E-0FE5B80A6C66}.Debug|Any CPU.Build.0 = Debug|Any CPU
		{DB54004E-0846-4E96-854E-0FE5B80A6C66}.Release|Any CPU.ActiveCfg = Release|Any CPU
		{DB54004E-0846-4E96-854E-0FE5B80A6C66}.Release|Any CPU.Build.0 = Release|Any CPU
		{BF2DD7CC-E02D-4DE2-91F3-C12B237011DD}.Debug|Any CPU.ActiveCfg = Debug|Any CPU
		{BF2DD7CC-E02D-4DE2-91F3-C12B237011DD}.Debug|Any CPU.Build.0 = Debug|Any CPU
		{BF2DD7CC-E02D-4DE2-91F3-C12B237011DD}.Release|Any CPU.ActiveCfg = Release|Any CPU
		{BF2DD7CC-E02D-4DE2-91F3-C12B237011DD}.Release|Any CPU.Build.0 = Release|Any CPU
		{DCDAF50B-29D0-4054-BF62-D7D63F647ACA}.Debug|Any CPU.ActiveCfg = Debug|Any CPU
		{DCDAF50B-29D0-4054-BF62-D7D63F647ACA}.Debug|Any CPU.Build.0 = Debug|Any CPU
		{DCDAF50B-29D0-4054-BF62-D7D63F647ACA}.Release|Any CPU.ActiveCfg = Release|Any CPU
		{DCDAF50B-29D0-4054-BF62-D7D63F647ACA}.Release|Any CPU.Build.0 = Release|Any CPU
		{430E6911-5CA9-4F2A-B261-04CA005C1F98}.Debug|Any CPU.ActiveCfg = Debug|Any CPU
		{430E6911-5CA9-4F2A-B261-04CA005C1F98}.Debug|Any CPU.Build.0 = Debug|Any CPU
		{430E6911-5CA9-4F2A-B261-04CA005C1F98}.Release|Any CPU.ActiveCfg = Release|Any CPU
		{430E6911-5CA9-4F2A-B261-04CA005C1F98}.Release|Any CPU.Build.0 = Release|Any CPU
		{958419DF-B679-4D4E-BF7B-654B1DC2C06C}.Debug|Any CPU.ActiveCfg = Debug|Any CPU
		{958419DF-B679-4D4E-BF7B-654B1DC2C06C}.Debug|Any CPU.Build.0 = Debug|Any CPU
		{958419DF-B679-4D4E-BF7B-654B1DC2C06C}.Release|Any CPU.ActiveCfg = Release|Any CPU
		{958419DF-B679-4D4E-BF7B-654B1DC2C06C}.Release|Any CPU.Build.0 = Release|Any CPU
		{93472CFE-5EA1-413A-AE38-BED96C19FF0A}.Debug|Any CPU.ActiveCfg = Debug|Any CPU
		{93472CFE-5EA1-413A-AE38-BED96C19FF0A}.Debug|Any CPU.Build.0 = Debug|Any CPU
		{93472CFE-5EA1-413A-AE38-BED96C19FF0A}.Release|Any CPU.ActiveCfg = Release|Any CPU
		{93472CFE-5EA1-413A-AE38-BED96C19FF0A}.Release|Any CPU.Build.0 = Release|Any CPU
		{05A9C52D-2B80-4F1C-9726-347E95129454}.Debug|Any CPU.ActiveCfg = Debug|Any CPU
		{05A9C52D-2B80-4F1C-9726-347E95129454}.Debug|Any CPU.Build.0 = Debug|Any CPU
		{05A9C52D-2B80-4F1C-9726-347E95129454}.Release|Any CPU.ActiveCfg = Release|Any CPU
		{05A9C52D-2B80-4F1C-9726-347E95129454}.Release|Any CPU.Build.0 = Release|Any CPU
		{9ED1532B-8BC3-4325-865E-436B949A81E5}.Debug|Any CPU.ActiveCfg = Debug|Any CPU
		{9ED1532B-8BC3-4325-865E-436B949A81E5}.Debug|Any CPU.Build.0 = Debug|Any CPU
		{9ED1532B-8BC3-4325-865E-436B949A81E5}.Release|Any CPU.ActiveCfg = Release|Any CPU
		{9ED1532B-8BC3-4325-865E-436B949A81E5}.Release|Any CPU.Build.0 = Release|Any CPU
		{4651D8C5-A49C-4475-A793-A89305FB6C81}.Debug|Any CPU.ActiveCfg = Debug|Any CPU
		{4651D8C5-A49C-4475-A793-A89305FB6C81}.Debug|Any CPU.Build.0 = Debug|Any CPU
		{4651D8C5-A49C-4475-A793-A89305FB6C81}.Release|Any CPU.ActiveCfg = Release|Any CPU
		{4651D8C5-A49C-4475-A793-A89305FB6C81}.Release|Any CPU.Build.0 = Release|Any CPU
		{A8702119-EFA5-47A3-A9FF-C8AE19CCB603}.Debug|Any CPU.ActiveCfg = Debug|Any CPU
		{A8702119-EFA5-47A3-A9FF-C8AE19CCB603}.Debug|Any CPU.Build.0 = Debug|Any CPU
		{A8702119-EFA5-47A3-A9FF-C8AE19CCB603}.Release|Any CPU.ActiveCfg = Release|Any CPU
		{A8702119-EFA5-47A3-A9FF-C8AE19CCB603}.Release|Any CPU.Build.0 = Release|Any CPU
		{FCD5373F-2282-4EEA-A65D-8F72CF813CF4}.Debug|Any CPU.ActiveCfg = Debug|Any CPU
		{FCD5373F-2282-4EEA-A65D-8F72CF813CF4}.Debug|Any CPU.Build.0 = Debug|Any CPU
		{FCD5373F-2282-4EEA-A65D-8F72CF813CF4}.Release|Any CPU.ActiveCfg = Release|Any CPU
		{FCD5373F-2282-4EEA-A65D-8F72CF813CF4}.Release|Any CPU.Build.0 = Release|Any CPU
		{145F0EB1-767B-4DE7-9455-13A36F9C5272}.Debug|Any CPU.ActiveCfg = Debug|Any CPU
		{145F0EB1-767B-4DE7-9455-13A36F9C5272}.Debug|Any CPU.Build.0 = Debug|Any CPU
		{145F0EB1-767B-4DE7-9455-13A36F9C5272}.Release|Any CPU.ActiveCfg = Release|Any CPU
		{145F0EB1-767B-4DE7-9455-13A36F9C5272}.Release|Any CPU.Build.0 = Release|Any CPU
		{F099217E-B2EE-47A9-BD23-C237978606EF}.Debug|Any CPU.ActiveCfg = Debug|Any CPU
		{F099217E-B2EE-47A9-BD23-C237978606EF}.Debug|Any CPU.Build.0 = Debug|Any CPU
		{F099217E-B2EE-47A9-BD23-C237978606EF}.Release|Any CPU.ActiveCfg = Release|Any CPU
		{F099217E-B2EE-47A9-BD23-C237978606EF}.Release|Any CPU.Build.0 = Release|Any CPU
	EndGlobalSection
	GlobalSection(SolutionProperties) = preSolution
		HideSolutionNode = FALSE
	EndGlobalSection
	GlobalSection(ExtensibilityGlobals) = postSolution
		SolutionGuid = {245292A7-BE28-48E4-939B-0D8DA4D26211}
	EndGlobalSection
EndGlobal
