
Microsoft Visual Studio Solution File, Format Version 12.00
# Visual Studio Version 16
VisualStudioVersion = 16.0.32510.428
MinimumVisualStudioVersion = 10.0.40219.1
Project("{9A19103F-16F7-4668-BE54-9A1E7A4F7556}") = "Lab.01.CountSameValuesInArray", "Lab.01.CountSameValuesInArray\Lab.01.CountSameValuesInArray.csproj", "{0B8401C3-E47A-4473-B5C9-9C2CB92577F1}"
EndProject
Project("{9A19103F-16F7-4668-BE54-9A1E7A4F7556}") = "Lab.02.AvStdntGrades", "Lab.02.AvStdntGrades\Lab.02.AvStdntGrades.csproj", "{0A20DC66-4AF6-4235-8BD3-5AE13F8D20CC}"
EndProject
Project("{9A19103F-16F7-4668-BE54-9A1E7A4F7556}") = "Lab.02.AvStdntGrdsV1", "Lab.02.AvStdntGrdsV1\Lab.02.AvStdntGrdsV1.csproj", "{8C755E4D-0DBE-4653-B530-2FCE0076CE48}"
EndProject
Project("{9A19103F-16F7-4668-BE54-9A1E7A4F7556}") = "Lab.03.ProductShop", "Lab.03.ProductShop\Lab.03.ProductShop.csproj", "{1D78C57C-20E3-4A94-B698-FC1ED0C72BBF}"
EndProject
Project("{9A19103F-16F7-4668-BE54-9A1E7A4F7556}") = "Lab.03.ProductShopV1", "Lab.03.ProductShopV1\Lab.03.ProductShopV1.csproj", "{24FA1882-3408-4AB6-9CF0-5B67C06E8EC3}"
EndProject
Project("{9A19103F-16F7-4668-BE54-9A1E7A4F7556}") = "Lab.03.ProductShopV2", "Lab.03.ProductShopV2\Lab.03.ProductShopV2.csproj", "{96081FFB-E222-4525-AD0D-D75C5551CF29}"
EndProject
Project("{9A19103F-16F7-4668-BE54-9A1E7A4F7556}") = "Lab.04.CtsByContCtry", "Lab.04.CtsByContCtry\Lab.04.CtsByContCtry.csproj", "{6D7DA0B0-C20F-4919-99B6-769FCA586408}"
EndProject
Project("{9A19103F-16F7-4668-BE54-9A1E7A4F7556}") = "Lab.04.CtsByCntCtrV1", "Lab.04.CtsByCntCtrV1\Lab.04.CtsByCntCtrV1.csproj", "{597AC1BD-7A20-44B8-B8CA-CA3A98566210}"
EndProject
Project("{FAE04EC0-301F-11D3-BF4B-00C04F79EFBC}") = "Lab.05.RecrdUniqName", "Lab.05.RecrdUniqName\Lab.05.RecrdUniqName.csproj", "{E605028C-D370-4273-8B86-EB1B413EC3F6}"
EndProject
Project("{FAE04EC0-301F-11D3-BF4B-00C04F79EFBC}") = "Lab.06.ParkingLot", "Lab.06.ParkingLot\Lab.06.ParkingLot.csproj", "{B1AD8C23-0243-4722-98A5-935B4D80606A}"
EndProject
Global
	GlobalSection(SolutionConfigurationPlatforms) = preSolution
		Debug|Any CPU = Debug|Any CPU
		Release|Any CPU = Release|Any CPU
	EndGlobalSection
	GlobalSection(ProjectConfigurationPlatforms) = postSolution
		{0B8401C3-E47A-4473-B5C9-9C2CB92577F1}.Debug|Any CPU.ActiveCfg = Debug|Any CPU
		{0B8401C3-E47A-4473-B5C9-9C2CB92577F1}.Debug|Any CPU.Build.0 = Debug|Any CPU
		{0B8401C3-E47A-4473-B5C9-9C2CB92577F1}.Release|Any CPU.ActiveCfg = Release|Any CPU
		{0B8401C3-E47A-4473-B5C9-9C2CB92577F1}.Release|Any CPU.Build.0 = Release|Any CPU
		{0A20DC66-4AF6-4235-8BD3-5AE13F8D20CC}.Debug|Any CPU.ActiveCfg = Debug|Any CPU
		{0A20DC66-4AF6-4235-8BD3-5AE13F8D20CC}.Debug|Any CPU.Build.0 = Debug|Any CPU
		{0A20DC66-4AF6-4235-8BD3-5AE13F8D20CC}.Release|Any CPU.ActiveCfg = Release|Any CPU
		{0A20DC66-4AF6-4235-8BD3-5AE13F8D20CC}.Release|Any CPU.Build.0 = Release|Any CPU
		{8C755E4D-0DBE-4653-B530-2FCE0076CE48}.Debug|Any CPU.ActiveCfg = Debug|Any CPU
		{8C755E4D-0DBE-4653-B530-2FCE0076CE48}.Debug|Any CPU.Build.0 = Debug|Any CPU
		{8C755E4D-0DBE-4653-B530-2FCE0076CE48}.Release|Any CPU.ActiveCfg = Release|Any CPU
		{8C755E4D-0DBE-4653-B530-2FCE0076CE48}.Release|Any CPU.Build.0 = Release|Any CPU
		{1D78C57C-20E3-4A94-B698-FC1ED0C72BBF}.Debug|Any CPU.ActiveCfg = Debug|Any CPU
		{1D78C57C-20E3-4A94-B698-FC1ED0C72BBF}.Debug|Any CPU.Build.0 = Debug|Any CPU
		{1D78C57C-20E3-4A94-B698-FC1ED0C72BBF}.Release|Any CPU.ActiveCfg = Release|Any CPU
		{1D78C57C-20E3-4A94-B698-FC1ED0C72BBF}.Release|Any CPU.Build.0 = Release|Any CPU
		{24FA1882-3408-4AB6-9CF0-5B67C06E8EC3}.Debug|Any CPU.ActiveCfg = Debug|Any CPU
		{24FA1882-3408-4AB6-9CF0-5B67C06E8EC3}.Debug|Any CPU.Build.0 = Debug|Any CPU
		{24FA1882-3408-4AB6-9CF0-5B67C06E8EC3}.Release|Any CPU.ActiveCfg = Release|Any CPU
		{24FA1882-3408-4AB6-9CF0-5B67C06E8EC3}.Release|Any CPU.Build.0 = Release|Any CPU
		{96081FFB-E222-4525-AD0D-D75C5551CF29}.Debug|Any CPU.ActiveCfg = Debug|Any CPU
		{96081FFB-E222-4525-AD0D-D75C5551CF29}.Debug|Any CPU.Build.0 = Debug|Any CPU
		{96081FFB-E222-4525-AD0D-D75C5551CF29}.Release|Any CPU.ActiveCfg = Release|Any CPU
		{96081FFB-E222-4525-AD0D-D75C5551CF29}.Release|Any CPU.Build.0 = Release|Any CPU
		{6D7DA0B0-C20F-4919-99B6-769FCA586408}.Debug|Any CPU.ActiveCfg = Debug|Any CPU
		{6D7DA0B0-C20F-4919-99B6-769FCA586408}.Debug|Any CPU.Build.0 = Debug|Any CPU
		{6D7DA0B0-C20F-4919-99B6-769FCA586408}.Release|Any CPU.ActiveCfg = Release|Any CPU
		{6D7DA0B0-C20F-4919-99B6-769FCA586408}.Release|Any CPU.Build.0 = Release|Any CPU
		{597AC1BD-7A20-44B8-B8CA-CA3A98566210}.Debug|Any CPU.ActiveCfg = Debug|Any CPU
		{597AC1BD-7A20-44B8-B8CA-CA3A98566210}.Debug|Any CPU.Build.0 = Debug|Any CPU
		{597AC1BD-7A20-44B8-B8CA-CA3A98566210}.Release|Any CPU.ActiveCfg = Release|Any CPU
		{597AC1BD-7A20-44B8-B8CA-CA3A98566210}.Release|Any CPU.Build.0 = Release|Any CPU
		{E605028C-D370-4273-8B86-EB1B413EC3F6}.Debug|Any CPU.ActiveCfg = Debug|Any CPU
		{E605028C-D370-4273-8B86-EB1B413EC3F6}.Debug|Any CPU.Build.0 = Debug|Any CPU
		{E605028C-D370-4273-8B86-EB1B413EC3F6}.Release|Any CPU.ActiveCfg = Release|Any CPU
		{E605028C-D370-4273-8B86-EB1B413EC3F6}.Release|Any CPU.Build.0 = Release|Any CPU
		{B1AD8C23-0243-4722-98A5-935B4D80606A}.Debug|Any CPU.ActiveCfg = Debug|Any CPU
		{B1AD8C23-0243-4722-98A5-935B4D80606A}.Debug|Any CPU.Build.0 = Debug|Any CPU
		{B1AD8C23-0243-4722-98A5-935B4D80606A}.Release|Any CPU.ActiveCfg = Release|Any CPU
		{B1AD8C23-0243-4722-98A5-935B4D80606A}.Release|Any CPU.Build.0 = Release|Any CPU
	EndGlobalSection
	GlobalSection(SolutionProperties) = preSolution
		HideSolutionNode = FALSE
	EndGlobalSection
	GlobalSection(ExtensibilityGlobals) = postSolution
		SolutionGuid = {09363323-C1DE-47EA-8616-EFAFBD17D8A7}
	EndGlobalSection
EndGlobal
