
Microsoft Visual Studio Solution File, Format Version 12.00
# Visual Studio Version 16
VisualStudioVersion = 16.0.31727.386
MinimumVisualStudioVersion = 10.0.40219.1
Project("{9A19103F-16F7-4668-BE54-9A1E7A4F7556}") = "L.01.ReverseStrings", "L.01.ReverseStrings\L.01.ReverseStrings.csproj", "{BF2E1D5A-D101-4AE0-B8D2-53A2B8033F01}"
EndProject
Project("{9A19103F-16F7-4668-BE54-9A1E7A4F7556}") = "L.01.ReverseStringsModV1", "L.01.ReverseStringsModV1\L.01.ReverseStringsModV1.csproj", "{CB95F9E4-2404-4509-9F6A-6E086DE8064E}"
EndProject
Project("{9A19103F-16F7-4668-BE54-9A1E7A4F7556}") = "L.02.RepeatStrings", "L.02.RepeatStrings\L.02.RepeatStrings.csproj", "{896282B5-BBA3-486C-831B-3D49138C4914}"
EndProject
Project("{9A19103F-16F7-4668-BE54-9A1E7A4F7556}") = "L.03.Substring", "L.03.Substring\L.03.Substring.csproj", "{085664FF-60B7-4A6B-889C-D70A758C0241}"
EndProject
Project("{9A19103F-16F7-4668-BE54-9A1E7A4F7556}") = "L.04.TextFilter", "L.04.TextFilter\L.04.TextFilter.csproj", "{0F01D5CC-974F-4EF0-9D16-F37638C9DE82}"
EndProject
Project("{9A19103F-16F7-4668-BE54-9A1E7A4F7556}") = "L.04.TextFilterModV1", "L.04.TextFilterModV1\L.04.TextFilterModV1.csproj", "{EB786660-06F1-4F7D-BA03-CF002BCD1397}"
EndProject
Project("{9A19103F-16F7-4668-BE54-9A1E7A4F7556}") = "L.05.DigitsLettersAndOther", "L.05.DigitsLettersAndOther\L.05.DigitsLettersAndOther.csproj", "{BFF3A623-D60F-435A-8C28-1C3A177FA5D7}"
EndProject
Project("{9A19103F-16F7-4668-BE54-9A1E7A4F7556}") = "Ex.01.ValidUsernames", "Ex.01.ValidUsernames\Ex.01.ValidUsernames.csproj", "{DE98AD39-634F-4589-BEC1-69B4D52066A8}"
EndProject
Project("{9A19103F-16F7-4668-BE54-9A1E7A4F7556}") = "Ex.01.ValidUsernamesModV1", "Ex.01.ValidUsernamesModV1\Ex.01.ValidUsernamesModV1.csproj", "{A10A9301-41AD-461A-853A-4DDB34F1DCB6}"
EndProject
Project("{9A19103F-16F7-4668-BE54-9A1E7A4F7556}") = "Ex.02.CharacterMultiplier", "Ex.02.CharacterMultiplier\Ex.02.CharacterMultiplier.csproj", "{734AB307-09B2-4B79-AF10-14E6F5F78A39}"
EndProject
Project("{9A19103F-16F7-4668-BE54-9A1E7A4F7556}") = "Ex.02.CharacterMultiplierModV1", "Ex.02.CharacterMultiplierModV1\Ex.02.CharacterMultiplierModV1.csproj", "{46E49753-B486-45FB-A7BD-1C8D83302C73}"
EndProject
Project("{9A19103F-16F7-4668-BE54-9A1E7A4F7556}") = "Ex.03.ExtractFile", "Ex.03.ExtractFile\Ex.03.ExtractFile.csproj", "{62677AE9-7874-4964-982D-B8531F70C579}"
EndProject
Project("{9A19103F-16F7-4668-BE54-9A1E7A4F7556}") = "Ex.03.ExtractFileModV1", "Ex.03.ExtractFileModV1\Ex.03.ExtractFileModV1.csproj", "{855FDFA7-331C-49B9-A367-EEA81B113CD3}"
EndProject
Project("{9A19103F-16F7-4668-BE54-9A1E7A4F7556}") = "Ex.03.ExtractFileModV2", "Ex.03.ExtractFileModV2\Ex.03.ExtractFileModV2.csproj", "{A797729D-336B-4814-B556-3E0FFD167203}"
EndProject
Project("{FAE04EC0-301F-11D3-BF4B-00C04F79EFBC}") = "Ex.04.CaesarCipher", "Ex.04.CaesarCipher\Ex.04.CaesarCipher.csproj", "{2B708D10-A643-44A2-A87B-C821BC7DC245}"
EndProject
Global
	GlobalSection(SolutionConfigurationPlatforms) = preSolution
		Debug|Any CPU = Debug|Any CPU
		Release|Any CPU = Release|Any CPU
	EndGlobalSection
	GlobalSection(ProjectConfigurationPlatforms) = postSolution
		{BF2E1D5A-D101-4AE0-B8D2-53A2B8033F01}.Debug|Any CPU.ActiveCfg = Debug|Any CPU
		{BF2E1D5A-D101-4AE0-B8D2-53A2B8033F01}.Debug|Any CPU.Build.0 = Debug|Any CPU
		{BF2E1D5A-D101-4AE0-B8D2-53A2B8033F01}.Release|Any CPU.ActiveCfg = Release|Any CPU
		{BF2E1D5A-D101-4AE0-B8D2-53A2B8033F01}.Release|Any CPU.Build.0 = Release|Any CPU
		{CB95F9E4-2404-4509-9F6A-6E086DE8064E}.Debug|Any CPU.ActiveCfg = Debug|Any CPU
		{CB95F9E4-2404-4509-9F6A-6E086DE8064E}.Debug|Any CPU.Build.0 = Debug|Any CPU
		{CB95F9E4-2404-4509-9F6A-6E086DE8064E}.Release|Any CPU.ActiveCfg = Release|Any CPU
		{CB95F9E4-2404-4509-9F6A-6E086DE8064E}.Release|Any CPU.Build.0 = Release|Any CPU
		{896282B5-BBA3-486C-831B-3D49138C4914}.Debug|Any CPU.ActiveCfg = Debug|Any CPU
		{896282B5-BBA3-486C-831B-3D49138C4914}.Debug|Any CPU.Build.0 = Debug|Any CPU
		{896282B5-BBA3-486C-831B-3D49138C4914}.Release|Any CPU.ActiveCfg = Release|Any CPU
		{896282B5-BBA3-486C-831B-3D49138C4914}.Release|Any CPU.Build.0 = Release|Any CPU
		{085664FF-60B7-4A6B-889C-D70A758C0241}.Debug|Any CPU.ActiveCfg = Debug|Any CPU
		{085664FF-60B7-4A6B-889C-D70A758C0241}.Debug|Any CPU.Build.0 = Debug|Any CPU
		{085664FF-60B7-4A6B-889C-D70A758C0241}.Release|Any CPU.ActiveCfg = Release|Any CPU
		{085664FF-60B7-4A6B-889C-D70A758C0241}.Release|Any CPU.Build.0 = Release|Any CPU
		{0F01D5CC-974F-4EF0-9D16-F37638C9DE82}.Debug|Any CPU.ActiveCfg = Debug|Any CPU
		{0F01D5CC-974F-4EF0-9D16-F37638C9DE82}.Debug|Any CPU.Build.0 = Debug|Any CPU
		{0F01D5CC-974F-4EF0-9D16-F37638C9DE82}.Release|Any CPU.ActiveCfg = Release|Any CPU
		{0F01D5CC-974F-4EF0-9D16-F37638C9DE82}.Release|Any CPU.Build.0 = Release|Any CPU
		{EB786660-06F1-4F7D-BA03-CF002BCD1397}.Debug|Any CPU.ActiveCfg = Debug|Any CPU
		{EB786660-06F1-4F7D-BA03-CF002BCD1397}.Debug|Any CPU.Build.0 = Debug|Any CPU
		{EB786660-06F1-4F7D-BA03-CF002BCD1397}.Release|Any CPU.ActiveCfg = Release|Any CPU
		{EB786660-06F1-4F7D-BA03-CF002BCD1397}.Release|Any CPU.Build.0 = Release|Any CPU
		{BFF3A623-D60F-435A-8C28-1C3A177FA5D7}.Debug|Any CPU.ActiveCfg = Debug|Any CPU
		{BFF3A623-D60F-435A-8C28-1C3A177FA5D7}.Debug|Any CPU.Build.0 = Debug|Any CPU
		{BFF3A623-D60F-435A-8C28-1C3A177FA5D7}.Release|Any CPU.ActiveCfg = Release|Any CPU
		{BFF3A623-D60F-435A-8C28-1C3A177FA5D7}.Release|Any CPU.Build.0 = Release|Any CPU
		{DE98AD39-634F-4589-BEC1-69B4D52066A8}.Debug|Any CPU.ActiveCfg = Debug|Any CPU
		{DE98AD39-634F-4589-BEC1-69B4D52066A8}.Debug|Any CPU.Build.0 = Debug|Any CPU
		{DE98AD39-634F-4589-BEC1-69B4D52066A8}.Release|Any CPU.ActiveCfg = Release|Any CPU
		{DE98AD39-634F-4589-BEC1-69B4D52066A8}.Release|Any CPU.Build.0 = Release|Any CPU
		{A10A9301-41AD-461A-853A-4DDB34F1DCB6}.Debug|Any CPU.ActiveCfg = Debug|Any CPU
		{A10A9301-41AD-461A-853A-4DDB34F1DCB6}.Debug|Any CPU.Build.0 = Debug|Any CPU
		{A10A9301-41AD-461A-853A-4DDB34F1DCB6}.Release|Any CPU.ActiveCfg = Release|Any CPU
		{A10A9301-41AD-461A-853A-4DDB34F1DCB6}.Release|Any CPU.Build.0 = Release|Any CPU
		{734AB307-09B2-4B79-AF10-14E6F5F78A39}.Debug|Any CPU.ActiveCfg = Debug|Any CPU
		{734AB307-09B2-4B79-AF10-14E6F5F78A39}.Debug|Any CPU.Build.0 = Debug|Any CPU
		{734AB307-09B2-4B79-AF10-14E6F5F78A39}.Release|Any CPU.ActiveCfg = Release|Any CPU
		{734AB307-09B2-4B79-AF10-14E6F5F78A39}.Release|Any CPU.Build.0 = Release|Any CPU
		{46E49753-B486-45FB-A7BD-1C8D83302C73}.Debug|Any CPU.ActiveCfg = Debug|Any CPU
		{46E49753-B486-45FB-A7BD-1C8D83302C73}.Debug|Any CPU.Build.0 = Debug|Any CPU
		{46E49753-B486-45FB-A7BD-1C8D83302C73}.Release|Any CPU.ActiveCfg = Release|Any CPU
		{46E49753-B486-45FB-A7BD-1C8D83302C73}.Release|Any CPU.Build.0 = Release|Any CPU
		{62677AE9-7874-4964-982D-B8531F70C579}.Debug|Any CPU.ActiveCfg = Debug|Any CPU
		{62677AE9-7874-4964-982D-B8531F70C579}.Debug|Any CPU.Build.0 = Debug|Any CPU
		{62677AE9-7874-4964-982D-B8531F70C579}.Release|Any CPU.ActiveCfg = Release|Any CPU
		{62677AE9-7874-4964-982D-B8531F70C579}.Release|Any CPU.Build.0 = Release|Any CPU
		{855FDFA7-331C-49B9-A367-EEA81B113CD3}.Debug|Any CPU.ActiveCfg = Debug|Any CPU
		{855FDFA7-331C-49B9-A367-EEA81B113CD3}.Debug|Any CPU.Build.0 = Debug|Any CPU
		{855FDFA7-331C-49B9-A367-EEA81B113CD3}.Release|Any CPU.ActiveCfg = Release|Any CPU
		{855FDFA7-331C-49B9-A367-EEA81B113CD3}.Release|Any CPU.Build.0 = Release|Any CPU
		{A797729D-336B-4814-B556-3E0FFD167203}.Debug|Any CPU.ActiveCfg = Debug|Any CPU
		{A797729D-336B-4814-B556-3E0FFD167203}.Debug|Any CPU.Build.0 = Debug|Any CPU
		{A797729D-336B-4814-B556-3E0FFD167203}.Release|Any CPU.ActiveCfg = Release|Any CPU
		{A797729D-336B-4814-B556-3E0FFD167203}.Release|Any CPU.Build.0 = Release|Any CPU
		{2B708D10-A643-44A2-A87B-C821BC7DC245}.Debug|Any CPU.ActiveCfg = Debug|Any CPU
		{2B708D10-A643-44A2-A87B-C821BC7DC245}.Debug|Any CPU.Build.0 = Debug|Any CPU
		{2B708D10-A643-44A2-A87B-C821BC7DC245}.Release|Any CPU.ActiveCfg = Release|Any CPU
		{2B708D10-A643-44A2-A87B-C821BC7DC245}.Release|Any CPU.Build.0 = Release|Any CPU
	EndGlobalSection
	GlobalSection(SolutionProperties) = preSolution
		HideSolutionNode = FALSE
	EndGlobalSection
	GlobalSection(ExtensibilityGlobals) = postSolution
		SolutionGuid = {ED3C45E7-6545-42EB-90C6-016B6B9841B4}
	EndGlobalSection
EndGlobal
