
Microsoft Visual Studio Solution File, Format Version 12.00
# Visual Studio Version 16
VisualStudioVersion = 16.0.32106.194
MinimumVisualStudioVersion = 10.0.40219.1
Project("{9A19103F-16F7-4668-BE54-9A1E7A4F7556}") = "Lab.01.ReverseStrings", "Lab.01.ReverseStrings\Lab.01.ReverseStrings.csproj", "{5C86E5A4-3768-48D2-A5E6-7FA4167F3E28}"
EndProject
Project("{9A19103F-16F7-4668-BE54-9A1E7A4F7556}") = "Lab.01.ReverseStringsModV1", "Lab.01.ReverseStringsModV1\Lab.01.ReverseStringsModV1.csproj", "{065C3157-DD67-4A4D-ACAB-DD8140C0DFD5}"
EndProject
Project("{9A19103F-16F7-4668-BE54-9A1E7A4F7556}") = "Lab.02.StackSum", "Lab.02.StackSum\Lab.02.StackSum.csproj", "{FABB322D-A1A2-4429-B2A3-E619A631954A}"
EndProject
Project("{9A19103F-16F7-4668-BE54-9A1E7A4F7556}") = "Lab.03.SimpleCalculator", "Lab.03.SimpleCalculator\Lab.03.SimpleCalculator.csproj", "{17C5C9EA-9889-4086-9087-E5FFB7C9292C}"
EndProject
Project("{9A19103F-16F7-4668-BE54-9A1E7A4F7556}") = "Lab.04.MatchingBrackets", "Lab.04.MatchingBrackets\Lab.04.MatchingBrackets.csproj", "{B989F344-DA7B-4404-BE8B-40CB9EB529AC}"
EndProject
Project("{9A19103F-16F7-4668-BE54-9A1E7A4F7556}") = "Lab.05.PrintEvenNumbers", "Lab.05.PrintEvenNumbers\Lab.05.PrintEvenNumbers.csproj", "{3EFE12B2-0874-409A-953C-63E6C1F20792}"
EndProject
Project("{9A19103F-16F7-4668-BE54-9A1E7A4F7556}") = "Lab.06.Supermarket", "Lab.06.Supermarket\Lab.06.Supermarket.csproj", "{02DF2E32-74E1-4880-8767-0A888161AE02}"
EndProject
Project("{9A19103F-16F7-4668-BE54-9A1E7A4F7556}") = "Lab.07.HotPotato", "Lab.07.HotPotato\Lab.07.HotPotato.csproj", "{6CDD2CD8-F3F3-4DE6-B88F-9751308A8140}"
EndProject
Project("{9A19103F-16F7-4668-BE54-9A1E7A4F7556}") = "Lab.08.TrafficJam", "Lab.08.TrafficJam\Lab.08.TrafficJam.csproj", "{F0815A38-FEC4-4AC8-8CA3-8E34D5F10825}"
EndProject
Project("{9A19103F-16F7-4668-BE54-9A1E7A4F7556}") = "Ex.01.BasicStackOperations", "Ex.01.BasicStackOperations\Ex.01.BasicStackOperations.csproj", "{8E0B6274-EA40-4280-AB5A-098056C222A4}"
EndProject
Project("{9A19103F-16F7-4668-BE54-9A1E7A4F7556}") = "Ex.02.BasicQueueOperations", "Ex.02.BasicQueueOperations\Ex.02.BasicQueueOperations.csproj", "{86308E8A-9984-4A6C-8609-F59CB3279DD6}"
EndProject
Project("{9A19103F-16F7-4668-BE54-9A1E7A4F7556}") = "Ex.03.MaximumAndMinimumElement", "Ex.03.MaximumAndMinimumElement\Ex.03.MaximumAndMinimumElement.csproj", "{74FB64F8-7526-4D25-8322-D184BCDA12ED}"
EndProject
Project("{FAE04EC0-301F-11D3-BF4B-00C04F79EFBC}") = "Ex.04.FastFood", "Ex.04.FastFood\Ex.04.FastFood.csproj", "{EFD5D084-9C4F-4ADF-B446-6D34BB5B3181}"
EndProject
Global
	GlobalSection(SolutionConfigurationPlatforms) = preSolution
		Debug|Any CPU = Debug|Any CPU
		Release|Any CPU = Release|Any CPU
	EndGlobalSection
	GlobalSection(ProjectConfigurationPlatforms) = postSolution
		{5C86E5A4-3768-48D2-A5E6-7FA4167F3E28}.Debug|Any CPU.ActiveCfg = Debug|Any CPU
		{5C86E5A4-3768-48D2-A5E6-7FA4167F3E28}.Debug|Any CPU.Build.0 = Debug|Any CPU
		{5C86E5A4-3768-48D2-A5E6-7FA4167F3E28}.Release|Any CPU.ActiveCfg = Release|Any CPU
		{5C86E5A4-3768-48D2-A5E6-7FA4167F3E28}.Release|Any CPU.Build.0 = Release|Any CPU
		{065C3157-DD67-4A4D-ACAB-DD8140C0DFD5}.Debug|Any CPU.ActiveCfg = Debug|Any CPU
		{065C3157-DD67-4A4D-ACAB-DD8140C0DFD5}.Debug|Any CPU.Build.0 = Debug|Any CPU
		{065C3157-DD67-4A4D-ACAB-DD8140C0DFD5}.Release|Any CPU.ActiveCfg = Release|Any CPU
		{065C3157-DD67-4A4D-ACAB-DD8140C0DFD5}.Release|Any CPU.Build.0 = Release|Any CPU
		{FABB322D-A1A2-4429-B2A3-E619A631954A}.Debug|Any CPU.ActiveCfg = Debug|Any CPU
		{FABB322D-A1A2-4429-B2A3-E619A631954A}.Debug|Any CPU.Build.0 = Debug|Any CPU
		{FABB322D-A1A2-4429-B2A3-E619A631954A}.Release|Any CPU.ActiveCfg = Release|Any CPU
		{FABB322D-A1A2-4429-B2A3-E619A631954A}.Release|Any CPU.Build.0 = Release|Any CPU
		{17C5C9EA-9889-4086-9087-E5FFB7C9292C}.Debug|Any CPU.ActiveCfg = Debug|Any CPU
		{17C5C9EA-9889-4086-9087-E5FFB7C9292C}.Debug|Any CPU.Build.0 = Debug|Any CPU
		{17C5C9EA-9889-4086-9087-E5FFB7C9292C}.Release|Any CPU.ActiveCfg = Release|Any CPU
		{17C5C9EA-9889-4086-9087-E5FFB7C9292C}.Release|Any CPU.Build.0 = Release|Any CPU
		{B989F344-DA7B-4404-BE8B-40CB9EB529AC}.Debug|Any CPU.ActiveCfg = Debug|Any CPU
		{B989F344-DA7B-4404-BE8B-40CB9EB529AC}.Debug|Any CPU.Build.0 = Debug|Any CPU
		{B989F344-DA7B-4404-BE8B-40CB9EB529AC}.Release|Any CPU.ActiveCfg = Release|Any CPU
		{B989F344-DA7B-4404-BE8B-40CB9EB529AC}.Release|Any CPU.Build.0 = Release|Any CPU
		{3EFE12B2-0874-409A-953C-63E6C1F20792}.Debug|Any CPU.ActiveCfg = Debug|Any CPU
		{3EFE12B2-0874-409A-953C-63E6C1F20792}.Debug|Any CPU.Build.0 = Debug|Any CPU
		{3EFE12B2-0874-409A-953C-63E6C1F20792}.Release|Any CPU.ActiveCfg = Release|Any CPU
		{3EFE12B2-0874-409A-953C-63E6C1F20792}.Release|Any CPU.Build.0 = Release|Any CPU
		{02DF2E32-74E1-4880-8767-0A888161AE02}.Debug|Any CPU.ActiveCfg = Debug|Any CPU
		{02DF2E32-74E1-4880-8767-0A888161AE02}.Debug|Any CPU.Build.0 = Debug|Any CPU
		{02DF2E32-74E1-4880-8767-0A888161AE02}.Release|Any CPU.ActiveCfg = Release|Any CPU
		{02DF2E32-74E1-4880-8767-0A888161AE02}.Release|Any CPU.Build.0 = Release|Any CPU
		{6CDD2CD8-F3F3-4DE6-B88F-9751308A8140}.Debug|Any CPU.ActiveCfg = Debug|Any CPU
		{6CDD2CD8-F3F3-4DE6-B88F-9751308A8140}.Debug|Any CPU.Build.0 = Debug|Any CPU
		{6CDD2CD8-F3F3-4DE6-B88F-9751308A8140}.Release|Any CPU.ActiveCfg = Release|Any CPU
		{6CDD2CD8-F3F3-4DE6-B88F-9751308A8140}.Release|Any CPU.Build.0 = Release|Any CPU
		{F0815A38-FEC4-4AC8-8CA3-8E34D5F10825}.Debug|Any CPU.ActiveCfg = Debug|Any CPU
		{F0815A38-FEC4-4AC8-8CA3-8E34D5F10825}.Debug|Any CPU.Build.0 = Debug|Any CPU
		{F0815A38-FEC4-4AC8-8CA3-8E34D5F10825}.Release|Any CPU.ActiveCfg = Release|Any CPU
		{F0815A38-FEC4-4AC8-8CA3-8E34D5F10825}.Release|Any CPU.Build.0 = Release|Any CPU
		{8E0B6274-EA40-4280-AB5A-098056C222A4}.Debug|Any CPU.ActiveCfg = Debug|Any CPU
		{8E0B6274-EA40-4280-AB5A-098056C222A4}.Debug|Any CPU.Build.0 = Debug|Any CPU
		{8E0B6274-EA40-4280-AB5A-098056C222A4}.Release|Any CPU.ActiveCfg = Release|Any CPU
		{8E0B6274-EA40-4280-AB5A-098056C222A4}.Release|Any CPU.Build.0 = Release|Any CPU
		{86308E8A-9984-4A6C-8609-F59CB3279DD6}.Debug|Any CPU.ActiveCfg = Debug|Any CPU
		{86308E8A-9984-4A6C-8609-F59CB3279DD6}.Debug|Any CPU.Build.0 = Debug|Any CPU
		{86308E8A-9984-4A6C-8609-F59CB3279DD6}.Release|Any CPU.ActiveCfg = Release|Any CPU
		{86308E8A-9984-4A6C-8609-F59CB3279DD6}.Release|Any CPU.Build.0 = Release|Any CPU
		{74FB64F8-7526-4D25-8322-D184BCDA12ED}.Debug|Any CPU.ActiveCfg = Debug|Any CPU
		{74FB64F8-7526-4D25-8322-D184BCDA12ED}.Debug|Any CPU.Build.0 = Debug|Any CPU
		{74FB64F8-7526-4D25-8322-D184BCDA12ED}.Release|Any CPU.ActiveCfg = Release|Any CPU
		{74FB64F8-7526-4D25-8322-D184BCDA12ED}.Release|Any CPU.Build.0 = Release|Any CPU
		{EFD5D084-9C4F-4ADF-B446-6D34BB5B3181}.Debug|Any CPU.ActiveCfg = Debug|Any CPU
		{EFD5D084-9C4F-4ADF-B446-6D34BB5B3181}.Debug|Any CPU.Build.0 = Debug|Any CPU
		{EFD5D084-9C4F-4ADF-B446-6D34BB5B3181}.Release|Any CPU.ActiveCfg = Release|Any CPU
		{EFD5D084-9C4F-4ADF-B446-6D34BB5B3181}.Release|Any CPU.Build.0 = Release|Any CPU
	EndGlobalSection
	GlobalSection(SolutionProperties) = preSolution
		HideSolutionNode = FALSE
	EndGlobalSection
	GlobalSection(ExtensibilityGlobals) = postSolution
		SolutionGuid = {9DFCA306-443A-4309-810A-B1C564C0A804}
	EndGlobalSection
EndGlobal
