
Microsoft Visual Studio Solution File, Format Version 12.00
# Visual Studio Version 16
VisualStudioVersion = 16.0.32002.261
MinimumVisualStudioVersion = 10.0.40219.1
Project("{9A19103F-16F7-4668-BE54-9A1E7A4F7556}") = "L.01.MatchFullName", "L.01.MatchFullName\L.01.MatchFullName.csproj", "{37CADA86-EA2E-4147-BEFB-D38F2DDB955F}"
EndProject
Project("{9A19103F-16F7-4668-BE54-9A1E7A4F7556}") = "L.01.MatchFullNameModV1", "L.01.MatchFullNameModV1\L.01.MatchFullNameModV1.csproj", "{9D49D620-674D-45FD-B91F-4677AFBDBF03}"
EndProject
Project("{9A19103F-16F7-4668-BE54-9A1E7A4F7556}") = "L.02.MatchPhoneNumberModV2", "L.02.MatchPhoneNumberModV2\L.02.MatchPhoneNumberModV2.csproj", "{A197825D-CC09-4CB7-81DC-E6B45709ED19}"
EndProject
Project("{9A19103F-16F7-4668-BE54-9A1E7A4F7556}") = "L.01.MatchFullNameModV2", "L.01.MatchFullNameModV2\L.01.MatchFullNameModV2.csproj", "{5550E567-4CB7-4B9B-B8F0-A8A048957190}"
EndProject
Project("{9A19103F-16F7-4668-BE54-9A1E7A4F7556}") = "L.01.MatchFullNameModV3", "L.01.MatchFullNameModV3\L.01.MatchFullNameModV3.csproj", "{69C963B3-CBE7-461B-8A36-DE8D2DDFAC4B}"
EndProject
Project("{9A19103F-16F7-4668-BE54-9A1E7A4F7556}") = "L.02.MatchPhoneNumber", "L.02.MatchPhoneNumber\L.02.MatchPhoneNumber.csproj", "{F859AC55-60B3-4E95-A853-E2C4188BD159}"
EndProject
Project("{9A19103F-16F7-4668-BE54-9A1E7A4F7556}") = "L.02.MatchPhoneNumberModV3", "L.02.MatchPhoneNumberModV3\L.02.MatchPhoneNumberModV3.csproj", "{3BABA3EA-0070-41DB-B71A-6AB313C7156A}"
EndProject
Project("{9A19103F-16F7-4668-BE54-9A1E7A4F7556}") = "L.02.MatchPhoneNumberModV4", "L.02.MatchPhoneNumberModV4\L.02.MatchPhoneNumberModV4.csproj", "{39E6A733-D026-4E45-9AE8-DEFB5977F58E}"
EndProject
Project("{9A19103F-16F7-4668-BE54-9A1E7A4F7556}") = "L.02.MatchPhoneNumberModV5", "L.02.MatchPhoneNumberModV5\L.02.MatchPhoneNumberModV5.csproj", "{BD41FEE8-E402-462A-971B-082A19595396}"
EndProject
Project("{9A19103F-16F7-4668-BE54-9A1E7A4F7556}") = "L.03.MatchDates", "L.03.MatchDates\L.03.MatchDates.csproj", "{55B819DE-06CA-4D71-A237-7C050414CF8B}"
EndProject
Project("{9A19103F-16F7-4668-BE54-9A1E7A4F7556}") = "L.03.MatchDatesModV1", "L.03.MatchDatesModV1\L.03.MatchDatesModV1.csproj", "{EE8235ED-6020-494B-9598-7ACC3F68F791}"
EndProject
Project("{9A19103F-16F7-4668-BE54-9A1E7A4F7556}") = "Ex.01.Furniture", "Ex.01.Furniture\Ex.01.Furniture.csproj", "{1FE30D52-B7BC-49D5-9647-0EC742CE3199}"
EndProject
Project("{9A19103F-16F7-4668-BE54-9A1E7A4F7556}") = "Ex.02.Race", "Ex.02.Race\Ex.02.Race.csproj", "{106EDDB2-AF7F-4FA5-BE17-8E0B91828AC2}"
EndProject
Project("{9A19103F-16F7-4668-BE54-9A1E7A4F7556}") = "Ex.03.SoftUniBarIncome", "Ex.03.SoftUniBarIncome\Ex.03.SoftUniBarIncome.csproj", "{07FE4896-5F4C-4B6C-BF0D-506538BB08AC}"
EndProject
Project("{FAE04EC0-301F-11D3-BF4B-00C04F79EFBC}") = "Ex.03.SoftUniBarIncomeModV1", "Ex.03.SoftUniBarIncomeModV1\Ex.03.SoftUniBarIncomeModV1.csproj", "{414EE6D5-5AD6-467A-99E6-F8E0099E057A}"
EndProject
Global
	GlobalSection(SolutionConfigurationPlatforms) = preSolution
		Debug|Any CPU = Debug|Any CPU
		Release|Any CPU = Release|Any CPU
	EndGlobalSection
	GlobalSection(ProjectConfigurationPlatforms) = postSolution
		{37CADA86-EA2E-4147-BEFB-D38F2DDB955F}.Debug|Any CPU.ActiveCfg = Debug|Any CPU
		{37CADA86-EA2E-4147-BEFB-D38F2DDB955F}.Debug|Any CPU.Build.0 = Debug|Any CPU
		{37CADA86-EA2E-4147-BEFB-D38F2DDB955F}.Release|Any CPU.ActiveCfg = Release|Any CPU
		{37CADA86-EA2E-4147-BEFB-D38F2DDB955F}.Release|Any CPU.Build.0 = Release|Any CPU
		{9D49D620-674D-45FD-B91F-4677AFBDBF03}.Debug|Any CPU.ActiveCfg = Debug|Any CPU
		{9D49D620-674D-45FD-B91F-4677AFBDBF03}.Debug|Any CPU.Build.0 = Debug|Any CPU
		{9D49D620-674D-45FD-B91F-4677AFBDBF03}.Release|Any CPU.ActiveCfg = Release|Any CPU
		{9D49D620-674D-45FD-B91F-4677AFBDBF03}.Release|Any CPU.Build.0 = Release|Any CPU
		{A197825D-CC09-4CB7-81DC-E6B45709ED19}.Debug|Any CPU.ActiveCfg = Debug|Any CPU
		{A197825D-CC09-4CB7-81DC-E6B45709ED19}.Debug|Any CPU.Build.0 = Debug|Any CPU
		{A197825D-CC09-4CB7-81DC-E6B45709ED19}.Release|Any CPU.ActiveCfg = Release|Any CPU
		{A197825D-CC09-4CB7-81DC-E6B45709ED19}.Release|Any CPU.Build.0 = Release|Any CPU
		{5550E567-4CB7-4B9B-B8F0-A8A048957190}.Debug|Any CPU.ActiveCfg = Debug|Any CPU
		{5550E567-4CB7-4B9B-B8F0-A8A048957190}.Debug|Any CPU.Build.0 = Debug|Any CPU
		{5550E567-4CB7-4B9B-B8F0-A8A048957190}.Release|Any CPU.ActiveCfg = Release|Any CPU
		{5550E567-4CB7-4B9B-B8F0-A8A048957190}.Release|Any CPU.Build.0 = Release|Any CPU
		{69C963B3-CBE7-461B-8A36-DE8D2DDFAC4B}.Debug|Any CPU.ActiveCfg = Debug|Any CPU
		{69C963B3-CBE7-461B-8A36-DE8D2DDFAC4B}.Debug|Any CPU.Build.0 = Debug|Any CPU
		{69C963B3-CBE7-461B-8A36-DE8D2DDFAC4B}.Release|Any CPU.ActiveCfg = Release|Any CPU
		{69C963B3-CBE7-461B-8A36-DE8D2DDFAC4B}.Release|Any CPU.Build.0 = Release|Any CPU
		{F859AC55-60B3-4E95-A853-E2C4188BD159}.Debug|Any CPU.ActiveCfg = Debug|Any CPU
		{F859AC55-60B3-4E95-A853-E2C4188BD159}.Debug|Any CPU.Build.0 = Debug|Any CPU
		{F859AC55-60B3-4E95-A853-E2C4188BD159}.Release|Any CPU.ActiveCfg = Release|Any CPU
		{F859AC55-60B3-4E95-A853-E2C4188BD159}.Release|Any CPU.Build.0 = Release|Any CPU
		{3BABA3EA-0070-41DB-B71A-6AB313C7156A}.Debug|Any CPU.ActiveCfg = Debug|Any CPU
		{3BABA3EA-0070-41DB-B71A-6AB313C7156A}.Debug|Any CPU.Build.0 = Debug|Any CPU
		{3BABA3EA-0070-41DB-B71A-6AB313C7156A}.Release|Any CPU.ActiveCfg = Release|Any CPU
		{3BABA3EA-0070-41DB-B71A-6AB313C7156A}.Release|Any CPU.Build.0 = Release|Any CPU
		{39E6A733-D026-4E45-9AE8-DEFB5977F58E}.Debug|Any CPU.ActiveCfg = Debug|Any CPU
		{39E6A733-D026-4E45-9AE8-DEFB5977F58E}.Debug|Any CPU.Build.0 = Debug|Any CPU
		{39E6A733-D026-4E45-9AE8-DEFB5977F58E}.Release|Any CPU.ActiveCfg = Release|Any CPU
		{39E6A733-D026-4E45-9AE8-DEFB5977F58E}.Release|Any CPU.Build.0 = Release|Any CPU
		{BD41FEE8-E402-462A-971B-082A19595396}.Debug|Any CPU.ActiveCfg = Debug|Any CPU
		{BD41FEE8-E402-462A-971B-082A19595396}.Debug|Any CPU.Build.0 = Debug|Any CPU
		{BD41FEE8-E402-462A-971B-082A19595396}.Release|Any CPU.ActiveCfg = Release|Any CPU
		{BD41FEE8-E402-462A-971B-082A19595396}.Release|Any CPU.Build.0 = Release|Any CPU
		{55B819DE-06CA-4D71-A237-7C050414CF8B}.Debug|Any CPU.ActiveCfg = Debug|Any CPU
		{55B819DE-06CA-4D71-A237-7C050414CF8B}.Debug|Any CPU.Build.0 = Debug|Any CPU
		{55B819DE-06CA-4D71-A237-7C050414CF8B}.Release|Any CPU.ActiveCfg = Release|Any CPU
		{55B819DE-06CA-4D71-A237-7C050414CF8B}.Release|Any CPU.Build.0 = Release|Any CPU
		{EE8235ED-6020-494B-9598-7ACC3F68F791}.Debug|Any CPU.ActiveCfg = Debug|Any CPU
		{EE8235ED-6020-494B-9598-7ACC3F68F791}.Debug|Any CPU.Build.0 = Debug|Any CPU
		{EE8235ED-6020-494B-9598-7ACC3F68F791}.Release|Any CPU.ActiveCfg = Release|Any CPU
		{EE8235ED-6020-494B-9598-7ACC3F68F791}.Release|Any CPU.Build.0 = Release|Any CPU
		{1FE30D52-B7BC-49D5-9647-0EC742CE3199}.Debug|Any CPU.ActiveCfg = Debug|Any CPU
		{1FE30D52-B7BC-49D5-9647-0EC742CE3199}.Debug|Any CPU.Build.0 = Debug|Any CPU
		{1FE30D52-B7BC-49D5-9647-0EC742CE3199}.Release|Any CPU.ActiveCfg = Release|Any CPU
		{1FE30D52-B7BC-49D5-9647-0EC742CE3199}.Release|Any CPU.Build.0 = Release|Any CPU
		{106EDDB2-AF7F-4FA5-BE17-8E0B91828AC2}.Debug|Any CPU.ActiveCfg = Debug|Any CPU
		{106EDDB2-AF7F-4FA5-BE17-8E0B91828AC2}.Debug|Any CPU.Build.0 = Debug|Any CPU
		{106EDDB2-AF7F-4FA5-BE17-8E0B91828AC2}.Release|Any CPU.ActiveCfg = Release|Any CPU
		{106EDDB2-AF7F-4FA5-BE17-8E0B91828AC2}.Release|Any CPU.Build.0 = Release|Any CPU
		{07FE4896-5F4C-4B6C-BF0D-506538BB08AC}.Debug|Any CPU.ActiveCfg = Debug|Any CPU
		{07FE4896-5F4C-4B6C-BF0D-506538BB08AC}.Debug|Any CPU.Build.0 = Debug|Any CPU
		{07FE4896-5F4C-4B6C-BF0D-506538BB08AC}.Release|Any CPU.ActiveCfg = Release|Any CPU
		{07FE4896-5F4C-4B6C-BF0D-506538BB08AC}.Release|Any CPU.Build.0 = Release|Any CPU
		{414EE6D5-5AD6-467A-99E6-F8E0099E057A}.Debug|Any CPU.ActiveCfg = Debug|Any CPU
		{414EE6D5-5AD6-467A-99E6-F8E0099E057A}.Debug|Any CPU.Build.0 = Debug|Any CPU
		{414EE6D5-5AD6-467A-99E6-F8E0099E057A}.Release|Any CPU.ActiveCfg = Release|Any CPU
		{414EE6D5-5AD6-467A-99E6-F8E0099E057A}.Release|Any CPU.Build.0 = Release|Any CPU
	EndGlobalSection
	GlobalSection(SolutionProperties) = preSolution
		HideSolutionNode = FALSE
	EndGlobalSection
	GlobalSection(ExtensibilityGlobals) = postSolution
		SolutionGuid = {432E144B-DD85-4E71-BEC0-E3394DD6A4A7}
	EndGlobalSection
EndGlobal
