
Microsoft Visual Studio Solution File, Format Version 12.00
# Visual Studio Version 17
VisualStudioVersion = 17.4.33213.308
MinimumVisualStudioVersion = 10.0.40219.1
Project("{FAE04EC0-301F-11D3-BF4B-00C04F79EFBC}") = "DefiningClassesTesting", "DefiningClassesTesting\DefiningClassesTesting.csproj", "{8BC3711D-E7BF-4FB9-8A27-C01BF2871959}"
EndProject
Global
	GlobalSection(SolutionConfigurationPlatforms) = preSolution
		Debug|Any CPU = Debug|Any CPU
		Release|Any CPU = Release|Any CPU
	EndGlobalSection
	GlobalSection(ProjectConfigurationPlatforms) = postSolution
		{8BC3711D-E7BF-4FB9-8A27-C01BF2871959}.Debug|Any CPU.ActiveCfg = Debug|Any CPU
		{8BC3711D-E7BF-4FB9-8A27-C01BF2871959}.Debug|Any CPU.Build.0 = Debug|Any CPU
		{8BC3711D-E7BF-4FB9-8A27-C01BF2871959}.Release|Any CPU.ActiveCfg = Release|Any CPU
		{8BC3711D-E7BF-4FB9-8A27-C01BF2871959}.Release|Any CPU.Build.0 = Release|Any CPU
	EndGlobalSection
	GlobalSection(SolutionProperties) = preSolution
		HideSolutionNode = FALSE
	EndGlobalSection
	GlobalSection(ExtensibilityGlobals) = postSolution
		SolutionGuid = {FC8CB493-1E53-4BD1-BB89-20E5AAA503C3}
	EndGlobalSection
EndGlobal
