
Microsoft Visual Studio Solution File, Format Version 12.00
# Visual Studio Version 17
VisualStudioVersion = 17.4.33213.308
MinimumVisualStudioVersion = 10.0.40219.1
Project("{9A19103F-16F7-4668-BE54-9A1E7A4F7556}") = "Lab.01.SortEvenNumbers", "Lab.01.SortEvenNumbers\Lab.01.SortEvenNumbers.csproj", "{C0D5B620-DEE7-4083-843E-D31B6B228132}"
EndProject
Project("{9A19103F-16F7-4668-BE54-9A1E7A4F7556}") = "Lab.02.SumNumbers", "Lab.02.SumNumbers\Lab.02.SumNumbers.csproj", "{4758C5D3-426D-41C5-8788-963FA32D5D52}"
EndProject
Project("{9A19103F-16F7-4668-BE54-9A1E7A4F7556}") = "Lab.03.CountUppercaseWords", "Lab.03.CountUppercaseWords\Lab.03.CountUppercaseWords.csproj", "{B501301F-BA15-438F-8F54-879AD76D6A82}"
EndProject
Project("{9A19103F-16F7-4668-BE54-9A1E7A4F7556}") = "Lab.04.AddVAT", "Lab.04.AddVAT\Lab.04.AddVAT.csproj", "{10A10E26-3ADE-42EF-8C07-75A11E62F985}"
EndProject
Project("{9A19103F-16F7-4668-BE54-9A1E7A4F7556}") = "Lab.05.FilterByAge", "Lab.05.FilterByAge\Lab.05.FilterByAge.csproj", "{11910D33-00B9-4AE2-B425-980B9B6A2BF7}"
EndProject
Project("{9A19103F-16F7-4668-BE54-9A1E7A4F7556}") = "Lab.05.FilterByAgeModV1", "Lab.05.FilterByAgeModV1\Lab.05.FilterByAgeModV1.csproj", "{F0069D6D-6344-43F0-A735-D6D5178B5903}"
EndProject
Project("{9A19103F-16F7-4668-BE54-9A1E7A4F7556}") = "Ex.01.ActionPrint", "Ex.01.ActionPrint\Ex.01.ActionPrint.csproj", "{A309FA08-271F-481B-BEBD-34CD71140C31}"
EndProject
Project("{FAE04EC0-301F-11D3-BF4B-00C04F79EFBC}") = "Ex.02.KnightsOfHonor", "Ex.02.KnightsOfHonor\Ex.02.KnightsOfHonor.csproj", "{F367547D-7303-4020-9E37-8E275FEC1FC9}"
EndProject
Global
	GlobalSection(SolutionConfigurationPlatforms) = preSolution
		Debug|Any CPU = Debug|Any CPU
		Release|Any CPU = Release|Any CPU
	EndGlobalSection
	GlobalSection(ProjectConfigurationPlatforms) = postSolution
		{C0D5B620-DEE7-4083-843E-D31B6B228132}.Debug|Any CPU.ActiveCfg = Debug|Any CPU
		{C0D5B620-DEE7-4083-843E-D31B6B228132}.Debug|Any CPU.Build.0 = Debug|Any CPU
		{C0D5B620-DEE7-4083-843E-D31B6B228132}.Release|Any CPU.ActiveCfg = Release|Any CPU
		{C0D5B620-DEE7-4083-843E-D31B6B228132}.Release|Any CPU.Build.0 = Release|Any CPU
		{4758C5D3-426D-41C5-8788-963FA32D5D52}.Debug|Any CPU.ActiveCfg = Debug|Any CPU
		{4758C5D3-426D-41C5-8788-963FA32D5D52}.Debug|Any CPU.Build.0 = Debug|Any CPU
		{4758C5D3-426D-41C5-8788-963FA32D5D52}.Release|Any CPU.ActiveCfg = Release|Any CPU
		{4758C5D3-426D-41C5-8788-963FA32D5D52}.Release|Any CPU.Build.0 = Release|Any CPU
		{B501301F-BA15-438F-8F54-879AD76D6A82}.Debug|Any CPU.ActiveCfg = Debug|Any CPU
		{B501301F-BA15-438F-8F54-879AD76D6A82}.Debug|Any CPU.Build.0 = Debug|Any CPU
		{B501301F-BA15-438F-8F54-879AD76D6A82}.Release|Any CPU.ActiveCfg = Release|Any CPU
		{B501301F-BA15-438F-8F54-879AD76D6A82}.Release|Any CPU.Build.0 = Release|Any CPU
		{10A10E26-3ADE-42EF-8C07-75A11E62F985}.Debug|Any CPU.ActiveCfg = Debug|Any CPU
		{10A10E26-3ADE-42EF-8C07-75A11E62F985}.Debug|Any CPU.Build.0 = Debug|Any CPU
		{10A10E26-3ADE-42EF-8C07-75A11E62F985}.Release|Any CPU.ActiveCfg = Release|Any CPU
		{10A10E26-3ADE-42EF-8C07-75A11E62F985}.Release|Any CPU.Build.0 = Release|Any CPU
		{11910D33-00B9-4AE2-B425-980B9B6A2BF7}.Debug|Any CPU.ActiveCfg = Debug|Any CPU
		{11910D33-00B9-4AE2-B425-980B9B6A2BF7}.Debug|Any CPU.Build.0 = Debug|Any CPU
		{11910D33-00B9-4AE2-B425-980B9B6A2BF7}.Release|Any CPU.ActiveCfg = Release|Any CPU
		{11910D33-00B9-4AE2-B425-980B9B6A2BF7}.Release|Any CPU.Build.0 = Release|Any CPU
		{F0069D6D-6344-43F0-A735-D6D5178B5903}.Debug|Any CPU.ActiveCfg = Debug|Any CPU
		{F0069D6D-6344-43F0-A735-D6D5178B5903}.Debug|Any CPU.Build.0 = Debug|Any CPU
		{F0069D6D-6344-43F0-A735-D6D5178B5903}.Release|Any CPU.ActiveCfg = Release|Any CPU
		{F0069D6D-6344-43F0-A735-D6D5178B5903}.Release|Any CPU.Build.0 = Release|Any CPU
		{A309FA08-271F-481B-BEBD-34CD71140C31}.Debug|Any CPU.ActiveCfg = Debug|Any CPU
		{A309FA08-271F-481B-BEBD-34CD71140C31}.Debug|Any CPU.Build.0 = Debug|Any CPU
		{A309FA08-271F-481B-BEBD-34CD71140C31}.Release|Any CPU.ActiveCfg = Release|Any CPU
		{A309FA08-271F-481B-BEBD-34CD71140C31}.Release|Any CPU.Build.0 = Release|Any CPU
		{F367547D-7303-4020-9E37-8E275FEC1FC9}.Debug|Any CPU.ActiveCfg = Debug|Any CPU
		{F367547D-7303-4020-9E37-8E275FEC1FC9}.Debug|Any CPU.Build.0 = Debug|Any CPU
		{F367547D-7303-4020-9E37-8E275FEC1FC9}.Release|Any CPU.ActiveCfg = Release|Any CPU
		{F367547D-7303-4020-9E37-8E275FEC1FC9}.Release|Any CPU.Build.0 = Release|Any CPU
	EndGlobalSection
	GlobalSection(SolutionProperties) = preSolution
		HideSolutionNode = FALSE
	EndGlobalSection
	GlobalSection(ExtensibilityGlobals) = postSolution
		SolutionGuid = {0F49BBFF-265B-4F21-AEBF-D24547166F38}
	EndGlobalSection
EndGlobal
