
Microsoft Visual Studio Solution File, Format Version 12.00
# Visual Studio Version 17
VisualStudioVersion = 17.4.33213.308
MinimumVisualStudioVersion = 10.0.40219.1
Project("{9A19103F-16F7-4668-BE54-9A1E7A4F7556}") = "Lab.01.SortEvenNumbers", "Lab.01.SortEvenNumbers\Lab.01.SortEvenNumbers.csproj", "{C0D5B620-DEE7-4083-843E-D31B6B228132}"
EndProject
Project("{9A19103F-16F7-4668-BE54-9A1E7A4F7556}") = "Lab.02.SumNumbers", "Lab.02.SumNumbers\Lab.02.SumNumbers.csproj", "{4758C5D3-426D-41C5-8788-963FA32D5D52}"
EndProject
Project("{9A19103F-16F7-4668-BE54-9A1E7A4F7556}") = "Lab.03.CountUppercaseWords", "Lab.03.CountUppercaseWords\Lab.03.CountUppercaseWords.csproj", "{B501301F-BA15-438F-8F54-879AD76D6A82}"
EndProject
Project("{9A19103F-16F7-4668-BE54-9A1E7A4F7556}") = "Lab.04.AddVAT", "Lab.04.AddVAT\Lab.04.AddVAT.csproj", "{10A10E26-3ADE-42EF-8C07-75A11E62F985}"
EndProject
Project("{9A19103F-16F7-4668-BE54-9A1E7A4F7556}") = "Lab.05.FilterByAge", "Lab.05.FilterByAge\Lab.05.FilterByAge.csproj", "{11910D33-00B9-4AE2-B425-980B9B6A2BF7}"
EndProject
Project("{9A19103F-16F7-4668-BE54-9A1E7A4F7556}") = "Lab.05.FilterByAgeModV1", "Lab.05.FilterByAgeModV1\Lab.05.FilterByAgeModV1.csproj", "{F0069D6D-6344-43F0-A735-D6D5178B5903}"
EndProject
Project("{9A19103F-16F7-4668-BE54-9A1E7A4F7556}") = "Ex.01.ActionPrint", "Ex.01.ActionPrint\Ex.01.ActionPrint.csproj", "{A309FA08-271F-481B-BEBD-34CD71140C31}"
EndProject
Project("{9A19103F-16F7-4668-BE54-9A1E7A4F7556}") = "Ex.03.CustomMinFunction", "Ex.03.CustomMinFunction\Ex.03.CustomMinFunction.csproj", "{FCE816FB-8A35-49C5-8E10-8F29882F9EDC}"
EndProject
Project("{9A19103F-16F7-4668-BE54-9A1E7A4F7556}") = "Ex.02.KnightsOfHonor", "Ex.02.KnightsOfHonor\Ex.02.KnightsOfHonor.csproj", "{5CAA7569-DE63-4B6A-8B24-CD1DFD6CF410}"
EndProject
Project("{9A19103F-16F7-4668-BE54-9A1E7A4F7556}") = "Ex.04.FindEvensOrOdds", "Ex.04.FindEvensOrOdds\Ex.04.FindEvensOrOdds.csproj", "{0CDE7E30-64E8-4D4F-B9BF-8713DA56CFA0}"
EndProject
Project("{9A19103F-16F7-4668-BE54-9A1E7A4F7556}") = "Ex.04.FindEvensOrOddsV1", "Ex.04.FindEvensOrOddsV1\Ex.04.FindEvensOrOddsV1.csproj", "{7598C403-C23C-4DFF-B3BF-A10E6178ED34}"
EndProject
Project("{9A19103F-16F7-4668-BE54-9A1E7A4F7556}") = "Ex.04.FindEvensOrOddsV2", "Ex.04.FindEvensOrOddsV2\Ex.04.FindEvensOrOddsV2.csproj", "{22D348FB-F159-4313-95E3-602B6F8454B8}"
EndProject
Project("{9A19103F-16F7-4668-BE54-9A1E7A4F7556}") = "Ex.05.AppliedArithmetics", "Ex.05.AppliedArithmetics\Ex.05.AppliedArithmetics.csproj", "{80EB37F0-94FE-41D8-B80F-F619C7C6927B}"
EndProject
Project("{9A19103F-16F7-4668-BE54-9A1E7A4F7556}") = "Ex.05.AppliedArithmeticsV1", "Ex.05.AppliedArithmeticsV1\Ex.05.AppliedArithmeticsV1.csproj", "{A88E3225-5D22-475F-93BE-A493B7C4546B}"
EndProject
Project("{FAE04EC0-301F-11D3-BF4B-00C04F79EFBC}") = "Ex.06.ReverseAndExclude", "Ex.06.ReverseAndExclude\Ex.06.ReverseAndExclude.csproj", "{76D0A4CC-2586-4E68-B4B0-3799B7B31788}"
EndProject
Global
	GlobalSection(SolutionConfigurationPlatforms) = preSolution
		Debug|Any CPU = Debug|Any CPU
		Release|Any CPU = Release|Any CPU
	EndGlobalSection
	GlobalSection(ProjectConfigurationPlatforms) = postSolution
		{C0D5B620-DEE7-4083-843E-D31B6B228132}.Debug|Any CPU.ActiveCfg = Debug|Any CPU
		{C0D5B620-DEE7-4083-843E-D31B6B228132}.Debug|Any CPU.Build.0 = Debug|Any CPU
		{C0D5B620-DEE7-4083-843E-D31B6B228132}.Release|Any CPU.ActiveCfg = Release|Any CPU
		{C0D5B620-DEE7-4083-843E-D31B6B228132}.Release|Any CPU.Build.0 = Release|Any CPU
		{4758C5D3-426D-41C5-8788-963FA32D5D52}.Debug|Any CPU.ActiveCfg = Debug|Any CPU
		{4758C5D3-426D-41C5-8788-963FA32D5D52}.Debug|Any CPU.Build.0 = Debug|Any CPU
		{4758C5D3-426D-41C5-8788-963FA32D5D52}.Release|Any CPU.ActiveCfg = Release|Any CPU
		{4758C5D3-426D-41C5-8788-963FA32D5D52}.Release|Any CPU.Build.0 = Release|Any CPU
		{B501301F-BA15-438F-8F54-879AD76D6A82}.Debug|Any CPU.ActiveCfg = Debug|Any CPU
		{B501301F-BA15-438F-8F54-879AD76D6A82}.Debug|Any CPU.Build.0 = Debug|Any CPU
		{B501301F-BA15-438F-8F54-879AD76D6A82}.Release|Any CPU.ActiveCfg = Release|Any CPU
		{B501301F-BA15-438F-8F54-879AD76D6A82}.Release|Any CPU.Build.0 = Release|Any CPU
		{10A10E26-3ADE-42EF-8C07-75A11E62F985}.Debug|Any CPU.ActiveCfg = Debug|Any CPU
		{10A10E26-3ADE-42EF-8C07-75A11E62F985}.Debug|Any CPU.Build.0 = Debug|Any CPU
		{10A10E26-3ADE-42EF-8C07-75A11E62F985}.Release|Any CPU.ActiveCfg = Release|Any CPU
		{10A10E26-3ADE-42EF-8C07-75A11E62F985}.Release|Any CPU.Build.0 = Release|Any CPU
		{11910D33-00B9-4AE2-B425-980B9B6A2BF7}.Debug|Any CPU.ActiveCfg = Debug|Any CPU
		{11910D33-00B9-4AE2-B425-980B9B6A2BF7}.Debug|Any CPU.Build.0 = Debug|Any CPU
		{11910D33-00B9-4AE2-B425-980B9B6A2BF7}.Release|Any CPU.ActiveCfg = Release|Any CPU
		{11910D33-00B9-4AE2-B425-980B9B6A2BF7}.Release|Any CPU.Build.0 = Release|Any CPU
		{F0069D6D-6344-43F0-A735-D6D5178B5903}.Debug|Any CPU.ActiveCfg = Debug|Any CPU
		{F0069D6D-6344-43F0-A735-D6D5178B5903}.Debug|Any CPU.Build.0 = Debug|Any CPU
		{F0069D6D-6344-43F0-A735-D6D5178B5903}.Release|Any CPU.ActiveCfg = Release|Any CPU
		{F0069D6D-6344-43F0-A735-D6D5178B5903}.Release|Any CPU.Build.0 = Release|Any CPU
		{A309FA08-271F-481B-BEBD-34CD71140C31}.Debug|Any CPU.ActiveCfg = Debug|Any CPU
		{A309FA08-271F-481B-BEBD-34CD71140C31}.Debug|Any CPU.Build.0 = Debug|Any CPU
		{A309FA08-271F-481B-BEBD-34CD71140C31}.Release|Any CPU.ActiveCfg = Release|Any CPU
		{A309FA08-271F-481B-BEBD-34CD71140C31}.Release|Any CPU.Build.0 = Release|Any CPU
		{FCE816FB-8A35-49C5-8E10-8F29882F9EDC}.Debug|Any CPU.ActiveCfg = Debug|Any CPU
		{FCE816FB-8A35-49C5-8E10-8F29882F9EDC}.Debug|Any CPU.Build.0 = Debug|Any CPU
		{FCE816FB-8A35-49C5-8E10-8F29882F9EDC}.Release|Any CPU.ActiveCfg = Release|Any CPU
		{FCE816FB-8A35-49C5-8E10-8F29882F9EDC}.Release|Any CPU.Build.0 = Release|Any CPU
		{5CAA7569-DE63-4B6A-8B24-CD1DFD6CF410}.Debug|Any CPU.ActiveCfg = Debug|Any CPU
		{5CAA7569-DE63-4B6A-8B24-CD1DFD6CF410}.Debug|Any CPU.Build.0 = Debug|Any CPU
		{5CAA7569-DE63-4B6A-8B24-CD1DFD6CF410}.Release|Any CPU.ActiveCfg = Release|Any CPU
		{5CAA7569-DE63-4B6A-8B24-CD1DFD6CF410}.Release|Any CPU.Build.0 = Release|Any CPU
		{0CDE7E30-64E8-4D4F-B9BF-8713DA56CFA0}.Debug|Any CPU.ActiveCfg = Debug|Any CPU
		{0CDE7E30-64E8-4D4F-B9BF-8713DA56CFA0}.Debug|Any CPU.Build.0 = Debug|Any CPU
		{0CDE7E30-64E8-4D4F-B9BF-8713DA56CFA0}.Release|Any CPU.ActiveCfg = Release|Any CPU
		{0CDE7E30-64E8-4D4F-B9BF-8713DA56CFA0}.Release|Any CPU.Build.0 = Release|Any CPU
		{7598C403-C23C-4DFF-B3BF-A10E6178ED34}.Debug|Any CPU.ActiveCfg = Debug|Any CPU
		{7598C403-C23C-4DFF-B3BF-A10E6178ED34}.Debug|Any CPU.Build.0 = Debug|Any CPU
		{7598C403-C23C-4DFF-B3BF-A10E6178ED34}.Release|Any CPU.ActiveCfg = Release|Any CPU
		{7598C403-C23C-4DFF-B3BF-A10E6178ED34}.Release|Any CPU.Build.0 = Release|Any CPU
		{22D348FB-F159-4313-95E3-602B6F8454B8}.Debug|Any CPU.ActiveCfg = Debug|Any CPU
		{22D348FB-F159-4313-95E3-602B6F8454B8}.Debug|Any CPU.Build.0 = Debug|Any CPU
		{22D348FB-F159-4313-95E3-602B6F8454B8}.Release|Any CPU.ActiveCfg = Release|Any CPU
		{22D348FB-F159-4313-95E3-602B6F8454B8}.Release|Any CPU.Build.0 = Release|Any CPU
		{80EB37F0-94FE-41D8-B80F-F619C7C6927B}.Debug|Any CPU.ActiveCfg = Debug|Any CPU
		{80EB37F0-94FE-41D8-B80F-F619C7C6927B}.Debug|Any CPU.Build.0 = Debug|Any CPU
		{80EB37F0-94FE-41D8-B80F-F619C7C6927B}.Release|Any CPU.ActiveCfg = Release|Any CPU
		{80EB37F0-94FE-41D8-B80F-F619C7C6927B}.Release|Any CPU.Build.0 = Release|Any CPU
		{A88E3225-5D22-475F-93BE-A493B7C4546B}.Debug|Any CPU.ActiveCfg = Debug|Any CPU
		{A88E3225-5D22-475F-93BE-A493B7C4546B}.Debug|Any CPU.Build.0 = Debug|Any CPU
		{A88E3225-5D22-475F-93BE-A493B7C4546B}.Release|Any CPU.ActiveCfg = Release|Any CPU
		{A88E3225-5D22-475F-93BE-A493B7C4546B}.Release|Any CPU.Build.0 = Release|Any CPU
		{76D0A4CC-2586-4E68-B4B0-3799B7B31788}.Debug|Any CPU.ActiveCfg = Debug|Any CPU
		{76D0A4CC-2586-4E68-B4B0-3799B7B31788}.Debug|Any CPU.Build.0 = Debug|Any CPU
		{76D0A4CC-2586-4E68-B4B0-3799B7B31788}.Release|Any CPU.ActiveCfg = Release|Any CPU
		{76D0A4CC-2586-4E68-B4B0-3799B7B31788}.Release|Any CPU.Build.0 = Release|Any CPU
	EndGlobalSection
	GlobalSection(SolutionProperties) = preSolution
		HideSolutionNode = FALSE
	EndGlobalSection
	GlobalSection(ExtensibilityGlobals) = postSolution
		SolutionGuid = {0F49BBFF-265B-4F21-AEBF-D24547166F38}
	EndGlobalSection
EndGlobal
