
Microsoft Visual Studio Solution File, Format Version 12.00
# Visual Studio Version 16
VisualStudioVersion = 16.0.31424.327
MinimumVisualStudioVersion = 10.0.40219.1
Project("{9A19103F-16F7-4668-BE54-9A1E7A4F7556}") = "Lab.01.ReadText", "Lab.01.ReadText\Lab.01.ReadText.csproj", "{FB7BA028-3547-44A3-B5A7-8D27575C78CE}"
EndProject
Project("{9A19103F-16F7-4668-BE54-9A1E7A4F7556}") = "Lab.02.Password", "Lab.02.Password\Lab.02.Password.csproj", "{CB5F7E6C-1B89-4B97-A052-8B1D529BF69B}"
EndProject
Project("{9A19103F-16F7-4668-BE54-9A1E7A4F7556}") = "Lab.03.SumNumbers", "Lab.03.SumNumbers\Lab.03.SumNumbers.csproj", "{BB26EBA7-E1D1-4C1E-87BB-8E69FF4EB0B7}"
EndProject
Project("{9A19103F-16F7-4668-BE54-9A1E7A4F7556}") = "Lab.04.Sequence2k+1", "Lab.04.Sequence2k+1\Lab.04.Sequence2k+1.csproj", "{84BAA478-ABED-441C-9265-D29088B645F0}"
EndProject
Project("{9A19103F-16F7-4668-BE54-9A1E7A4F7556}") = "Lab.05.AccountBalance", "Lab.05.AccountBalance\Lab.05.AccountBalance.csproj", "{D2534EFA-6795-4157-B49E-66338AAB33CF}"
EndProject
Project("{9A19103F-16F7-4668-BE54-9A1E7A4F7556}") = "Lab.06.MaxNumber", "Lab.06.MaxNumber\Lab.06.MaxNumber.csproj", "{485588A3-93BE-4555-842B-B460903D4A00}"
EndProject
Project("{9A19103F-16F7-4668-BE54-9A1E7A4F7556}") = "Lab.07.MinNumber", "Lab.07.MinNumber\Lab.07.MinNumber.csproj", "{F6094643-30E5-4F6A-822A-0E4B384807CF}"
EndProject
Project("{FAE04EC0-301F-11D3-BF4B-00C04F79EFBC}") = "Lab.08.GraduationPt.2", "Lab.08.GraduationPt.2\Lab.08.GraduationPt.2.csproj", "{4995E72F-2700-493A-94B5-849406AE14FE}"
EndProject
Project("{FAE04EC0-301F-11D3-BF4B-00C04F79EFBC}") = "Lab.09.Moving", "Lab.09.Moving\Lab.09.Moving.csproj", "{E9488269-91F4-43D0-A6D2-F092003FC2B0}"
EndProject
Project("{FAE04EC0-301F-11D3-BF4B-00C04F79EFBC}") = "Ex.01.OldBooks", "Ex.01.OldBooks\Ex.01.OldBooks.csproj", "{3B20E45D-AB80-469A-8781-BE4B427EACEF}"
EndProject
Project("{FAE04EC0-301F-11D3-BF4B-00C04F79EFBC}") = "Ex.01.OldBooksModV1", "Ex.01.OldBooksModV1\Ex.01.OldBooksModV1.csproj", "{7EABEFF5-05F2-426A-82B9-A2806D71E007}"
EndProject
Global
	GlobalSection(SolutionConfigurationPlatforms) = preSolution
		Debug|Any CPU = Debug|Any CPU
		Release|Any CPU = Release|Any CPU
	EndGlobalSection
	GlobalSection(ProjectConfigurationPlatforms) = postSolution
		{FB7BA028-3547-44A3-B5A7-8D27575C78CE}.Debug|Any CPU.ActiveCfg = Debug|Any CPU
		{FB7BA028-3547-44A3-B5A7-8D27575C78CE}.Debug|Any CPU.Build.0 = Debug|Any CPU
		{FB7BA028-3547-44A3-B5A7-8D27575C78CE}.Release|Any CPU.ActiveCfg = Release|Any CPU
		{FB7BA028-3547-44A3-B5A7-8D27575C78CE}.Release|Any CPU.Build.0 = Release|Any CPU
		{CB5F7E6C-1B89-4B97-A052-8B1D529BF69B}.Debug|Any CPU.ActiveCfg = Debug|Any CPU
		{CB5F7E6C-1B89-4B97-A052-8B1D529BF69B}.Debug|Any CPU.Build.0 = Debug|Any CPU
		{CB5F7E6C-1B89-4B97-A052-8B1D529BF69B}.Release|Any CPU.ActiveCfg = Release|Any CPU
		{CB5F7E6C-1B89-4B97-A052-8B1D529BF69B}.Release|Any CPU.Build.0 = Release|Any CPU
		{BB26EBA7-E1D1-4C1E-87BB-8E69FF4EB0B7}.Debug|Any CPU.ActiveCfg = Debug|Any CPU
		{BB26EBA7-E1D1-4C1E-87BB-8E69FF4EB0B7}.Debug|Any CPU.Build.0 = Debug|Any CPU
		{BB26EBA7-E1D1-4C1E-87BB-8E69FF4EB0B7}.Release|Any CPU.ActiveCfg = Release|Any CPU
		{BB26EBA7-E1D1-4C1E-87BB-8E69FF4EB0B7}.Release|Any CPU.Build.0 = Release|Any CPU
		{84BAA478-ABED-441C-9265-D29088B645F0}.Debug|Any CPU.ActiveCfg = Debug|Any CPU
		{84BAA478-ABED-441C-9265-D29088B645F0}.Debug|Any CPU.Build.0 = Debug|Any CPU
		{84BAA478-ABED-441C-9265-D29088B645F0}.Release|Any CPU.ActiveCfg = Release|Any CPU
		{84BAA478-ABED-441C-9265-D29088B645F0}.Release|Any CPU.Build.0 = Release|Any CPU
		{D2534EFA-6795-4157-B49E-66338AAB33CF}.Debug|Any CPU.ActiveCfg = Debug|Any CPU
		{D2534EFA-6795-4157-B49E-66338AAB33CF}.Debug|Any CPU.Build.0 = Debug|Any CPU
		{D2534EFA-6795-4157-B49E-66338AAB33CF}.Release|Any CPU.ActiveCfg = Release|Any CPU
		{D2534EFA-6795-4157-B49E-66338AAB33CF}.Release|Any CPU.Build.0 = Release|Any CPU
		{485588A3-93BE-4555-842B-B460903D4A00}.Debug|Any CPU.ActiveCfg = Debug|Any CPU
		{485588A3-93BE-4555-842B-B460903D4A00}.Debug|Any CPU.Build.0 = Debug|Any CPU
		{485588A3-93BE-4555-842B-B460903D4A00}.Release|Any CPU.ActiveCfg = Release|Any CPU
		{485588A3-93BE-4555-842B-B460903D4A00}.Release|Any CPU.Build.0 = Release|Any CPU
		{F6094643-30E5-4F6A-822A-0E4B384807CF}.Debug|Any CPU.ActiveCfg = Debug|Any CPU
		{F6094643-30E5-4F6A-822A-0E4B384807CF}.Debug|Any CPU.Build.0 = Debug|Any CPU
		{F6094643-30E5-4F6A-822A-0E4B384807CF}.Release|Any CPU.ActiveCfg = Release|Any CPU
		{F6094643-30E5-4F6A-822A-0E4B384807CF}.Release|Any CPU.Build.0 = Release|Any CPU
		{4995E72F-2700-493A-94B5-849406AE14FE}.Debug|Any CPU.ActiveCfg = Debug|Any CPU
		{4995E72F-2700-493A-94B5-849406AE14FE}.Debug|Any CPU.Build.0 = Debug|Any CPU
		{4995E72F-2700-493A-94B5-849406AE14FE}.Release|Any CPU.ActiveCfg = Release|Any CPU
		{4995E72F-2700-493A-94B5-849406AE14FE}.Release|Any CPU.Build.0 = Release|Any CPU
		{E9488269-91F4-43D0-A6D2-F092003FC2B0}.Debug|Any CPU.ActiveCfg = Debug|Any CPU
		{E9488269-91F4-43D0-A6D2-F092003FC2B0}.Debug|Any CPU.Build.0 = Debug|Any CPU
		{E9488269-91F4-43D0-A6D2-F092003FC2B0}.Release|Any CPU.ActiveCfg = Release|Any CPU
		{E9488269-91F4-43D0-A6D2-F092003FC2B0}.Release|Any CPU.Build.0 = Release|Any CPU
		{3B20E45D-AB80-469A-8781-BE4B427EACEF}.Debug|Any CPU.ActiveCfg = Debug|Any CPU
		{3B20E45D-AB80-469A-8781-BE4B427EACEF}.Debug|Any CPU.Build.0 = Debug|Any CPU
		{3B20E45D-AB80-469A-8781-BE4B427EACEF}.Release|Any CPU.ActiveCfg = Release|Any CPU
		{3B20E45D-AB80-469A-8781-BE4B427EACEF}.Release|Any CPU.Build.0 = Release|Any CPU
		{7EABEFF5-05F2-426A-82B9-A2806D71E007}.Debug|Any CPU.ActiveCfg = Debug|Any CPU
		{7EABEFF5-05F2-426A-82B9-A2806D71E007}.Debug|Any CPU.Build.0 = Debug|Any CPU
		{7EABEFF5-05F2-426A-82B9-A2806D71E007}.Release|Any CPU.ActiveCfg = Release|Any CPU
		{7EABEFF5-05F2-426A-82B9-A2806D71E007}.Release|Any CPU.Build.0 = Release|Any CPU
	EndGlobalSection
	GlobalSection(SolutionProperties) = preSolution
		HideSolutionNode = FALSE
	EndGlobalSection
	GlobalSection(ExtensibilityGlobals) = postSolution
		SolutionGuid = {B198B8DB-F7DF-4C87-A7C5-374927054AD7}
	EndGlobalSection
EndGlobal
