
Microsoft Visual Studio Solution File, Format Version 12.00
# Visual Studio Version 16
VisualStudioVersion = 16.0.31424.327
MinimumVisualStudioVersion = 10.0.40219.1
Project("{FAE04EC0-301F-11D3-BF4B-00C04F79EFBC}") = "Lab.01.ReadText", "Lab.01.ReadText\Lab.01.ReadText.csproj", "{FB7BA028-3547-44A3-B5A7-8D27575C78CE}"
EndProject
Project("{FAE04EC0-301F-11D3-BF4B-00C04F79EFBC}") = "Lab.02.Password", "Lab.02.Password\Lab.02.Password.csproj", "{CB5F7E6C-1B89-4B97-A052-8B1D529BF69B}"
EndProject
Project("{FAE04EC0-301F-11D3-BF4B-00C04F79EFBC}") = "Lab.03.SumNumbers", "Lab.03.SumNumbers\Lab.03.SumNumbers.csproj", "{BB26EBA7-E1D1-4C1E-87BB-8E69FF4EB0B7}"
EndProject
Global
	GlobalSection(SolutionConfigurationPlatforms) = preSolution
		Debug|Any CPU = Debug|Any CPU
		Release|Any CPU = Release|Any CPU
	EndGlobalSection
	GlobalSection(ProjectConfigurationPlatforms) = postSolution
		{FB7BA028-3547-44A3-B5A7-8D27575C78CE}.Debug|Any CPU.ActiveCfg = Debug|Any CPU
		{FB7BA028-3547-44A3-B5A7-8D27575C78CE}.Debug|Any CPU.Build.0 = Debug|Any CPU
		{FB7BA028-3547-44A3-B5A7-8D27575C78CE}.Release|Any CPU.ActiveCfg = Release|Any CPU
		{FB7BA028-3547-44A3-B5A7-8D27575C78CE}.Release|Any CPU.Build.0 = Release|Any CPU
		{CB5F7E6C-1B89-4B97-A052-8B1D529BF69B}.Debug|Any CPU.ActiveCfg = Debug|Any CPU
		{CB5F7E6C-1B89-4B97-A052-8B1D529BF69B}.Debug|Any CPU.Build.0 = Debug|Any CPU
		{CB5F7E6C-1B89-4B97-A052-8B1D529BF69B}.Release|Any CPU.ActiveCfg = Release|Any CPU
		{CB5F7E6C-1B89-4B97-A052-8B1D529BF69B}.Release|Any CPU.Build.0 = Release|Any CPU
		{BB26EBA7-E1D1-4C1E-87BB-8E69FF4EB0B7}.Debug|Any CPU.ActiveCfg = Debug|Any CPU
		{BB26EBA7-E1D1-4C1E-87BB-8E69FF4EB0B7}.Debug|Any CPU.Build.0 = Debug|Any CPU
		{BB26EBA7-E1D1-4C1E-87BB-8E69FF4EB0B7}.Release|Any CPU.ActiveCfg = Release|Any CPU
		{BB26EBA7-E1D1-4C1E-87BB-8E69FF4EB0B7}.Release|Any CPU.Build.0 = Release|Any CPU
	EndGlobalSection
	GlobalSection(SolutionProperties) = preSolution
		HideSolutionNode = FALSE
	EndGlobalSection
	GlobalSection(ExtensibilityGlobals) = postSolution
		SolutionGuid = {B198B8DB-F7DF-4C87-A7C5-374927054AD7}
	EndGlobalSection
EndGlobal
